{
  "version": 4,
  "terraform_version": "1.5.0",
  "serial": 180,
  "lineage": "f48614d9-2319-85a3-664c-18944eed6832",
  "outputs": {
    "nlb_ip": {
      "value": [
        [
          "158.160.103.55"
        ]
      ],
      "type": [
        "list",
        [
          "list",
          "string"
        ]
      ]
    },
    "private_ip-1": {
      "value": "158.160.98.13",
      "type": "string"
    },
    "private_ip-2": {
      "value": "158.160.75.217",
      "type": "string"
    },
    "private_ip-3": {
      "value": "84.201.149.221",
      "type": "string"
    },
    "private_key": {
      "value": "-----BEGIN RSA PRIVATE KEY-----\nMIIEpQIBAAKCAQEA1fCwy4zOEvRCSBiY/98+hsFoGyehhCCG3ini2UHoWp7scH49\njupNliQX1SW+rpZwaIwFFf3siji5LTr+I87NyGenTH4H49BXL4Uj1yLBwqfvU2rB\ndoDzt55C5E/8CSGJnYKDpnZILKJh7kXwojI4MlltICp/iUJTVqit6U/zb7/Brc4i\n4c8r/uuXVI1tsSYtoIhHNjE0VnQyeLBbTA3U9r1NcmOVDF2UgnzI/EzTdLF5qGAF\ncEcftdRcpcaZSuKGZoDnCFnSYEzA8YW1mZtnHmjkB0kkhkv0Btg8YPQTJvgEE/3Y\nRRAop6tOsIjYjMz6iU6lnwNBwAs5rS1bEoTbtQIDAQABAoIBAQDN0lOkYIBZR9kE\nl3WKpPH4ntVTWptPDCP0VIPD1F5/4GlECI+ckNm32l17WGbMfDsEucCi2bnZeJze\nYOTi+jCL3vza4F0i1Osr8oD6lpumc/4RWKFrKsBOJNnh4Plup29Hs6qIWT8ygb6J\nh4vr3zilZ9dOnNQ57y9SLdGyppJjLGuyzKrHaxklYZgbdI+rSHgpqTuYNmHd4SMx\n+UDsjMJ9UAljOaZFMPxxejWa90nGV+Fvovbj0CZk8zUW5te/cgfcNCu8T/gnxBqJ\nSkAuc7XTno97cU0eUimtYUkxemvu+bvng4UOSi8KOMSDPwtuYWiSg+1AORtsyRtJ\nsSCdQm2BAoGBAPO7AC6e9TqxgterLKntYAfEZhCNvjfqgjxRIdtEtgJrGmPugw/V\nJnrit5acaq/yIkL/mNZGuPNb0AhcUwuIERWP3Zp3RL6PLSMeoFW3D2ECxMtLqhew\nSBt/MkOsHNQrY6XVUxZjvpldsvBcth80IwmOnkLKIImVGjgzfqa/P8/xAoGBAOC1\nxvS5QeZBqfNYN/ZpxgUsmCrYSZAVoLxMnfEVaLu5+FRLjHujXhrCVCNjKyXAtRKG\nXJFJqvnYdJAkmcQxGqRi/Cum9+gSlxnTsEjcQQV8RAayeXEPrHwtRVvvsSFvPeOS\nI/AWOAgOU1srIgbFGA9iA0HSLAI6PQWW1V+HbowFAoGBAIwyqx4mLaW/aiYovp5Y\nfv64yIUJI7wCVzve53y7f37QoPOOxTEcSPAy7avi+bOPsombgQzwzX6e94F3qgVe\nFYWzpaMurAp5TVuASHZFwMDq2MygD41kx3WZqw4mOMcK1l0T4qFkasTJkx6UFebJ\nFMZwlTSSFDlP3S8q39WG+WvhAoGBAJ1iE2fhvOsVQIAEYKXAbYXANw+DDvrQexSH\nIPPyh7k7xlbb1xfdUxKw2pcyZMz7TJcd7gWAMDTvSqyORfgoYD2UaoP0XJt5McVQ\nA570TMIXx9lc9Tufu7H5TyPWHByLujACchM8rJ/P0MgAzMMrFe/oONnH5zTkL0sT\n2nwe8ek1AoGAI2hsM2Fnn6CHFmkA02j33m+eIKGa53sP8iH/ptqgZoW+nlIbEBMt\n7mxaiMPmSwy66aDlUbQokpEogwHgxJxR1gP3htknwhm4fDpZfhwM9ZO+9vXb0B3X\npeU/NPOYwYWtR1q4mgRgMtSKrHG3X/hrLaqcwtuZpF5ZqCeUq9Nt5VE=\n-----END RSA PRIVATE KEY-----\n",
      "type": "string",
      "sensitive": true
    },
    "private_ssh_key": {
      "value": "-----BEGIN RSA PRIVATE KEY-----\nMIIEpQIBAAKCAQEA1fCwy4zOEvRCSBiY/98+hsFoGyehhCCG3ini2UHoWp7scH49\njupNliQX1SW+rpZwaIwFFf3siji5LTr+I87NyGenTH4H49BXL4Uj1yLBwqfvU2rB\ndoDzt55C5E/8CSGJnYKDpnZILKJh7kXwojI4MlltICp/iUJTVqit6U/zb7/Brc4i\n4c8r/uuXVI1tsSYtoIhHNjE0VnQyeLBbTA3U9r1NcmOVDF2UgnzI/EzTdLF5qGAF\ncEcftdRcpcaZSuKGZoDnCFnSYEzA8YW1mZtnHmjkB0kkhkv0Btg8YPQTJvgEE/3Y\nRRAop6tOsIjYjMz6iU6lnwNBwAs5rS1bEoTbtQIDAQABAoIBAQDN0lOkYIBZR9kE\nl3WKpPH4ntVTWptPDCP0VIPD1F5/4GlECI+ckNm32l17WGbMfDsEucCi2bnZeJze\nYOTi+jCL3vza4F0i1Osr8oD6lpumc/4RWKFrKsBOJNnh4Plup29Hs6qIWT8ygb6J\nh4vr3zilZ9dOnNQ57y9SLdGyppJjLGuyzKrHaxklYZgbdI+rSHgpqTuYNmHd4SMx\n+UDsjMJ9UAljOaZFMPxxejWa90nGV+Fvovbj0CZk8zUW5te/cgfcNCu8T/gnxBqJ\nSkAuc7XTno97cU0eUimtYUkxemvu+bvng4UOSi8KOMSDPwtuYWiSg+1AORtsyRtJ\nsSCdQm2BAoGBAPO7AC6e9TqxgterLKntYAfEZhCNvjfqgjxRIdtEtgJrGmPugw/V\nJnrit5acaq/yIkL/mNZGuPNb0AhcUwuIERWP3Zp3RL6PLSMeoFW3D2ECxMtLqhew\nSBt/MkOsHNQrY6XVUxZjvpldsvBcth80IwmOnkLKIImVGjgzfqa/P8/xAoGBAOC1\nxvS5QeZBqfNYN/ZpxgUsmCrYSZAVoLxMnfEVaLu5+FRLjHujXhrCVCNjKyXAtRKG\nXJFJqvnYdJAkmcQxGqRi/Cum9+gSlxnTsEjcQQV8RAayeXEPrHwtRVvvsSFvPeOS\nI/AWOAgOU1srIgbFGA9iA0HSLAI6PQWW1V+HbowFAoGBAIwyqx4mLaW/aiYovp5Y\nfv64yIUJI7wCVzve53y7f37QoPOOxTEcSPAy7avi+bOPsombgQzwzX6e94F3qgVe\nFYWzpaMurAp5TVuASHZFwMDq2MygD41kx3WZqw4mOMcK1l0T4qFkasTJkx6UFebJ\nFMZwlTSSFDlP3S8q39WG+WvhAoGBAJ1iE2fhvOsVQIAEYKXAbYXANw+DDvrQexSH\nIPPyh7k7xlbb1xfdUxKw2pcyZMz7TJcd7gWAMDTvSqyORfgoYD2UaoP0XJt5McVQ\nA570TMIXx9lc9Tufu7H5TyPWHByLujACchM8rJ/P0MgAzMMrFe/oONnH5zTkL0sT\n2nwe8ek1AoGAI2hsM2Fnn6CHFmkA02j33m+eIKGa53sP8iH/ptqgZoW+nlIbEBMt\n7mxaiMPmSwy66aDlUbQokpEogwHgxJxR1gP3htknwhm4fDpZfhwM9ZO+9vXb0B3X\npeU/NPOYwYWtR1q4mgRgMtSKrHG3X/hrLaqcwtuZpF5ZqCeUq9Nt5VE=\n-----END RSA PRIVATE KEY-----\n",
      "type": "string",
      "sensitive": true
    },
    "public_key": {
      "value": "ssh-rsa AAAAB3NzaC1yc2EAAAADAQABAAABAQDV8LDLjM4S9EJIGJj/3z6GwWgbJ6GEIIbeKeLZQehanuxwfj2O6k2WJBfVJb6ulnBojAUV/eyKOLktOv4jzs3IZ6dMfgfj0FcvhSPXIsHCp+9TasF2gPO3nkLkT/wJIYmdgoOmdkgsomHuRfCiMjgyWW0gKn+JQlNWqK3pT/Nvv8GtziLhzyv+65dUjW2xJi2giEc2MTRWdDJ4sFtMDdT2vU1yY5UMXZSCfMj8TNN0sXmoYAVwRx+11FylxplK4oZmgOcIWdJgTMDxhbWZm2ceaOQHSSSGS/QG2Dxg9BMm+AQT/dhFECinq06wiNiMzPqJTqWfA0HACzmtLVsShNu1\n",
      "type": "string",
      "sensitive": true
    }
  },
  "resources": [
    {
      "mode": "managed",
      "type": "tls_private_key",
      "name": "slurm-key",
      "provider": "provider[\"registry.terraform.io/hashicorp/tls\"]",
      "instances": [
        {
          "schema_version": 0,
          "attributes": {
            "algorithm": "RSA",
            "ecdsa_curve": "P224",
            "id": "4c4a9838600199455b30244f934a1c322e812922",
            "private_key_openssh": "-----BEGIN OPENSSH PRIVATE KEY-----\nb3BlbnNzaC1rZXktdjEAAAAABG5vbmUAAAAEbm9uZQAAAAAAAAABAAABFwAAAAdz\nc2gtcnNhAAAAAwEAAQAAAQEA1fCwy4zOEvRCSBiY/98+hsFoGyehhCCG3ini2UHo\nWp7scH49jupNliQX1SW+rpZwaIwFFf3siji5LTr+I87NyGenTH4H49BXL4Uj1yLB\nwqfvU2rBdoDzt55C5E/8CSGJnYKDpnZILKJh7kXwojI4MlltICp/iUJTVqit6U/z\nb7/Brc4i4c8r/uuXVI1tsSYtoIhHNjE0VnQyeLBbTA3U9r1NcmOVDF2UgnzI/EzT\ndLF5qGAFcEcftdRcpcaZSuKGZoDnCFnSYEzA8YW1mZtnHmjkB0kkhkv0Btg8YPQT\nJvgEE/3YRRAop6tOsIjYjMz6iU6lnwNBwAs5rS1bEoTbtQAAA7jQqmnv0Kpp7wAA\nAAdzc2gtcnNhAAABAQDV8LDLjM4S9EJIGJj/3z6GwWgbJ6GEIIbeKeLZQehanuxw\nfj2O6k2WJBfVJb6ulnBojAUV/eyKOLktOv4jzs3IZ6dMfgfj0FcvhSPXIsHCp+9T\nasF2gPO3nkLkT/wJIYmdgoOmdkgsomHuRfCiMjgyWW0gKn+JQlNWqK3pT/Nvv8Gt\nziLhzyv+65dUjW2xJi2giEc2MTRWdDJ4sFtMDdT2vU1yY5UMXZSCfMj8TNN0sXmo\nYAVwRx+11FylxplK4oZmgOcIWdJgTMDxhbWZm2ceaOQHSSSGS/QG2Dxg9BMm+AQT\n/dhFECinq06wiNiMzPqJTqWfA0HACzmtLVsShNu1AAAAAwEAAQAAAQEAzdJTpGCA\nWUfZBJd1iqTx+J7VU1qbTwwj9FSDw9Ref+BpRAiPnJDZt9pde1hmzHw7BLnAotm5\n2Xic3mDk4vowi9782uBdItTrK/KA+pabpnP+EVihayrATiTZ4eD5bqdvR7OqiFk/\nMoG+iYeL6984pWfXTpzUOe8vUi3RsqaSYyxrssyqx2sZJWGYG3SPq0h4Kak7mDZh\n3eEjMflA7IzCfVAJYzmmRTD8cXo1mvdJxlfhb6L249AmZPM1FubXv3IH3DQrvE/4\nJ8QaiUpALnO1056Pe3FNHlIprWFJMXpr7vm754OFDkovCjjEgz8LbmFokoPtQDkb\nbMkbSbEgnUJtgQAAAIAjaGwzYWefoIcWaQDTaPfeb54goZrnew/yIf+m2qBmhb6e\nUhsQEy3ubFqIw+ZLDLrpoOVRtCiSkSiDAeDEnFHWA/eG2SfCGbh8Oll+HAz1k772\n9dvQHdel5T8085jBha1HWriaBGAy1Iqscbdf+GstqpzC25mkXlmoJ5Sr023lUQAA\nAIEA87sALp71OrGC16ssqe1gB8RmEI2+N+qCPFEh20S2AmsaY+6DD9UmeuK3lpxq\nr/IiQv+Y1ka481vQCFxTC4gRFY/dmndEvo8tIx6gVbcPYQLEy0uqF7BIG38yQ6wc\n1CtjpdVTFmO+mV2y8Fy2HzQjCY6eQsogiZUaODN+pr8/z/EAAACBAOC1xvS5QeZB\nqfNYN/ZpxgUsmCrYSZAVoLxMnfEVaLu5+FRLjHujXhrCVCNjKyXAtRKGXJFJqvnY\ndJAkmcQxGqRi/Cum9+gSlxnTsEjcQQV8RAayeXEPrHwtRVvvsSFvPeOSI/AWOAgO\nU1srIgbFGA9iA0HSLAI6PQWW1V+HbowFAAAAAAEC\n-----END OPENSSH PRIVATE KEY-----\n",
            "private_key_pem": "-----BEGIN RSA PRIVATE KEY-----\nMIIEpQIBAAKCAQEA1fCwy4zOEvRCSBiY/98+hsFoGyehhCCG3ini2UHoWp7scH49\njupNliQX1SW+rpZwaIwFFf3siji5LTr+I87NyGenTH4H49BXL4Uj1yLBwqfvU2rB\ndoDzt55C5E/8CSGJnYKDpnZILKJh7kXwojI4MlltICp/iUJTVqit6U/zb7/Brc4i\n4c8r/uuXVI1tsSYtoIhHNjE0VnQyeLBbTA3U9r1NcmOVDF2UgnzI/EzTdLF5qGAF\ncEcftdRcpcaZSuKGZoDnCFnSYEzA8YW1mZtnHmjkB0kkhkv0Btg8YPQTJvgEE/3Y\nRRAop6tOsIjYjMz6iU6lnwNBwAs5rS1bEoTbtQIDAQABAoIBAQDN0lOkYIBZR9kE\nl3WKpPH4ntVTWptPDCP0VIPD1F5/4GlECI+ckNm32l17WGbMfDsEucCi2bnZeJze\nYOTi+jCL3vza4F0i1Osr8oD6lpumc/4RWKFrKsBOJNnh4Plup29Hs6qIWT8ygb6J\nh4vr3zilZ9dOnNQ57y9SLdGyppJjLGuyzKrHaxklYZgbdI+rSHgpqTuYNmHd4SMx\n+UDsjMJ9UAljOaZFMPxxejWa90nGV+Fvovbj0CZk8zUW5te/cgfcNCu8T/gnxBqJ\nSkAuc7XTno97cU0eUimtYUkxemvu+bvng4UOSi8KOMSDPwtuYWiSg+1AORtsyRtJ\nsSCdQm2BAoGBAPO7AC6e9TqxgterLKntYAfEZhCNvjfqgjxRIdtEtgJrGmPugw/V\nJnrit5acaq/yIkL/mNZGuPNb0AhcUwuIERWP3Zp3RL6PLSMeoFW3D2ECxMtLqhew\nSBt/MkOsHNQrY6XVUxZjvpldsvBcth80IwmOnkLKIImVGjgzfqa/P8/xAoGBAOC1\nxvS5QeZBqfNYN/ZpxgUsmCrYSZAVoLxMnfEVaLu5+FRLjHujXhrCVCNjKyXAtRKG\nXJFJqvnYdJAkmcQxGqRi/Cum9+gSlxnTsEjcQQV8RAayeXEPrHwtRVvvsSFvPeOS\nI/AWOAgOU1srIgbFGA9iA0HSLAI6PQWW1V+HbowFAoGBAIwyqx4mLaW/aiYovp5Y\nfv64yIUJI7wCVzve53y7f37QoPOOxTEcSPAy7avi+bOPsombgQzwzX6e94F3qgVe\nFYWzpaMurAp5TVuASHZFwMDq2MygD41kx3WZqw4mOMcK1l0T4qFkasTJkx6UFebJ\nFMZwlTSSFDlP3S8q39WG+WvhAoGBAJ1iE2fhvOsVQIAEYKXAbYXANw+DDvrQexSH\nIPPyh7k7xlbb1xfdUxKw2pcyZMz7TJcd7gWAMDTvSqyORfgoYD2UaoP0XJt5McVQ\nA570TMIXx9lc9Tufu7H5TyPWHByLujACchM8rJ/P0MgAzMMrFe/oONnH5zTkL0sT\n2nwe8ek1AoGAI2hsM2Fnn6CHFmkA02j33m+eIKGa53sP8iH/ptqgZoW+nlIbEBMt\n7mxaiMPmSwy66aDlUbQokpEogwHgxJxR1gP3htknwhm4fDpZfhwM9ZO+9vXb0B3X\npeU/NPOYwYWtR1q4mgRgMtSKrHG3X/hrLaqcwtuZpF5ZqCeUq9Nt5VE=\n-----END RSA PRIVATE KEY-----\n",
            "public_key_fingerprint_md5": "5c:74:23:f5:55:df:db:22:6c:e1:e0:62:ff:25:b1:b2",
            "public_key_fingerprint_sha256": "SHA256:1ZWcXwku7pwFVwtf4AtUrKwK9CKwKEQL67JiObDIfKg",
            "public_key_openssh": "ssh-rsa AAAAB3NzaC1yc2EAAAADAQABAAABAQDV8LDLjM4S9EJIGJj/3z6GwWgbJ6GEIIbeKeLZQehanuxwfj2O6k2WJBfVJb6ulnBojAUV/eyKOLktOv4jzs3IZ6dMfgfj0FcvhSPXIsHCp+9TasF2gPO3nkLkT/wJIYmdgoOmdkgsomHuRfCiMjgyWW0gKn+JQlNWqK3pT/Nvv8GtziLhzyv+65dUjW2xJi2giEc2MTRWdDJ4sFtMDdT2vU1yY5UMXZSCfMj8TNN0sXmoYAVwRx+11FylxplK4oZmgOcIWdJgTMDxhbWZm2ceaOQHSSSGS/QG2Dxg9BMm+AQT/dhFECinq06wiNiMzPqJTqWfA0HACzmtLVsShNu1\n",
            "public_key_pem": "-----BEGIN PUBLIC KEY-----\nMIIBIjANBgkqhkiG9w0BAQEFAAOCAQ8AMIIBCgKCAQEA1fCwy4zOEvRCSBiY/98+\nhsFoGyehhCCG3ini2UHoWp7scH49jupNliQX1SW+rpZwaIwFFf3siji5LTr+I87N\nyGenTH4H49BXL4Uj1yLBwqfvU2rBdoDzt55C5E/8CSGJnYKDpnZILKJh7kXwojI4\nMlltICp/iUJTVqit6U/zb7/Brc4i4c8r/uuXVI1tsSYtoIhHNjE0VnQyeLBbTA3U\n9r1NcmOVDF2UgnzI/EzTdLF5qGAFcEcftdRcpcaZSuKGZoDnCFnSYEzA8YW1mZtn\nHmjkB0kkhkv0Btg8YPQTJvgEE/3YRRAop6tOsIjYjMz6iU6lnwNBwAs5rS1bEoTb\ntQIDAQAB\n-----END PUBLIC KEY-----\n",
            "rsa_bits": 2048
          },
          "sensitive_attributes": [],
          "private": "bnVsbA=="
        }
      ]
    },
    {
      "mode": "managed",
      "type": "yandex_compute_instance",
      "name": "test",
      "provider": "provider[\"registry.terraform.io/yandex-cloud/yandex\"]",
      "instances": [
        {
          "index_key": 0,
          "schema_version": 1,
          "attributes": {
            "allow_recreate": null,
            "allow_stopping_for_update": true,
            "boot_disk": [
              {
                "auto_delete": true,
                "device_name": "fhmrc43dc3n5osqkgci8",
                "disk_id": "fhmrc43dc3n5osqkgci8",
                "initialize_params": [
                  {
                    "block_size": 4096,
                    "description": "",
                    "image_id": "fd82tb3u07rkdkfte3dn",
                    "name": "",
                    "size": 20,
                    "snapshot_id": "",
                    "type": "network-hdd"
                  }
                ],
                "mode": "READ_WRITE"
              }
            ],
            "created_at": "2023-06-28T12:49:05Z",
            "description": "",
            "filesystem": [],
            "folder_id": "b1gc2186r1ejko2jt33d",
            "fqdn": "fhmtse83me5dbsokjfku.auto.internal",
            "gpu_cluster_id": "",
            "hostname": "",
            "id": "fhmtse83me5dbsokjfku",
            "labels": null,
            "local_disk": [],
            "metadata": {
              "ssh-keys": "ssh-rsa AAAAB3NzaC1yc2EAAAADAQABAAABAQDV8LDLjM4S9EJIGJj/3z6GwWgbJ6GEIIbeKeLZQehanuxwfj2O6k2WJBfVJb6ulnBojAUV/eyKOLktOv4jzs3IZ6dMfgfj0FcvhSPXIsHCp+9TasF2gPO3nkLkT/wJIYmdgoOmdkgsomHuRfCiMjgyWW0gKn+JQlNWqK3pT/Nvv8GtziLhzyv+65dUjW2xJi2giEc2MTRWdDJ4sFtMDdT2vU1yY5UMXZSCfMj8TNN0sXmoYAVwRx+11FylxplK4oZmgOcIWdJgTMDxhbWZm2ceaOQHSSSGS/QG2Dxg9BMm+AQT/dhFECinq06wiNiMzPqJTqWfA0HACzmtLVsShNu1\n",
              "startup-script": "#!/bin/bash\nsudo useradd -m -s /bin/bash amangeldiyev\nsudo passwd P@$sw0rd\nsudo usermod -aG sudo newuser\n"
            },
            "metadata_options": [
              {
                "aws_v1_http_endpoint": 1,
                "aws_v1_http_token": 2,
                "gce_http_endpoint": 1,
                "gce_http_token": 1
              }
            ],
            "name": "slurm-0",
            "network_acceleration_type": "standard",
            "network_interface": [
              {
                "dns_record": [],
                "index": 0,
                "ip_address": "10.2.0.5",
                "ipv4": true,
                "ipv6": false,
                "ipv6_address": "",
                "ipv6_dns_record": [],
                "mac_address": "d0:0d:1d:e3:90:3b",
                "nat": true,
                "nat_dns_record": [],
                "nat_ip_address": "158.160.98.13",
                "nat_ip_version": "IPV4",
                "security_group_ids": [],
                "subnet_id": "e9bse1mcpoqb95hvundg"
              }
            ],
            "placement_policy": [
              {
                "host_affinity_rules": [],
                "placement_group_id": ""
              }
            ],
            "platform_id": "standard-v1",
            "resources": [
              {
                "core_fraction": 100,
                "cores": 4,
                "gpus": 0,
                "memory": 8
              }
            ],
            "scheduling_policy": [
              {
                "preemptible": false
              }
            ],
            "secondary_disk": [],
            "service_account_id": "",
            "status": "running",
            "timeouts": null,
            "zone": "ru-central1-a"
          },
          "sensitive_attributes": [],
          "private": "eyJlMmJmYjczMC1lY2FhLTExZTYtOGY4OC0zNDM2M2JjN2M0YzAiOnsiY3JlYXRlIjozMDAwMDAwMDAwMDAsImRlbGV0ZSI6MzAwMDAwMDAwMDAwLCJ1cGRhdGUiOjMwMDAwMDAwMDAwMH0sInNjaGVtYV92ZXJzaW9uIjoiMSJ9",
          "dependencies": [
            "tls_private_key.slurm-key",
            "yandex_vpc_network.lab-net",
            "yandex_vpc_subnet.lab-subnet"
          ]
        },
        {
          "index_key": 1,
          "schema_version": 1,
          "attributes": {
            "allow_recreate": null,
            "allow_stopping_for_update": true,
            "boot_disk": [
              {
                "auto_delete": true,
                "device_name": "epdjent5l6dq2f33o52r",
                "disk_id": "epdjent5l6dq2f33o52r",
                "initialize_params": [
                  {
                    "block_size": 4096,
                    "description": "",
                    "image_id": "fd82tb3u07rkdkfte3dn",
                    "name": "",
                    "size": 20,
                    "snapshot_id": "",
                    "type": "network-hdd"
                  }
                ],
                "mode": "READ_WRITE"
              }
            ],
            "created_at": "2023-06-28T12:49:05Z",
            "description": "",
            "filesystem": [],
            "folder_id": "b1gc2186r1ejko2jt33d",
            "fqdn": "epdefk7e0ogpe29mm01o.auto.internal",
            "gpu_cluster_id": "",
            "hostname": "",
            "id": "epdefk7e0ogpe29mm01o",
            "labels": null,
            "local_disk": [],
            "metadata": {
              "ssh-keys": "ssh-rsa AAAAB3NzaC1yc2EAAAADAQABAAABAQDV8LDLjM4S9EJIGJj/3z6GwWgbJ6GEIIbeKeLZQehanuxwfj2O6k2WJBfVJb6ulnBojAUV/eyKOLktOv4jzs3IZ6dMfgfj0FcvhSPXIsHCp+9TasF2gPO3nkLkT/wJIYmdgoOmdkgsomHuRfCiMjgyWW0gKn+JQlNWqK3pT/Nvv8GtziLhzyv+65dUjW2xJi2giEc2MTRWdDJ4sFtMDdT2vU1yY5UMXZSCfMj8TNN0sXmoYAVwRx+11FylxplK4oZmgOcIWdJgTMDxhbWZm2ceaOQHSSSGS/QG2Dxg9BMm+AQT/dhFECinq06wiNiMzPqJTqWfA0HACzmtLVsShNu1\n",
              "startup-script": "#!/bin/bash\nsudo useradd -m -s /bin/bash amangeldiyev\nsudo passwd P@$sw0rd\nsudo usermod -aG sudo newuser\n"
            },
            "metadata_options": [
              {
                "aws_v1_http_endpoint": 1,
                "aws_v1_http_token": 2,
                "gce_http_endpoint": 1,
                "gce_http_token": 1
              }
            ],
            "name": "slurm-1",
            "network_acceleration_type": "standard",
            "network_interface": [
              {
                "dns_record": [],
                "index": 0,
                "ip_address": "10.3.0.34",
                "ipv4": true,
                "ipv6": false,
                "ipv6_address": "",
                "ipv6_dns_record": [],
                "mac_address": "d0:0d:e7:d0:ee:06",
                "nat": true,
                "nat_dns_record": [],
                "nat_ip_address": "158.160.75.217",
                "nat_ip_version": "IPV4",
                "security_group_ids": [],
                "subnet_id": "e2ljgtoh6uhtdg2ii17s"
              }
            ],
            "placement_policy": [
              {
                "host_affinity_rules": [],
                "placement_group_id": ""
              }
            ],
            "platform_id": "standard-v1",
            "resources": [
              {
                "core_fraction": 100,
                "cores": 4,
                "gpus": 0,
                "memory": 8
              }
            ],
            "scheduling_policy": [
              {
                "preemptible": false
              }
            ],
            "secondary_disk": [],
            "service_account_id": "",
            "status": "running",
            "timeouts": null,
            "zone": "ru-central1-b"
          },
          "sensitive_attributes": [],
          "private": "eyJlMmJmYjczMC1lY2FhLTExZTYtOGY4OC0zNDM2M2JjN2M0YzAiOnsiY3JlYXRlIjozMDAwMDAwMDAwMDAsImRlbGV0ZSI6MzAwMDAwMDAwMDAwLCJ1cGRhdGUiOjMwMDAwMDAwMDAwMH0sInNjaGVtYV92ZXJzaW9uIjoiMSJ9",
          "dependencies": [
            "tls_private_key.slurm-key",
            "yandex_vpc_network.lab-net",
            "yandex_vpc_subnet.lab-subnet"
          ]
        },
        {
          "index_key": 2,
          "schema_version": 1,
          "attributes": {
            "allow_recreate": null,
            "allow_stopping_for_update": true,
            "boot_disk": [
              {
                "auto_delete": true,
                "device_name": "ef3qm2mvb1nfpdplmrap",
                "disk_id": "ef3qm2mvb1nfpdplmrap",
                "initialize_params": [
                  {
                    "block_size": 4096,
                    "description": "",
                    "image_id": "fd82tb3u07rkdkfte3dn",
                    "name": "",
                    "size": 20,
                    "snapshot_id": "",
                    "type": "network-hdd"
                  }
                ],
                "mode": "READ_WRITE"
              }
            ],
            "created_at": "2023-06-28T12:49:05Z",
            "description": "",
            "filesystem": [],
            "folder_id": "b1gc2186r1ejko2jt33d",
            "fqdn": "ef39lsno4ar70sjv0bj8.auto.internal",
            "gpu_cluster_id": "",
            "hostname": "",
            "id": "ef39lsno4ar70sjv0bj8",
            "labels": null,
            "local_disk": [],
            "metadata": {
              "ssh-keys": "ssh-rsa AAAAB3NzaC1yc2EAAAADAQABAAABAQDV8LDLjM4S9EJIGJj/3z6GwWgbJ6GEIIbeKeLZQehanuxwfj2O6k2WJBfVJb6ulnBojAUV/eyKOLktOv4jzs3IZ6dMfgfj0FcvhSPXIsHCp+9TasF2gPO3nkLkT/wJIYmdgoOmdkgsomHuRfCiMjgyWW0gKn+JQlNWqK3pT/Nvv8GtziLhzyv+65dUjW2xJi2giEc2MTRWdDJ4sFtMDdT2vU1yY5UMXZSCfMj8TNN0sXmoYAVwRx+11FylxplK4oZmgOcIWdJgTMDxhbWZm2ceaOQHSSSGS/QG2Dxg9BMm+AQT/dhFECinq06wiNiMzPqJTqWfA0HACzmtLVsShNu1\n",
              "startup-script": "#!/bin/bash\nsudo useradd -m -s /bin/bash amangeldiyev\nsudo passwd P@$sw0rd\nsudo usermod -aG sudo newuser\n"
            },
            "metadata_options": [
              {
                "aws_v1_http_endpoint": 1,
                "aws_v1_http_token": 2,
                "gce_http_endpoint": 1,
                "gce_http_token": 1
              }
            ],
            "name": "slurm-2",
            "network_acceleration_type": "standard",
            "network_interface": [
              {
                "dns_record": [],
                "index": 0,
                "ip_address": "10.4.0.10",
                "ipv4": true,
                "ipv6": false,
                "ipv6_address": "",
                "ipv6_dns_record": [],
                "mac_address": "d0:0d:9a:f2:f8:22",
                "nat": true,
                "nat_dns_record": [],
                "nat_ip_address": "84.201.149.221",
                "nat_ip_version": "IPV4",
                "security_group_ids": [],
                "subnet_id": "b0c4mk4o0imi7fe4qrr0"
              }
            ],
            "placement_policy": [
              {
                "host_affinity_rules": [],
                "placement_group_id": ""
              }
            ],
            "platform_id": "standard-v1",
            "resources": [
              {
                "core_fraction": 100,
                "cores": 4,
                "gpus": 0,
                "memory": 8
              }
            ],
            "scheduling_policy": [
              {
                "preemptible": false
              }
            ],
            "secondary_disk": [],
            "service_account_id": "",
            "status": "running",
            "timeouts": null,
            "zone": "ru-central1-c"
          },
          "sensitive_attributes": [],
          "private": "eyJlMmJmYjczMC1lY2FhLTExZTYtOGY4OC0zNDM2M2JjN2M0YzAiOnsiY3JlYXRlIjozMDAwMDAwMDAwMDAsImRlbGV0ZSI6MzAwMDAwMDAwMDAwLCJ1cGRhdGUiOjMwMDAwMDAwMDAwMH0sInNjaGVtYV92ZXJzaW9uIjoiMSJ9",
          "dependencies": [
            "tls_private_key.slurm-key",
            "yandex_vpc_network.lab-net",
            "yandex_vpc_subnet.lab-subnet"
          ]
        }
      ]
    },
    {
      "mode": "managed",
      "type": "yandex_lb_network_load_balancer",
      "name": "slurm-balancer",
      "provider": "provider[\"registry.terraform.io/yandex-cloud/yandex\"]",
      "instances": [
        {
          "schema_version": 0,
          "attributes": {
            "attached_target_group": [
              {
                "healthcheck": [
                  {
                    "healthy_threshold": 2,
                    "http_options": [
                      {
                        "path": "/",
                        "port": 80
                      }
                    ],
                    "interval": 2,
                    "name": "test",
                    "tcp_options": [],
                    "timeout": 1,
                    "unhealthy_threshold": 2
                  }
                ],
                "target_group_id": "enpr1hjjdsgcushthjkc"
              }
            ],
            "created_at": "2023-06-28T12:49:46Z",
            "deletion_protection": false,
            "description": "",
            "folder_id": "b1gc2186r1ejko2jt33d",
            "id": "enpfa0cpl8o8aboiqcee",
            "labels": {
              "env": "lab",
              "project": "slurm"
            },
            "listener": [
              {
                "external_address_spec": [
                  {
                    "address": "158.160.103.55",
                    "ip_version": "ipv4"
                  }
                ],
                "internal_address_spec": [],
                "name": "slurm-listener",
                "port": 8080,
                "protocol": "tcp",
                "target_port": 8080
              }
            ],
            "name": "slurm-network-balancer",
            "region_id": "ru-central1",
            "timeouts": null,
            "type": "external"
          },
          "sensitive_attributes": [],
          "private": "eyJlMmJmYjczMC1lY2FhLTExZTYtOGY4OC0zNDM2M2JjN2M0YzAiOnsiY3JlYXRlIjozMDAwMDAwMDAwMDAsImRlbGV0ZSI6MzAwMDAwMDAwMDAwLCJ1cGRhdGUiOjMwMDAwMDAwMDAwMH19",
          "dependencies": [
            "tls_private_key.slurm-key",
            "yandex_compute_instance.test",
            "yandex_lb_target_group.slurm",
            "yandex_vpc_network.lab-net",
            "yandex_vpc_subnet.lab-subnet"
          ]
        }
      ]
    },
    {
      "mode": "managed",
      "type": "yandex_lb_target_group",
      "name": "slurm",
      "provider": "provider[\"registry.terraform.io/yandex-cloud/yandex\"]",
      "instances": [
        {
          "schema_version": 0,
          "attributes": {
            "created_at": "2023-06-28T12:49:44Z",
            "description": "",
            "folder_id": "b1gc2186r1ejko2jt33d",
            "id": "enpr1hjjdsgcushthjkc",
            "labels": {
              "env": "lab",
              "project": "slurm"
            },
            "name": "slurm-group",
            "region_id": "ru-central1",
            "target": [
              {
                "address": "10.2.0.5",
                "subnet_id": "e9bse1mcpoqb95hvundg"
              },
              {
                "address": "10.3.0.34",
                "subnet_id": "e2ljgtoh6uhtdg2ii17s"
              },
              {
                "address": "10.4.0.10",
                "subnet_id": "b0c4mk4o0imi7fe4qrr0"
              }
            ],
            "timeouts": null
          },
          "sensitive_attributes": [],
          "private": "eyJlMmJmYjczMC1lY2FhLTExZTYtOGY4OC0zNDM2M2JjN2M0YzAiOnsiY3JlYXRlIjozMDAwMDAwMDAwMDAsImRlbGV0ZSI6MzAwMDAwMDAwMDAwLCJ1cGRhdGUiOjMwMDAwMDAwMDAwMH19",
          "dependencies": [
            "tls_private_key.slurm-key",
            "yandex_compute_instance.test",
            "yandex_vpc_network.lab-net",
            "yandex_vpc_subnet.lab-subnet"
          ]
        }
      ]
    },
    {
      "mode": "managed",
      "type": "yandex_vpc_network",
      "name": "lab-net",
      "provider": "provider[\"registry.terraform.io/yandex-cloud/yandex\"]",
      "instances": [
        {
          "schema_version": 0,
          "attributes": {
            "created_at": "2023-06-28T12:49:01Z",
            "default_security_group_id": "",
            "description": "",
            "folder_id": "b1gc2186r1ejko2jt33d",
            "id": "enpk993jm3r6lfi98sji",
            "labels": {},
            "name": "slurm-lab-network",
            "subnet_ids": [],
            "timeouts": null
          },
          "sensitive_attributes": [],
          "private": "eyJlMmJmYjczMC1lY2FhLTExZTYtOGY4OC0zNDM2M2JjN2M0YzAiOnsiY3JlYXRlIjo2MDAwMDAwMDAwMCwiZGVsZXRlIjo2MDAwMDAwMDAwMCwidXBkYXRlIjo2MDAwMDAwMDAwMH19"
        }
      ]
    },
    {
      "mode": "managed",
      "type": "yandex_vpc_subnet",
      "name": "lab-subnet",
      "provider": "provider[\"registry.terraform.io/yandex-cloud/yandex\"]",
      "instances": [
        {
          "index_key": 0,
          "schema_version": 0,
          "attributes": {
            "created_at": "2023-06-28T12:49:03Z",
            "description": "",
            "dhcp_options": [],
            "folder_id": "b1gc2186r1ejko2jt33d",
            "id": "e9bse1mcpoqb95hvundg",
            "labels": {
              "env": "lab",
              "project": "slurm"
            },
            "name": "test-ru-central1-0",
            "network_id": "enpk993jm3r6lfi98sji",
            "route_table_id": "",
            "timeouts": null,
            "v4_cidr_blocks": [
              "10.2.0.0/24"
            ],
            "v6_cidr_blocks": [],
            "zone": "ru-central1-a"
          },
          "sensitive_attributes": [],
          "private": "eyJlMmJmYjczMC1lY2FhLTExZTYtOGY4OC0zNDM2M2JjN2M0YzAiOnsiY3JlYXRlIjoxODAwMDAwMDAwMDAsImRlbGV0ZSI6MTgwMDAwMDAwMDAwLCJ1cGRhdGUiOjE4MDAwMDAwMDAwMH19",
          "dependencies": [
            "yandex_vpc_network.lab-net"
          ]
        },
        {
          "index_key": 1,
          "schema_version": 0,
          "attributes": {
            "created_at": "2023-06-28T12:49:03Z",
            "description": "",
            "dhcp_options": [],
            "folder_id": "b1gc2186r1ejko2jt33d",
            "id": "e2ljgtoh6uhtdg2ii17s",
            "labels": {
              "env": "lab",
              "project": "slurm"
            },
            "name": "test-ru-central1-1",
            "network_id": "enpk993jm3r6lfi98sji",
            "route_table_id": "",
            "timeouts": null,
            "v4_cidr_blocks": [
              "10.3.0.0/24"
            ],
            "v6_cidr_blocks": [],
            "zone": "ru-central1-b"
          },
          "sensitive_attributes": [],
          "private": "eyJlMmJmYjczMC1lY2FhLTExZTYtOGY4OC0zNDM2M2JjN2M0YzAiOnsiY3JlYXRlIjoxODAwMDAwMDAwMDAsImRlbGV0ZSI6MTgwMDAwMDAwMDAwLCJ1cGRhdGUiOjE4MDAwMDAwMDAwMH19",
          "dependencies": [
            "yandex_vpc_network.lab-net"
          ]
        },
        {
          "index_key": 2,
          "schema_version": 0,
          "attributes": {
            "created_at": "2023-06-28T12:49:02Z",
            "description": "",
            "dhcp_options": [],
            "folder_id": "b1gc2186r1ejko2jt33d",
            "id": "b0c4mk4o0imi7fe4qrr0",
            "labels": {
              "env": "lab",
              "project": "slurm"
            },
            "name": "test-ru-central1-2",
            "network_id": "enpk993jm3r6lfi98sji",
            "route_table_id": "",
            "timeouts": null,
            "v4_cidr_blocks": [
              "10.4.0.0/24"
            ],
            "v6_cidr_blocks": [],
            "zone": "ru-central1-c"
          },
          "sensitive_attributes": [],
          "private": "eyJlMmJmYjczMC1lY2FhLTExZTYtOGY4OC0zNDM2M2JjN2M0YzAiOnsiY3JlYXRlIjoxODAwMDAwMDAwMDAsImRlbGV0ZSI6MTgwMDAwMDAwMDAwLCJ1cGRhdGUiOjE4MDAwMDAwMDAwMH19",
          "dependencies": [
            "yandex_vpc_network.lab-net"
          ]
        }
      ]
    }
  ],
  "check_results": null
}
