{
  "version": 4,
  "terraform_version": "1.5.0",
  "serial": 158,
  "lineage": "f48614d9-2319-85a3-664c-18944eed6832",
  "outputs": {
    "nlb_ip": {
      "value": [
        [
          "158.160.103.254"
        ]
      ],
      "type": [
        "list",
        [
          "list",
          "string"
        ]
      ]
    },
    "private_ip-1": {
      "value": "51.250.85.222",
      "type": "string"
    },
    "private_ip-2": {
      "value": "84.201.160.51",
      "type": "string"
    },
    "private_ip-3": {
      "value": "51.250.32.212",
      "type": "string"
    },
    "private_key": {
      "value": "-----BEGIN RSA PRIVATE KEY-----\nMIIEowIBAAKCAQEAzbgSMznH5ZLiuR1Nb9lU60bz1OzgrpPk7YnzL3X2Y62d/s7/\np7eifYkV0sr+ccAa0yM7ufZ/0i0PXI6TFSchkDi4WAkQAdrPe7+0IpuCmXm8gxfu\nqqyiJSBpxwdRShIMLa0g1P61obuU9ipi5Ru2OF/E4Fvo6/4bQEIpVtcGxqFblxfL\noUKkmpH55DQSyEIr3JOgLnk4kERywxgNaIqCojFfw62kmXLPG8cZpr51F3d7NKK9\n9ATtMx3BzCTjlOUoJMKxaM83xlDqNWyRuZ7SPqM6Zd3N9GruuYO8h9MqQVSTR7EG\n0zmNQAqrB9bD/HeT1tWUGJVF82UzJsm84SyOqwIDAQABAoIBAQDEMtHo2Sq04Soq\nsq+wBO7glYLniCOhXJvxkKfGlBKxblxJMNLS+miWoa+WotOZWUY8KFZGPboaka8c\n7z2H5xIzomTuUXZazn0j4OnEN9yO03Pe82xEivD5x7gagfgdVKkYxw2RFnvUDDs9\nq582Mv/PNEdoU0AKEweaeX9Du0BTHsk6G/Uer9pNn1DJ/Nzlk5i2dUUX9aRcVsun\nWCItQOeneIhiGm4sXDm4qB6CWa2y2BXpYoaCstJZ3LvsP1MGyfrcbPForzCoULYe\njWwa/Rh0rrdyoxXMRM5qlqXhoLagQccPrcHie/+HJQyhdLJdw7f5uEpORaMjKOVE\nz1PkzTIBAoGBAP7vkvBIpKSCemgPxn3xyTa9UpquZ64xd9dwfd/40DfKJ9upRzed\neAf8HEfqNq82wU5jxrMLYuy8/D8s4twjDDM78GGeQYsCXY/62iw8orBraSnyrWi7\nbYafD6ok5QCg0qAzKRS9z1xLxPGWsMi8O9NHStdHclc4UXJOBJA3vswhAoGBAM6T\n51qyRu/za57l5uKllXAmTpJwEUsfvqYDEFudQnro8ZCTfcljm7tXOw7meE6oKrAB\nJ5npFgm3Cz0OWpLfEYlg2AWWD1tYHMZkXdyflK0Sqjzf/oYfSm2krAi4KQJWMWGH\nMSRxoHF9eirJDcjYzJ6XzEC9BLdzkMDjkGshJqFLAoGAC5mPEAveIfYl57JAD97+\njtUSeyNQaGar00u1Dondv4wdQCt1qBwsKADasJMBpftR1GVJ1z+/YpI+0AkU0Xtu\nxK4HhAmVZePXqgN6BeVEac6ZXGVEaq2MkEGQjuda3Cp1KwDo756rXsG71lpK9PdL\nqZNm3mDL3Rgc7JyMLJu8vMECgYBiuE3MivvZebOJmQaQc18J3FSaKJIrG32Jaldr\n4Kg/gojGdaWcE0z95z7i7QK7XCQiPjsFk10jwWTOhciE/bMsuqohaUfneCEwMhCk\n+WIcn5nZQ5Yn1FZGNXa9J/z5D+XDXM8AQojRE4zJW5GJ1QlcFODYYzwYy1J2y4ld\nmNcUJwKBgGx7bsy+shPBRyS0BtjsYnavslBdFgWO/KapNEQ3NZu3E4nQ2xpu0n2r\n01Kd22/qRu5z8yfBRCeV1JzCWzStBxc2aTJ4xD/tEFX27pOIFl+U+pLwy4m1DGk+\nR+0CaTIVTYj25e1TCUaDFHr6TDLzyr2rfqYrjAUHrd/ZAYHjTsjc\n-----END RSA PRIVATE KEY-----\n",
      "type": "string",
      "sensitive": true
    },
    "private_ssh_key": {
      "value": "-----BEGIN RSA PRIVATE KEY-----\nMIIEowIBAAKCAQEAzbgSMznH5ZLiuR1Nb9lU60bz1OzgrpPk7YnzL3X2Y62d/s7/\np7eifYkV0sr+ccAa0yM7ufZ/0i0PXI6TFSchkDi4WAkQAdrPe7+0IpuCmXm8gxfu\nqqyiJSBpxwdRShIMLa0g1P61obuU9ipi5Ru2OF/E4Fvo6/4bQEIpVtcGxqFblxfL\noUKkmpH55DQSyEIr3JOgLnk4kERywxgNaIqCojFfw62kmXLPG8cZpr51F3d7NKK9\n9ATtMx3BzCTjlOUoJMKxaM83xlDqNWyRuZ7SPqM6Zd3N9GruuYO8h9MqQVSTR7EG\n0zmNQAqrB9bD/HeT1tWUGJVF82UzJsm84SyOqwIDAQABAoIBAQDEMtHo2Sq04Soq\nsq+wBO7glYLniCOhXJvxkKfGlBKxblxJMNLS+miWoa+WotOZWUY8KFZGPboaka8c\n7z2H5xIzomTuUXZazn0j4OnEN9yO03Pe82xEivD5x7gagfgdVKkYxw2RFnvUDDs9\nq582Mv/PNEdoU0AKEweaeX9Du0BTHsk6G/Uer9pNn1DJ/Nzlk5i2dUUX9aRcVsun\nWCItQOeneIhiGm4sXDm4qB6CWa2y2BXpYoaCstJZ3LvsP1MGyfrcbPForzCoULYe\njWwa/Rh0rrdyoxXMRM5qlqXhoLagQccPrcHie/+HJQyhdLJdw7f5uEpORaMjKOVE\nz1PkzTIBAoGBAP7vkvBIpKSCemgPxn3xyTa9UpquZ64xd9dwfd/40DfKJ9upRzed\neAf8HEfqNq82wU5jxrMLYuy8/D8s4twjDDM78GGeQYsCXY/62iw8orBraSnyrWi7\nbYafD6ok5QCg0qAzKRS9z1xLxPGWsMi8O9NHStdHclc4UXJOBJA3vswhAoGBAM6T\n51qyRu/za57l5uKllXAmTpJwEUsfvqYDEFudQnro8ZCTfcljm7tXOw7meE6oKrAB\nJ5npFgm3Cz0OWpLfEYlg2AWWD1tYHMZkXdyflK0Sqjzf/oYfSm2krAi4KQJWMWGH\nMSRxoHF9eirJDcjYzJ6XzEC9BLdzkMDjkGshJqFLAoGAC5mPEAveIfYl57JAD97+\njtUSeyNQaGar00u1Dondv4wdQCt1qBwsKADasJMBpftR1GVJ1z+/YpI+0AkU0Xtu\nxK4HhAmVZePXqgN6BeVEac6ZXGVEaq2MkEGQjuda3Cp1KwDo756rXsG71lpK9PdL\nqZNm3mDL3Rgc7JyMLJu8vMECgYBiuE3MivvZebOJmQaQc18J3FSaKJIrG32Jaldr\n4Kg/gojGdaWcE0z95z7i7QK7XCQiPjsFk10jwWTOhciE/bMsuqohaUfneCEwMhCk\n+WIcn5nZQ5Yn1FZGNXa9J/z5D+XDXM8AQojRE4zJW5GJ1QlcFODYYzwYy1J2y4ld\nmNcUJwKBgGx7bsy+shPBRyS0BtjsYnavslBdFgWO/KapNEQ3NZu3E4nQ2xpu0n2r\n01Kd22/qRu5z8yfBRCeV1JzCWzStBxc2aTJ4xD/tEFX27pOIFl+U+pLwy4m1DGk+\nR+0CaTIVTYj25e1TCUaDFHr6TDLzyr2rfqYrjAUHrd/ZAYHjTsjc\n-----END RSA PRIVATE KEY-----\n",
      "type": "string",
      "sensitive": true
    },
    "public_key": {
      "value": "ssh-rsa AAAAB3NzaC1yc2EAAAADAQABAAABAQDNuBIzOcflkuK5HU1v2VTrRvPU7OCuk+TtifMvdfZjrZ3+zv+nt6J9iRXSyv5xwBrTIzu59n/SLQ9cjpMVJyGQOLhYCRAB2s97v7Qim4KZebyDF+6qrKIlIGnHB1FKEgwtrSDU/rWhu5T2KmLlG7Y4X8TgW+jr/htAQilW1wbGoVuXF8uhQqSakfnkNBLIQivck6AueTiQRHLDGA1oioKiMV/DraSZcs8bxxmmvnUXd3s0or30BO0zHcHMJOOU5SgkwrFozzfGUOo1bJG5ntI+ozpl3c30au65g7yH0ypBVJNHsQbTOY1ACqsH1sP8d5PW1ZQYlUXzZTMmybzhLI6r\n",
      "type": "string",
      "sensitive": true
    }
  },
  "resources": [
    {
      "mode": "managed",
      "type": "tls_private_key",
      "name": "slurm-key",
      "provider": "provider[\"registry.terraform.io/hashicorp/tls\"]",
      "instances": [
        {
          "schema_version": 0,
          "attributes": {
            "algorithm": "RSA",
            "ecdsa_curve": "P224",
            "id": "62680aa9e8fef6999e5de795d2638e4b25e19f5b",
            "private_key_openssh": "-----BEGIN OPENSSH PRIVATE KEY-----\nb3BlbnNzaC1rZXktdjEAAAAABG5vbmUAAAAEbm9uZQAAAAAAAAABAAABFwAAAAdz\nc2gtcnNhAAAAAwEAAQAAAQEAzbgSMznH5ZLiuR1Nb9lU60bz1OzgrpPk7YnzL3X2\nY62d/s7/p7eifYkV0sr+ccAa0yM7ufZ/0i0PXI6TFSchkDi4WAkQAdrPe7+0IpuC\nmXm8gxfuqqyiJSBpxwdRShIMLa0g1P61obuU9ipi5Ru2OF/E4Fvo6/4bQEIpVtcG\nxqFblxfLoUKkmpH55DQSyEIr3JOgLnk4kERywxgNaIqCojFfw62kmXLPG8cZpr51\nF3d7NKK99ATtMx3BzCTjlOUoJMKxaM83xlDqNWyRuZ7SPqM6Zd3N9GruuYO8h9Mq\nQVSTR7EG0zmNQAqrB9bD/HeT1tWUGJVF82UzJsm84SyOqwAAA7ibz4NWm8+DVgAA\nAAdzc2gtcnNhAAABAQDNuBIzOcflkuK5HU1v2VTrRvPU7OCuk+TtifMvdfZjrZ3+\nzv+nt6J9iRXSyv5xwBrTIzu59n/SLQ9cjpMVJyGQOLhYCRAB2s97v7Qim4KZebyD\nF+6qrKIlIGnHB1FKEgwtrSDU/rWhu5T2KmLlG7Y4X8TgW+jr/htAQilW1wbGoVuX\nF8uhQqSakfnkNBLIQivck6AueTiQRHLDGA1oioKiMV/DraSZcs8bxxmmvnUXd3s0\nor30BO0zHcHMJOOU5SgkwrFozzfGUOo1bJG5ntI+ozpl3c30au65g7yH0ypBVJNH\nsQbTOY1ACqsH1sP8d5PW1ZQYlUXzZTMmybzhLI6rAAAAAwEAAQAAAQEAxDLR6Nkq\ntOEqKrKvsATu4JWC54gjoVyb8ZCnxpQSsW5cSTDS0vpolqGvlqLTmVlGPChWRj26\nGpGvHO89h+cSM6Jk7lF2Ws59I+DpxDfcjtNz3vNsRIrw+ce4GoH4HVSpGMcNkRZ7\n1Aw7PaufNjL/zzRHaFNAChMHmnl/Q7tAUx7JOhv1Hq/aTZ9Qyfzc5ZOYtnVFF/Wk\nXFbLp1giLUDnp3iIYhpuLFw5uKgeglmtstgV6WKGgrLSWdy77D9TBsn63GzxaK8w\nqFC2Ho1sGv0YdK63cqMVzETOapal4aC2oEHHD63B4nv/hyUMoXSyXcO3+bhKTkWj\nIyjlRM9T5M0yAQAAAIBse27MvrITwUcktAbY7GJ2r7JQXRYFjvymqTRENzWbtxOJ\n0NsabtJ9q9NSndtv6kbuc/MnwUQnldScwls0rQcXNmkyeMQ/7RBV9u6TiBZflPqS\n8MuJtQxpPkftAmkyFU2I9uXtUwlGgxR6+kwy88q9q36mK4wFB63f2QGB407I3AAA\nAIEA/u+S8EikpIJ6aA/GffHJNr1Smq5nrjF313B93/jQN8on26lHN514B/wcR+o2\nrzbBTmPGswti7Lz8Pyzi3CMMMzvwYZ5BiwJdj/raLDyisGtpKfKtaLtthp8PqiTl\nAKDSoDMpFL3PXEvE8ZawyLw700dK10dyVzhRck4EkDe+zCEAAACBAM6T51qyRu/z\na57l5uKllXAmTpJwEUsfvqYDEFudQnro8ZCTfcljm7tXOw7meE6oKrABJ5npFgm3\nCz0OWpLfEYlg2AWWD1tYHMZkXdyflK0Sqjzf/oYfSm2krAi4KQJWMWGHMSRxoHF9\neirJDcjYzJ6XzEC9BLdzkMDjkGshJqFLAAAAAAEC\n-----END OPENSSH PRIVATE KEY-----\n",
            "private_key_pem": "-----BEGIN RSA PRIVATE KEY-----\nMIIEowIBAAKCAQEAzbgSMznH5ZLiuR1Nb9lU60bz1OzgrpPk7YnzL3X2Y62d/s7/\np7eifYkV0sr+ccAa0yM7ufZ/0i0PXI6TFSchkDi4WAkQAdrPe7+0IpuCmXm8gxfu\nqqyiJSBpxwdRShIMLa0g1P61obuU9ipi5Ru2OF/E4Fvo6/4bQEIpVtcGxqFblxfL\noUKkmpH55DQSyEIr3JOgLnk4kERywxgNaIqCojFfw62kmXLPG8cZpr51F3d7NKK9\n9ATtMx3BzCTjlOUoJMKxaM83xlDqNWyRuZ7SPqM6Zd3N9GruuYO8h9MqQVSTR7EG\n0zmNQAqrB9bD/HeT1tWUGJVF82UzJsm84SyOqwIDAQABAoIBAQDEMtHo2Sq04Soq\nsq+wBO7glYLniCOhXJvxkKfGlBKxblxJMNLS+miWoa+WotOZWUY8KFZGPboaka8c\n7z2H5xIzomTuUXZazn0j4OnEN9yO03Pe82xEivD5x7gagfgdVKkYxw2RFnvUDDs9\nq582Mv/PNEdoU0AKEweaeX9Du0BTHsk6G/Uer9pNn1DJ/Nzlk5i2dUUX9aRcVsun\nWCItQOeneIhiGm4sXDm4qB6CWa2y2BXpYoaCstJZ3LvsP1MGyfrcbPForzCoULYe\njWwa/Rh0rrdyoxXMRM5qlqXhoLagQccPrcHie/+HJQyhdLJdw7f5uEpORaMjKOVE\nz1PkzTIBAoGBAP7vkvBIpKSCemgPxn3xyTa9UpquZ64xd9dwfd/40DfKJ9upRzed\neAf8HEfqNq82wU5jxrMLYuy8/D8s4twjDDM78GGeQYsCXY/62iw8orBraSnyrWi7\nbYafD6ok5QCg0qAzKRS9z1xLxPGWsMi8O9NHStdHclc4UXJOBJA3vswhAoGBAM6T\n51qyRu/za57l5uKllXAmTpJwEUsfvqYDEFudQnro8ZCTfcljm7tXOw7meE6oKrAB\nJ5npFgm3Cz0OWpLfEYlg2AWWD1tYHMZkXdyflK0Sqjzf/oYfSm2krAi4KQJWMWGH\nMSRxoHF9eirJDcjYzJ6XzEC9BLdzkMDjkGshJqFLAoGAC5mPEAveIfYl57JAD97+\njtUSeyNQaGar00u1Dondv4wdQCt1qBwsKADasJMBpftR1GVJ1z+/YpI+0AkU0Xtu\nxK4HhAmVZePXqgN6BeVEac6ZXGVEaq2MkEGQjuda3Cp1KwDo756rXsG71lpK9PdL\nqZNm3mDL3Rgc7JyMLJu8vMECgYBiuE3MivvZebOJmQaQc18J3FSaKJIrG32Jaldr\n4Kg/gojGdaWcE0z95z7i7QK7XCQiPjsFk10jwWTOhciE/bMsuqohaUfneCEwMhCk\n+WIcn5nZQ5Yn1FZGNXa9J/z5D+XDXM8AQojRE4zJW5GJ1QlcFODYYzwYy1J2y4ld\nmNcUJwKBgGx7bsy+shPBRyS0BtjsYnavslBdFgWO/KapNEQ3NZu3E4nQ2xpu0n2r\n01Kd22/qRu5z8yfBRCeV1JzCWzStBxc2aTJ4xD/tEFX27pOIFl+U+pLwy4m1DGk+\nR+0CaTIVTYj25e1TCUaDFHr6TDLzyr2rfqYrjAUHrd/ZAYHjTsjc\n-----END RSA PRIVATE KEY-----\n",
            "public_key_fingerprint_md5": "f5:45:62:f7:ad:96:66:9d:fa:7f:0f:d6:f4:00:81:28",
            "public_key_fingerprint_sha256": "SHA256:6ylTMy05FkeVUgnknaLyN8VjI4BQ1Tl8ci8mYakBans",
            "public_key_openssh": "ssh-rsa AAAAB3NzaC1yc2EAAAADAQABAAABAQDNuBIzOcflkuK5HU1v2VTrRvPU7OCuk+TtifMvdfZjrZ3+zv+nt6J9iRXSyv5xwBrTIzu59n/SLQ9cjpMVJyGQOLhYCRAB2s97v7Qim4KZebyDF+6qrKIlIGnHB1FKEgwtrSDU/rWhu5T2KmLlG7Y4X8TgW+jr/htAQilW1wbGoVuXF8uhQqSakfnkNBLIQivck6AueTiQRHLDGA1oioKiMV/DraSZcs8bxxmmvnUXd3s0or30BO0zHcHMJOOU5SgkwrFozzfGUOo1bJG5ntI+ozpl3c30au65g7yH0ypBVJNHsQbTOY1ACqsH1sP8d5PW1ZQYlUXzZTMmybzhLI6r\n",
            "public_key_pem": "-----BEGIN PUBLIC KEY-----\nMIIBIjANBgkqhkiG9w0BAQEFAAOCAQ8AMIIBCgKCAQEAzbgSMznH5ZLiuR1Nb9lU\n60bz1OzgrpPk7YnzL3X2Y62d/s7/p7eifYkV0sr+ccAa0yM7ufZ/0i0PXI6TFSch\nkDi4WAkQAdrPe7+0IpuCmXm8gxfuqqyiJSBpxwdRShIMLa0g1P61obuU9ipi5Ru2\nOF/E4Fvo6/4bQEIpVtcGxqFblxfLoUKkmpH55DQSyEIr3JOgLnk4kERywxgNaIqC\nojFfw62kmXLPG8cZpr51F3d7NKK99ATtMx3BzCTjlOUoJMKxaM83xlDqNWyRuZ7S\nPqM6Zd3N9GruuYO8h9MqQVSTR7EG0zmNQAqrB9bD/HeT1tWUGJVF82UzJsm84SyO\nqwIDAQAB\n-----END PUBLIC KEY-----\n",
            "rsa_bits": 2048
          },
          "sensitive_attributes": [],
          "private": "bnVsbA=="
        }
      ]
    },
    {
      "mode": "managed",
      "type": "yandex_compute_instance",
      "name": "test",
      "provider": "provider[\"registry.terraform.io/yandex-cloud/yandex\"]",
      "instances": [
        {
          "schema_version": 1,
          "attributes": {
            "allow_recreate": null,
            "allow_stopping_for_update": true,
            "boot_disk": [
              {
                "auto_delete": true,
                "device_name": "fhm85h0qinuio0d5nkni",
                "disk_id": "fhm85h0qinuio0d5nkni",
                "initialize_params": [
                  {
                    "block_size": 4096,
                    "description": "",
                    "image_id": "fd82tb3u07rkdkfte3dn",
                    "name": "",
                    "size": 20,
                    "snapshot_id": "",
                    "type": "network-hdd"
                  }
                ],
                "mode": "READ_WRITE"
              }
            ],
            "created_at": "2023-06-27T09:57:33Z",
            "description": "",
            "filesystem": [],
            "folder_id": "b1gc2186r1ejko2jt33d",
            "fqdn": "fhmld6038s42he8um204.auto.internal",
            "gpu_cluster_id": "",
            "hostname": "",
            "id": "fhmld6038s42he8um204",
            "labels": null,
            "local_disk": [],
            "metadata": {
              "ssh-keys": "ssh-rsa AAAAB3NzaC1yc2EAAAADAQABAAABAQDNuBIzOcflkuK5HU1v2VTrRvPU7OCuk+TtifMvdfZjrZ3+zv+nt6J9iRXSyv5xwBrTIzu59n/SLQ9cjpMVJyGQOLhYCRAB2s97v7Qim4KZebyDF+6qrKIlIGnHB1FKEgwtrSDU/rWhu5T2KmLlG7Y4X8TgW+jr/htAQilW1wbGoVuXF8uhQqSakfnkNBLIQivck6AueTiQRHLDGA1oioKiMV/DraSZcs8bxxmmvnUXd3s0or30BO0zHcHMJOOU5SgkwrFozzfGUOo1bJG5ntI+ozpl3c30au65g7yH0ypBVJNHsQbTOY1ACqsH1sP8d5PW1ZQYlUXzZTMmybzhLI6r\n",
              "startup-script": "#!/bin/bash\nsudo useradd -m -s /bin/bash amangeldiyev\nsudo passwd P@$sw0rd\nsudo usermod -aG sudo newuser\n"
            },
            "metadata_options": [
              {
                "aws_v1_http_endpoint": 1,
                "aws_v1_http_token": 2,
                "gce_http_endpoint": 1,
                "gce_http_token": 1
              }
            ],
            "name": "slurm-vm1",
            "network_acceleration_type": "standard",
            "network_interface": [
              {
                "dns_record": [],
                "index": 0,
                "ip_address": "10.2.0.27",
                "ipv4": true,
                "ipv6": false,
                "ipv6_address": "",
                "ipv6_dns_record": [],
                "mac_address": "d0:0d:15:69:80:34",
                "nat": true,
                "nat_dns_record": [],
                "nat_ip_address": "51.250.85.222",
                "nat_ip_version": "IPV4",
                "security_group_ids": [],
                "subnet_id": "e9b997viph6kksoq7gmb"
              }
            ],
            "placement_policy": [
              {
                "host_affinity_rules": [],
                "placement_group_id": ""
              }
            ],
            "platform_id": "standard-v1",
            "resources": [
              {
                "core_fraction": 100,
                "cores": 4,
                "gpus": 0,
                "memory": 8
              }
            ],
            "scheduling_policy": [
              {
                "preemptible": false
              }
            ],
            "secondary_disk": [],
            "service_account_id": "",
            "status": "running",
            "timeouts": null,
            "zone": "ru-central1-a"
          },
          "sensitive_attributes": [],
          "private": "eyJlMmJmYjczMC1lY2FhLTExZTYtOGY4OC0zNDM2M2JjN2M0YzAiOnsiY3JlYXRlIjozMDAwMDAwMDAwMDAsImRlbGV0ZSI6MzAwMDAwMDAwMDAwLCJ1cGRhdGUiOjMwMDAwMDAwMDAwMH0sInNjaGVtYV92ZXJzaW9uIjoiMSJ9",
          "dependencies": [
            "tls_private_key.slurm-key",
            "yandex_vpc_network.lab-net",
            "yandex_vpc_subnet.lab-subnet-a"
          ]
        }
      ]
    },
    {
      "mode": "managed",
      "type": "yandex_compute_instance",
      "name": "test-2",
      "provider": "provider[\"registry.terraform.io/yandex-cloud/yandex\"]",
      "instances": [
        {
          "schema_version": 1,
          "attributes": {
            "allow_recreate": null,
            "allow_stopping_for_update": null,
            "boot_disk": [
              {
                "auto_delete": true,
                "device_name": "epdc09e2q0t4h9ttbo5p",
                "disk_id": "epdc09e2q0t4h9ttbo5p",
                "initialize_params": [
                  {
                    "block_size": 4096,
                    "description": "",
                    "image_id": "fd82tb3u07rkdkfte3dn",
                    "name": "",
                    "size": 20,
                    "snapshot_id": "",
                    "type": "network-hdd"
                  }
                ],
                "mode": "READ_WRITE"
              }
            ],
            "created_at": "2023-06-27T09:57:32Z",
            "description": "",
            "filesystem": [],
            "folder_id": "b1gc2186r1ejko2jt33d",
            "fqdn": "epdooacta5d0436ec3ff.auto.internal",
            "gpu_cluster_id": "",
            "hostname": "",
            "id": "epdooacta5d0436ec3ff",
            "labels": null,
            "local_disk": [],
            "metadata": {
              "ssh-keys": "ssh-rsa AAAAB3NzaC1yc2EAAAADAQABAAABAQDNuBIzOcflkuK5HU1v2VTrRvPU7OCuk+TtifMvdfZjrZ3+zv+nt6J9iRXSyv5xwBrTIzu59n/SLQ9cjpMVJyGQOLhYCRAB2s97v7Qim4KZebyDF+6qrKIlIGnHB1FKEgwtrSDU/rWhu5T2KmLlG7Y4X8TgW+jr/htAQilW1wbGoVuXF8uhQqSakfnkNBLIQivck6AueTiQRHLDGA1oioKiMV/DraSZcs8bxxmmvnUXd3s0or30BO0zHcHMJOOU5SgkwrFozzfGUOo1bJG5ntI+ozpl3c30au65g7yH0ypBVJNHsQbTOY1ACqsH1sP8d5PW1ZQYlUXzZTMmybzhLI6r\n"
            },
            "metadata_options": [
              {
                "aws_v1_http_endpoint": 1,
                "aws_v1_http_token": 2,
                "gce_http_endpoint": 1,
                "gce_http_token": 1
              }
            ],
            "name": "slurm-vm2",
            "network_acceleration_type": "standard",
            "network_interface": [
              {
                "dns_record": [],
                "index": 0,
                "ip_address": "10.3.0.7",
                "ipv4": true,
                "ipv6": false,
                "ipv6_address": "",
                "ipv6_dns_record": [],
                "mac_address": "d0:0d:18:c2:99:d5",
                "nat": true,
                "nat_dns_record": [],
                "nat_ip_address": "84.201.160.51",
                "nat_ip_version": "IPV4",
                "security_group_ids": [],
                "subnet_id": "e2lgnfjvhk68djj61ldg"
              }
            ],
            "placement_policy": [
              {
                "host_affinity_rules": [],
                "placement_group_id": ""
              }
            ],
            "platform_id": "standard-v1",
            "resources": [
              {
                "core_fraction": 100,
                "cores": 4,
                "gpus": 0,
                "memory": 8
              }
            ],
            "scheduling_policy": [
              {
                "preemptible": false
              }
            ],
            "secondary_disk": [],
            "service_account_id": "",
            "status": "running",
            "timeouts": null,
            "zone": "ru-central1-b"
          },
          "sensitive_attributes": [],
          "private": "eyJlMmJmYjczMC1lY2FhLTExZTYtOGY4OC0zNDM2M2JjN2M0YzAiOnsiY3JlYXRlIjozMDAwMDAwMDAwMDAsImRlbGV0ZSI6MzAwMDAwMDAwMDAwLCJ1cGRhdGUiOjMwMDAwMDAwMDAwMH0sInNjaGVtYV92ZXJzaW9uIjoiMSJ9",
          "dependencies": [
            "tls_private_key.slurm-key",
            "yandex_vpc_network.lab-net",
            "yandex_vpc_subnet.lab-subnet-b"
          ]
        }
      ]
    },
    {
      "mode": "managed",
      "type": "yandex_compute_instance",
      "name": "test-3",
      "provider": "provider[\"registry.terraform.io/yandex-cloud/yandex\"]",
      "instances": [
        {
          "schema_version": 1,
          "attributes": {
            "allow_recreate": null,
            "allow_stopping_for_update": null,
            "boot_disk": [
              {
                "auto_delete": true,
                "device_name": "ef3j6icobq64h73n3jiu",
                "disk_id": "ef3j6icobq64h73n3jiu",
                "initialize_params": [
                  {
                    "block_size": 4096,
                    "description": "",
                    "image_id": "fd82tb3u07rkdkfte3dn",
                    "name": "",
                    "size": 20,
                    "snapshot_id": "",
                    "type": "network-hdd"
                  }
                ],
                "mode": "READ_WRITE"
              }
            ],
            "created_at": "2023-06-27T09:57:31Z",
            "description": "",
            "filesystem": [],
            "folder_id": "b1gc2186r1ejko2jt33d",
            "fqdn": "ef3bfjdir1ccmkgrseoq.auto.internal",
            "gpu_cluster_id": "",
            "hostname": "",
            "id": "ef3bfjdir1ccmkgrseoq",
            "labels": null,
            "local_disk": [],
            "metadata": {
              "ssh-keys": "ssh-rsa AAAAB3NzaC1yc2EAAAADAQABAAABAQDNuBIzOcflkuK5HU1v2VTrRvPU7OCuk+TtifMvdfZjrZ3+zv+nt6J9iRXSyv5xwBrTIzu59n/SLQ9cjpMVJyGQOLhYCRAB2s97v7Qim4KZebyDF+6qrKIlIGnHB1FKEgwtrSDU/rWhu5T2KmLlG7Y4X8TgW+jr/htAQilW1wbGoVuXF8uhQqSakfnkNBLIQivck6AueTiQRHLDGA1oioKiMV/DraSZcs8bxxmmvnUXd3s0or30BO0zHcHMJOOU5SgkwrFozzfGUOo1bJG5ntI+ozpl3c30au65g7yH0ypBVJNHsQbTOY1ACqsH1sP8d5PW1ZQYlUXzZTMmybzhLI6r\n"
            },
            "metadata_options": [
              {
                "aws_v1_http_endpoint": 1,
                "aws_v1_http_token": 2,
                "gce_http_endpoint": 1,
                "gce_http_token": 1
              }
            ],
            "name": "slurm-vm3",
            "network_acceleration_type": "standard",
            "network_interface": [
              {
                "dns_record": [],
                "index": 0,
                "ip_address": "10.4.0.26",
                "ipv4": true,
                "ipv6": false,
                "ipv6_address": "",
                "ipv6_dns_record": [],
                "mac_address": "d0:0d:b7:cd:b2:d8",
                "nat": true,
                "nat_dns_record": [],
                "nat_ip_address": "51.250.32.212",
                "nat_ip_version": "IPV4",
                "security_group_ids": [],
                "subnet_id": "b0cdo9lt4oe5nujamc7r"
              }
            ],
            "placement_policy": [
              {
                "host_affinity_rules": [],
                "placement_group_id": ""
              }
            ],
            "platform_id": "standard-v1",
            "resources": [
              {
                "core_fraction": 100,
                "cores": 4,
                "gpus": 0,
                "memory": 8
              }
            ],
            "scheduling_policy": [
              {
                "preemptible": false
              }
            ],
            "secondary_disk": [],
            "service_account_id": "",
            "status": "running",
            "timeouts": null,
            "zone": "ru-central1-c"
          },
          "sensitive_attributes": [],
          "private": "eyJlMmJmYjczMC1lY2FhLTExZTYtOGY4OC0zNDM2M2JjN2M0YzAiOnsiY3JlYXRlIjozMDAwMDAwMDAwMDAsImRlbGV0ZSI6MzAwMDAwMDAwMDAwLCJ1cGRhdGUiOjMwMDAwMDAwMDAwMH0sInNjaGVtYV92ZXJzaW9uIjoiMSJ9",
          "dependencies": [
            "tls_private_key.slurm-key",
            "yandex_vpc_network.lab-net",
            "yandex_vpc_subnet.lab-subnet-c"
          ]
        }
      ]
    },
    {
      "mode": "managed",
      "type": "yandex_lb_network_load_balancer",
      "name": "slurm-balancer",
      "provider": "provider[\"registry.terraform.io/yandex-cloud/yandex\"]",
      "instances": [
        {
          "schema_version": 0,
          "attributes": {
            "attached_target_group": [
              {
                "healthcheck": [
                  {
                    "healthy_threshold": 2,
                    "http_options": [
                      {
                        "path": "/",
                        "port": 80
                      }
                    ],
                    "interval": 2,
                    "name": "test",
                    "tcp_options": [],
                    "timeout": 1,
                    "unhealthy_threshold": 2
                  }
                ],
                "target_group_id": "enpsbdj2i8hhfdptq987"
              }
            ],
            "created_at": "2023-06-27T09:58:41Z",
            "deletion_protection": false,
            "description": "",
            "folder_id": "b1gc2186r1ejko2jt33d",
            "id": "enpgok3df4odn77pn8jm",
            "labels": {
              "env": "lab",
              "project": "slurm"
            },
            "listener": [
              {
                "external_address_spec": [
                  {
                    "address": "158.160.103.254",
                    "ip_version": "ipv4"
                  }
                ],
                "internal_address_spec": [],
                "name": "slurm-listener",
                "port": 8080,
                "protocol": "tcp",
                "target_port": 8080
              }
            ],
            "name": "slurm-network-balancer",
            "region_id": "ru-central1",
            "timeouts": null,
            "type": "external"
          },
          "sensitive_attributes": [],
          "private": "eyJlMmJmYjczMC1lY2FhLTExZTYtOGY4OC0zNDM2M2JjN2M0YzAiOnsiY3JlYXRlIjozMDAwMDAwMDAwMDAsImRlbGV0ZSI6MzAwMDAwMDAwMDAwLCJ1cGRhdGUiOjMwMDAwMDAwMDAwMH19",
          "dependencies": [
            "tls_private_key.slurm-key",
            "yandex_compute_instance.test",
            "yandex_lb_target_group.slurm",
            "yandex_vpc_network.lab-net",
            "yandex_vpc_subnet.lab-subnet-a"
          ]
        }
      ]
    },
    {
      "mode": "managed",
      "type": "yandex_lb_target_group",
      "name": "slurm",
      "provider": "provider[\"registry.terraform.io/yandex-cloud/yandex\"]",
      "instances": [
        {
          "schema_version": 0,
          "attributes": {
            "created_at": "2023-06-27T09:58:39Z",
            "description": "",
            "folder_id": "b1gc2186r1ejko2jt33d",
            "id": "enpsbdj2i8hhfdptq987",
            "labels": {
              "env": "lab",
              "project": "slurm"
            },
            "name": "slurm-group",
            "region_id": "ru-central1",
            "target": [
              {
                "address": "10.2.0.27",
                "subnet_id": "e9b997viph6kksoq7gmb"
              }
            ],
            "timeouts": null
          },
          "sensitive_attributes": [],
          "private": "eyJlMmJmYjczMC1lY2FhLTExZTYtOGY4OC0zNDM2M2JjN2M0YzAiOnsiY3JlYXRlIjozMDAwMDAwMDAwMDAsImRlbGV0ZSI6MzAwMDAwMDAwMDAwLCJ1cGRhdGUiOjMwMDAwMDAwMDAwMH19",
          "dependencies": [
            "tls_private_key.slurm-key",
            "yandex_compute_instance.test",
            "yandex_vpc_network.lab-net",
            "yandex_vpc_subnet.lab-subnet-a"
          ]
        }
      ]
    },
    {
      "mode": "managed",
      "type": "yandex_vpc_network",
      "name": "lab-net",
      "provider": "provider[\"registry.terraform.io/yandex-cloud/yandex\"]",
      "instances": [
        {
          "schema_version": 0,
          "attributes": {
            "created_at": "2023-06-27T09:57:29Z",
            "default_security_group_id": "",
            "description": "",
            "folder_id": "b1gc2186r1ejko2jt33d",
            "id": "enpbcudu6qgnf7o72pfv",
            "labels": {},
            "name": "slurm-lab-network",
            "subnet_ids": [],
            "timeouts": null
          },
          "sensitive_attributes": [],
          "private": "eyJlMmJmYjczMC1lY2FhLTExZTYtOGY4OC0zNDM2M2JjN2M0YzAiOnsiY3JlYXRlIjo2MDAwMDAwMDAwMCwiZGVsZXRlIjo2MDAwMDAwMDAwMCwidXBkYXRlIjo2MDAwMDAwMDAwMH19"
        }
      ]
    },
    {
      "mode": "managed",
      "type": "yandex_vpc_subnet",
      "name": "lab-subnet-a",
      "provider": "provider[\"registry.terraform.io/yandex-cloud/yandex\"]",
      "instances": [
        {
          "schema_version": 0,
          "attributes": {
            "created_at": "2023-06-27T09:57:31Z",
            "description": "",
            "dhcp_options": [],
            "folder_id": "b1gc2186r1ejko2jt33d",
            "id": "e9b997viph6kksoq7gmb",
            "labels": {
              "env": "lab",
              "project": "slurm"
            },
            "name": "",
            "network_id": "enpbcudu6qgnf7o72pfv",
            "route_table_id": "",
            "timeouts": null,
            "v4_cidr_blocks": [
              "10.2.0.0/24"
            ],
            "v6_cidr_blocks": [],
            "zone": "ru-central1-a"
          },
          "sensitive_attributes": [],
          "private": "eyJlMmJmYjczMC1lY2FhLTExZTYtOGY4OC0zNDM2M2JjN2M0YzAiOnsiY3JlYXRlIjoxODAwMDAwMDAwMDAsImRlbGV0ZSI6MTgwMDAwMDAwMDAwLCJ1cGRhdGUiOjE4MDAwMDAwMDAwMH19",
          "dependencies": [
            "yandex_vpc_network.lab-net"
          ]
        }
      ]
    },
    {
      "mode": "managed",
      "type": "yandex_vpc_subnet",
      "name": "lab-subnet-b",
      "provider": "provider[\"registry.terraform.io/yandex-cloud/yandex\"]",
      "instances": [
        {
          "schema_version": 0,
          "attributes": {
            "created_at": "2023-06-27T09:57:31Z",
            "description": "",
            "dhcp_options": [],
            "folder_id": "b1gc2186r1ejko2jt33d",
            "id": "e2lgnfjvhk68djj61ldg",
            "labels": {
              "env": "lab",
              "project": "slurm"
            },
            "name": "",
            "network_id": "enpbcudu6qgnf7o72pfv",
            "route_table_id": "",
            "timeouts": null,
            "v4_cidr_blocks": [
              "10.3.0.0/24"
            ],
            "v6_cidr_blocks": [],
            "zone": "ru-central1-b"
          },
          "sensitive_attributes": [],
          "private": "eyJlMmJmYjczMC1lY2FhLTExZTYtOGY4OC0zNDM2M2JjN2M0YzAiOnsiY3JlYXRlIjoxODAwMDAwMDAwMDAsImRlbGV0ZSI6MTgwMDAwMDAwMDAwLCJ1cGRhdGUiOjE4MDAwMDAwMDAwMH19",
          "dependencies": [
            "yandex_vpc_network.lab-net"
          ]
        }
      ]
    },
    {
      "mode": "managed",
      "type": "yandex_vpc_subnet",
      "name": "lab-subnet-c",
      "provider": "provider[\"registry.terraform.io/yandex-cloud/yandex\"]",
      "instances": [
        {
          "schema_version": 0,
          "attributes": {
            "created_at": "2023-06-27T09:57:30Z",
            "description": "",
            "dhcp_options": [],
            "folder_id": "b1gc2186r1ejko2jt33d",
            "id": "b0cdo9lt4oe5nujamc7r",
            "labels": {
              "env": "lab",
              "project": "slurm"
            },
            "name": "",
            "network_id": "enpbcudu6qgnf7o72pfv",
            "route_table_id": "",
            "timeouts": null,
            "v4_cidr_blocks": [
              "10.4.0.0/24"
            ],
            "v6_cidr_blocks": [],
            "zone": "ru-central1-c"
          },
          "sensitive_attributes": [],
          "private": "eyJlMmJmYjczMC1lY2FhLTExZTYtOGY4OC0zNDM2M2JjN2M0YzAiOnsiY3JlYXRlIjoxODAwMDAwMDAwMDAsImRlbGV0ZSI6MTgwMDAwMDAwMDAwLCJ1cGRhdGUiOjE4MDAwMDAwMDAwMH19",
          "dependencies": [
            "yandex_vpc_network.lab-net"
          ]
        }
      ]
    }
  ],
  "check_results": null
}
