{
  "version": 4,
  "terraform_version": "1.5.0",
  "serial": 533,
  "lineage": "f48614d9-2319-85a3-664c-18944eed6832",
  "outputs": {
    "nlb_ip": {
      "value": "158.160.46.35",
      "type": "string"
    },
    "private_ip-1": {
      "value": [
        "51.250.90.11",
        "158.160.64.65",
        "51.250.44.251"
      ],
      "type": [
        "tuple",
        [
          "string",
          "string",
          "string"
        ]
      ]
    },
    "private_ssh_key": {
      "value": "-----BEGIN RSA PRIVATE KEY-----\nMIIEpQIBAAKCAQEA6Yt4QFie60e9ivum+8ozHqcTEsAmVgMvXQjHp2Do7MI/JV1Y\nnkXRGh4m2Fv89lx/WFcTTLKUB9w/ATUgW9Qbc7vQ7+3Mtz5bStWE06YJ72RSI9tH\nf/ADAu1jdsMCc25JPaYH9Bocl3wlAw8NM18uiPUb20Pu4Uw98uJGdYSP6JkmKFaR\nCHxKgg7FBtap5u22cDmo4ocoblK4lQJsx9MyYfb17gGSXjE4ZOsy1OHoHtJVw4kw\n14q4rA+UnlnKg7Qop6bGmbeM8lsCA9pC1qPxIYMYl/fFBtcJF4FH7JAyHRjv+weK\nO93i6UJ9g0eI/jI8KedbW258crFBNbm5GrwmuQIDAQABAoIBAQCft/ZhazokBkgm\niLxGbp5PVEvDAw40vLDjm2GPosMpSB8PWquEcpLynbRLO33grpmYvNRCG88JISMl\nnEOpCYJMwCHANI1QtKCSqTvR0zfwNFfIlepsIKSul9LyIaPHdaE5PBcsZb8wCoL1\neJG6lFmq6JZIekkgY5fqR72QGTyiAOxdr47oNS0t2B7/oH/ruBddyrmP+pgAAHH6\nzWVF8DomujBI+U+327iSwHtax3kWvFChAlWEhG6ElIIsXUZ0J1jHm7Wk7yiFdXoq\niMzHQVthNoMcUgxVgi24cOGLZyChc3Dn++8Nc6BweE6pYgOHaWrAGb8au3HINqx2\nqXXZdL3RAoGBAP3O1wA4Uc7fUxqmA3trRBkV0+HiYzhAOdU9Kdx8IrLxA0ljRS/4\nsws0o0INCRLCe2DJIPVma/pQBb3TxpMDl/bE8MR+Xrv2zh3Ws7nuQQbjv04u2Xia\nS40+G9bWAyMOtKdTnoY3p5VHuYcnESwSTsrH2uHQ1L5neysKxVd76bdbAoGBAOuP\n1CoeEtQU8ADJa80+xn+Ye840ac3lE2qUGM8PXW0CfCT5E9aoai7XoPxkIHWYt1Q4\nMPN1LPuVY8tolnHpcnWn1OPga4riedD2Ry/fdsECvYdci8EmzTgGRpButqm0MQwo\nlQBmErhB0yyW1XDnhO+DJq9MKwvFY28UmWy67op7AoGAS5aUVY5wXsoH+AHFO7aA\ne3ASwE0p+5C1KJqkovOdael5bxvPeS/6MrYkgQFc2GdvUy3TUQKF2fCHJTezBgml\n8mpIwlxYXmZskFpnAFLCrwiY6vHs9owNQC1lISBvors4djTjG1nr4PuRd3zdEmEJ\ncj7/Iw2MroAnIHR+vUU8H80CgYEAqgTnt3Z5VIXALHE007EJiDLAuTZvX2KFvxkh\nRuHqJrHydKUqQnbQHPsZgNGr8/TD7Y+ZFT9vti4/FyNn4tQB/xWhvM/QDzAjiEUZ\nYF5D0k9uCHMtk72zxUoSSFEAmkAqXoIz+VOzEza/eqFrcNBJzK22kDPDpf1UJWqS\nyj2pyl0CgYEAjgqitahT9feRKFhgeBw8Jwq2JcGao4yFzobmmoijFDvERvqO/yMy\nzN1n5hogl5Bv2oCLf7hhtnasgFo5efdObC7EsWsBNn0Aan/pb6Mml5Zk22uBbKjX\nCyZyzureQi1SWr07AJsz+wz1kSBw4LbGmaohl1VSI2PLuEBqckgP0Yk=\n-----END RSA PRIVATE KEY-----\n",
      "type": "string",
      "sensitive": true
    }
  },
  "resources": [
    {
      "mode": "data",
      "type": "yandex_compute_image",
      "name": "this",
      "provider": "provider[\"registry.terraform.io/yandex-cloud/yandex\"]",
      "instances": [
        {
          "schema_version": 0,
          "attributes": {
            "created_at": "2023-07-03T10:51:46Z",
            "description": "centos 7",
            "family": "centos-7",
            "folder_id": "standard-images",
            "id": "fd8nji2qvnu7j9cerog1",
            "image_id": "fd8nji2qvnu7j9cerog1",
            "labels": {},
            "min_disk_size": 10,
            "name": "centos-7-v20230703",
            "os_type": "linux",
            "pooled": true,
            "product_ids": [
              "f2e39s74o6pppdrg3knt"
            ],
            "size": 1,
            "status": "ready"
          },
          "sensitive_attributes": []
        }
      ]
    },
    {
      "mode": "managed",
      "type": "tls_private_key",
      "name": "slurm-key",
      "provider": "provider[\"registry.terraform.io/hashicorp/tls\"]",
      "instances": [
        {
          "index_key": 0,
          "schema_version": 0,
          "attributes": {
            "algorithm": "RSA",
            "ecdsa_curve": "P224",
            "id": "4bec4b2b3a570e67b549cc44510269c1b08e8d5b",
            "private_key_openssh": "-----BEGIN OPENSSH PRIVATE KEY-----\nb3BlbnNzaC1rZXktdjEAAAAABG5vbmUAAAAEbm9uZQAAAAAAAAABAAABFwAAAAdz\nc2gtcnNhAAAAAwEAAQAAAQEA6Yt4QFie60e9ivum+8ozHqcTEsAmVgMvXQjHp2Do\n7MI/JV1YnkXRGh4m2Fv89lx/WFcTTLKUB9w/ATUgW9Qbc7vQ7+3Mtz5bStWE06YJ\n72RSI9tHf/ADAu1jdsMCc25JPaYH9Bocl3wlAw8NM18uiPUb20Pu4Uw98uJGdYSP\n6JkmKFaRCHxKgg7FBtap5u22cDmo4ocoblK4lQJsx9MyYfb17gGSXjE4ZOsy1OHo\nHtJVw4kw14q4rA+UnlnKg7Qop6bGmbeM8lsCA9pC1qPxIYMYl/fFBtcJF4FH7JAy\nHRjv+weKO93i6UJ9g0eI/jI8KedbW258crFBNbm5GrwmuQAAA7j5TSpE+U0qRAAA\nAAdzc2gtcnNhAAABAQDpi3hAWJ7rR72K+6b7yjMepxMSwCZWAy9dCMenYOjswj8l\nXVieRdEaHibYW/z2XH9YVxNMspQH3D8BNSBb1Btzu9Dv7cy3PltK1YTTpgnvZFIj\n20d/8AMC7WN2wwJzbkk9pgf0GhyXfCUDDw0zXy6I9RvbQ+7hTD3y4kZ1hI/omSYo\nVpEIfEqCDsUG1qnm7bZwOajihyhuUriVAmzH0zJh9vXuAZJeMThk6zLU4ege0lXD\niTDXirisD5SeWcqDtCinpsaZt4zyWwID2kLWo/EhgxiX98UG1wkXgUfskDIdGO/7\nB4o73eLpQn2DR4j+Mjwp51tbbnxysUE1ubkavCa5AAAAAwEAAQAAAQEAn7f2YWs6\nJAZIJoi8Rm6eT1RLwwMONLyw45thj6LDKUgfD1qrhHKS8p20Szt94K6ZmLzUQhvP\nCSEjJZxDqQmCTMAhwDSNULSgkqk70dM38DRXyJXqbCCkrpfS8iGjx3WhOTwXLGW/\nMAqC9XiRupRZquiWSHpJIGOX6ke9kBk8ogDsXa+O6DUtLdge/6B/67gXXcq5j/qY\nAABx+s1lRfA6JrowSPlPt9u4ksB7Wsd5FrxQoQJVhIRuhJSCLF1GdCdYx5u1pO8o\nhXV6KojMx0FbYTaDHFIMVYItuHDhi2cgoXNw5/vvDXOgcHhOqWIDh2lqwBm/Grtx\nyDasdql12XS90QAAAIEAjgqitahT9feRKFhgeBw8Jwq2JcGao4yFzobmmoijFDvE\nRvqO/yMyzN1n5hogl5Bv2oCLf7hhtnasgFo5efdObC7EsWsBNn0Aan/pb6Mml5Zk\n22uBbKjXCyZyzureQi1SWr07AJsz+wz1kSBw4LbGmaohl1VSI2PLuEBqckgP0YkA\nAACBAP3O1wA4Uc7fUxqmA3trRBkV0+HiYzhAOdU9Kdx8IrLxA0ljRS/4sws0o0IN\nCRLCe2DJIPVma/pQBb3TxpMDl/bE8MR+Xrv2zh3Ws7nuQQbjv04u2XiaS40+G9bW\nAyMOtKdTnoY3p5VHuYcnESwSTsrH2uHQ1L5neysKxVd76bdbAAAAgQDrj9QqHhLU\nFPAAyWvNPsZ/mHvONGnN5RNqlBjPD11tAnwk+RPWqGou16D8ZCB1mLdUODDzdSz7\nlWPLaJZx6XJ1p9Tj4GuK4nnQ9kcv33bBAr2HXIvBJs04BkaQbraptDEMKJUAZhK4\nQdMsltVw54TvgyavTCsLxWNvFJlsuu6KewAAAAAB\n-----END OPENSSH PRIVATE KEY-----\n",
            "private_key_pem": "-----BEGIN RSA PRIVATE KEY-----\nMIIEpQIBAAKCAQEA6Yt4QFie60e9ivum+8ozHqcTEsAmVgMvXQjHp2Do7MI/JV1Y\nnkXRGh4m2Fv89lx/WFcTTLKUB9w/ATUgW9Qbc7vQ7+3Mtz5bStWE06YJ72RSI9tH\nf/ADAu1jdsMCc25JPaYH9Bocl3wlAw8NM18uiPUb20Pu4Uw98uJGdYSP6JkmKFaR\nCHxKgg7FBtap5u22cDmo4ocoblK4lQJsx9MyYfb17gGSXjE4ZOsy1OHoHtJVw4kw\n14q4rA+UnlnKg7Qop6bGmbeM8lsCA9pC1qPxIYMYl/fFBtcJF4FH7JAyHRjv+weK\nO93i6UJ9g0eI/jI8KedbW258crFBNbm5GrwmuQIDAQABAoIBAQCft/ZhazokBkgm\niLxGbp5PVEvDAw40vLDjm2GPosMpSB8PWquEcpLynbRLO33grpmYvNRCG88JISMl\nnEOpCYJMwCHANI1QtKCSqTvR0zfwNFfIlepsIKSul9LyIaPHdaE5PBcsZb8wCoL1\neJG6lFmq6JZIekkgY5fqR72QGTyiAOxdr47oNS0t2B7/oH/ruBddyrmP+pgAAHH6\nzWVF8DomujBI+U+327iSwHtax3kWvFChAlWEhG6ElIIsXUZ0J1jHm7Wk7yiFdXoq\niMzHQVthNoMcUgxVgi24cOGLZyChc3Dn++8Nc6BweE6pYgOHaWrAGb8au3HINqx2\nqXXZdL3RAoGBAP3O1wA4Uc7fUxqmA3trRBkV0+HiYzhAOdU9Kdx8IrLxA0ljRS/4\nsws0o0INCRLCe2DJIPVma/pQBb3TxpMDl/bE8MR+Xrv2zh3Ws7nuQQbjv04u2Xia\nS40+G9bWAyMOtKdTnoY3p5VHuYcnESwSTsrH2uHQ1L5neysKxVd76bdbAoGBAOuP\n1CoeEtQU8ADJa80+xn+Ye840ac3lE2qUGM8PXW0CfCT5E9aoai7XoPxkIHWYt1Q4\nMPN1LPuVY8tolnHpcnWn1OPga4riedD2Ry/fdsECvYdci8EmzTgGRpButqm0MQwo\nlQBmErhB0yyW1XDnhO+DJq9MKwvFY28UmWy67op7AoGAS5aUVY5wXsoH+AHFO7aA\ne3ASwE0p+5C1KJqkovOdael5bxvPeS/6MrYkgQFc2GdvUy3TUQKF2fCHJTezBgml\n8mpIwlxYXmZskFpnAFLCrwiY6vHs9owNQC1lISBvors4djTjG1nr4PuRd3zdEmEJ\ncj7/Iw2MroAnIHR+vUU8H80CgYEAqgTnt3Z5VIXALHE007EJiDLAuTZvX2KFvxkh\nRuHqJrHydKUqQnbQHPsZgNGr8/TD7Y+ZFT9vti4/FyNn4tQB/xWhvM/QDzAjiEUZ\nYF5D0k9uCHMtk72zxUoSSFEAmkAqXoIz+VOzEza/eqFrcNBJzK22kDPDpf1UJWqS\nyj2pyl0CgYEAjgqitahT9feRKFhgeBw8Jwq2JcGao4yFzobmmoijFDvERvqO/yMy\nzN1n5hogl5Bv2oCLf7hhtnasgFo5efdObC7EsWsBNn0Aan/pb6Mml5Zk22uBbKjX\nCyZyzureQi1SWr07AJsz+wz1kSBw4LbGmaohl1VSI2PLuEBqckgP0Yk=\n-----END RSA PRIVATE KEY-----\n",
            "public_key_fingerprint_md5": "0b:26:b5:c2:a7:92:48:22:5d:9d:db:52:42:13:54:fe",
            "public_key_fingerprint_sha256": "SHA256:AEsFnAQ8Hj5Rmii1sK+e/6YqUPY3KaTFj7gbucPihwY",
            "public_key_openssh": "ssh-rsa AAAAB3NzaC1yc2EAAAADAQABAAABAQDpi3hAWJ7rR72K+6b7yjMepxMSwCZWAy9dCMenYOjswj8lXVieRdEaHibYW/z2XH9YVxNMspQH3D8BNSBb1Btzu9Dv7cy3PltK1YTTpgnvZFIj20d/8AMC7WN2wwJzbkk9pgf0GhyXfCUDDw0zXy6I9RvbQ+7hTD3y4kZ1hI/omSYoVpEIfEqCDsUG1qnm7bZwOajihyhuUriVAmzH0zJh9vXuAZJeMThk6zLU4ege0lXDiTDXirisD5SeWcqDtCinpsaZt4zyWwID2kLWo/EhgxiX98UG1wkXgUfskDIdGO/7B4o73eLpQn2DR4j+Mjwp51tbbnxysUE1ubkavCa5\n",
            "public_key_pem": "-----BEGIN PUBLIC KEY-----\nMIIBIjANBgkqhkiG9w0BAQEFAAOCAQ8AMIIBCgKCAQEA6Yt4QFie60e9ivum+8oz\nHqcTEsAmVgMvXQjHp2Do7MI/JV1YnkXRGh4m2Fv89lx/WFcTTLKUB9w/ATUgW9Qb\nc7vQ7+3Mtz5bStWE06YJ72RSI9tHf/ADAu1jdsMCc25JPaYH9Bocl3wlAw8NM18u\niPUb20Pu4Uw98uJGdYSP6JkmKFaRCHxKgg7FBtap5u22cDmo4ocoblK4lQJsx9My\nYfb17gGSXjE4ZOsy1OHoHtJVw4kw14q4rA+UnlnKg7Qop6bGmbeM8lsCA9pC1qPx\nIYMYl/fFBtcJF4FH7JAyHRjv+weKO93i6UJ9g0eI/jI8KedbW258crFBNbm5Grwm\nuQIDAQAB\n-----END PUBLIC KEY-----\n",
            "rsa_bits": 2048
          },
          "sensitive_attributes": [],
          "private": "bnVsbA=="
        }
      ]
    },
    {
      "mode": "managed",
      "type": "yandex_compute_instance",
      "name": "test",
      "provider": "provider[\"registry.terraform.io/yandex-cloud/yandex\"]",
      "instances": [
        {
          "index_key": 0,
          "schema_version": 1,
          "attributes": {
            "allow_recreate": null,
            "allow_stopping_for_update": true,
            "boot_disk": [
              {
                "auto_delete": true,
                "device_name": "fhmv0r7bviin192q25r9",
                "disk_id": "fhmv0r7bviin192q25r9",
                "initialize_params": [
                  {
                    "block_size": 4096,
                    "description": "",
                    "image_id": "fd8nji2qvnu7j9cerog1",
                    "name": "",
                    "size": 20,
                    "snapshot_id": "",
                    "type": "network-hdd"
                  }
                ],
                "mode": "READ_WRITE"
              }
            ],
            "created_at": "2023-07-06T07:46:29Z",
            "description": "",
            "filesystem": [],
            "folder_id": "b1gc2186r1ejko2jt33d",
            "fqdn": "fhm0kcp0maiv9n44n84m.auto.internal",
            "gpu_cluster_id": "",
            "hostname": "",
            "id": "fhm0kcp0maiv9n44n84m",
            "labels": {},
            "local_disk": [],
            "metadata": {
              "ssh-keys": "yc-user:ssh-ed25519 AAAAC3NzaC1lZDI1NTE5AAAAIJg9VpqnkmxaWyV3khgMJd8nIBWiDtfdR64NHIfg9MHG root@DESKTOP-56JOC8M\n"
            },
            "metadata_options": [
              {
                "aws_v1_http_endpoint": 1,
                "aws_v1_http_token": 2,
                "gce_http_endpoint": 1,
                "gce_http_token": 1
              }
            ],
            "name": "slurm-0",
            "network_acceleration_type": "standard",
            "network_interface": [
              {
                "dns_record": [],
                "index": 0,
                "ip_address": "10.2.0.5",
                "ipv4": true,
                "ipv6": false,
                "ipv6_address": "",
                "ipv6_dns_record": [],
                "mac_address": "d0:0d:a3:32:0b:2a",
                "nat": true,
                "nat_dns_record": [],
                "nat_ip_address": "51.250.90.11",
                "nat_ip_version": "IPV4",
                "security_group_ids": [],
                "subnet_id": "e9brdqbba6oeemnusblc"
              }
            ],
            "placement_policy": [
              {
                "host_affinity_rules": [],
                "placement_group_id": ""
              }
            ],
            "platform_id": "standard-v1",
            "resources": [
              {
                "core_fraction": 100,
                "cores": 4,
                "gpus": 0,
                "memory": 8
              }
            ],
            "scheduling_policy": [
              {
                "preemptible": false
              }
            ],
            "secondary_disk": [],
            "service_account_id": "",
            "status": "running",
            "timeouts": null,
            "zone": "ru-central1-a"
          },
          "sensitive_attributes": [],
          "private": "eyJlMmJmYjczMC1lY2FhLTExZTYtOGY4OC0zNDM2M2JjN2M0YzAiOnsiY3JlYXRlIjozMDAwMDAwMDAwMDAsImRlbGV0ZSI6MzAwMDAwMDAwMDAwLCJ1cGRhdGUiOjMwMDAwMDAwMDAwMH0sInNjaGVtYV92ZXJzaW9uIjoiMSJ9",
          "dependencies": [
            "data.yandex_compute_image.this",
            "yandex_vpc_network.lab-net",
            "yandex_vpc_subnet.lab-subnet"
          ]
        },
        {
          "index_key": 1,
          "schema_version": 1,
          "attributes": {
            "allow_recreate": null,
            "allow_stopping_for_update": true,
            "boot_disk": [
              {
                "auto_delete": true,
                "device_name": "epddfg3eo1s04n5dvsep",
                "disk_id": "epddfg3eo1s04n5dvsep",
                "initialize_params": [
                  {
                    "block_size": 4096,
                    "description": "",
                    "image_id": "fd8nji2qvnu7j9cerog1",
                    "name": "",
                    "size": 20,
                    "snapshot_id": "",
                    "type": "network-hdd"
                  }
                ],
                "mode": "READ_WRITE"
              }
            ],
            "created_at": "2023-07-06T07:46:30Z",
            "description": "",
            "filesystem": [],
            "folder_id": "b1gc2186r1ejko2jt33d",
            "fqdn": "epdjg2olbu3g6eo9hc4p.auto.internal",
            "gpu_cluster_id": "",
            "hostname": "",
            "id": "epdjg2olbu3g6eo9hc4p",
            "labels": {},
            "local_disk": [],
            "metadata": {
              "ssh-keys": "yc-user:ssh-ed25519 AAAAC3NzaC1lZDI1NTE5AAAAIJg9VpqnkmxaWyV3khgMJd8nIBWiDtfdR64NHIfg9MHG root@DESKTOP-56JOC8M\n"
            },
            "metadata_options": [
              {
                "aws_v1_http_endpoint": 1,
                "aws_v1_http_token": 2,
                "gce_http_endpoint": 1,
                "gce_http_token": 1
              }
            ],
            "name": "slurm-1",
            "network_acceleration_type": "standard",
            "network_interface": [
              {
                "dns_record": [],
                "index": 0,
                "ip_address": "10.3.0.8",
                "ipv4": true,
                "ipv6": false,
                "ipv6_address": "",
                "ipv6_dns_record": [],
                "mac_address": "d0:0d:13:80:b1:55",
                "nat": true,
                "nat_dns_record": [],
                "nat_ip_address": "158.160.64.65",
                "nat_ip_version": "IPV4",
                "security_group_ids": [],
                "subnet_id": "e2lsa31qe9fein2pcgp9"
              }
            ],
            "placement_policy": [
              {
                "host_affinity_rules": [],
                "placement_group_id": ""
              }
            ],
            "platform_id": "standard-v1",
            "resources": [
              {
                "core_fraction": 100,
                "cores": 4,
                "gpus": 0,
                "memory": 8
              }
            ],
            "scheduling_policy": [
              {
                "preemptible": false
              }
            ],
            "secondary_disk": [],
            "service_account_id": "",
            "status": "running",
            "timeouts": null,
            "zone": "ru-central1-b"
          },
          "sensitive_attributes": [],
          "private": "eyJlMmJmYjczMC1lY2FhLTExZTYtOGY4OC0zNDM2M2JjN2M0YzAiOnsiY3JlYXRlIjozMDAwMDAwMDAwMDAsImRlbGV0ZSI6MzAwMDAwMDAwMDAwLCJ1cGRhdGUiOjMwMDAwMDAwMDAwMH0sInNjaGVtYV92ZXJzaW9uIjoiMSJ9",
          "dependencies": [
            "data.yandex_compute_image.this",
            "yandex_vpc_network.lab-net",
            "yandex_vpc_subnet.lab-subnet"
          ]
        },
        {
          "index_key": 2,
          "schema_version": 1,
          "attributes": {
            "allow_recreate": null,
            "allow_stopping_for_update": true,
            "boot_disk": [
              {
                "auto_delete": true,
                "device_name": "ef3eunno06fp18g8ltma",
                "disk_id": "ef3eunno06fp18g8ltma",
                "initialize_params": [
                  {
                    "block_size": 4096,
                    "description": "",
                    "image_id": "fd8nji2qvnu7j9cerog1",
                    "name": "",
                    "size": 20,
                    "snapshot_id": "",
                    "type": "network-hdd"
                  }
                ],
                "mode": "READ_WRITE"
              }
            ],
            "created_at": "2023-07-06T07:46:30Z",
            "description": "",
            "filesystem": [],
            "folder_id": "b1gc2186r1ejko2jt33d",
            "fqdn": "ef3klgtf847c6vca9l2m.auto.internal",
            "gpu_cluster_id": "",
            "hostname": "",
            "id": "ef3klgtf847c6vca9l2m",
            "labels": {},
            "local_disk": [],
            "metadata": {
              "ssh-keys": "yc-user:ssh-ed25519 AAAAC3NzaC1lZDI1NTE5AAAAIJg9VpqnkmxaWyV3khgMJd8nIBWiDtfdR64NHIfg9MHG root@DESKTOP-56JOC8M\n"
            },
            "metadata_options": [
              {
                "aws_v1_http_endpoint": 1,
                "aws_v1_http_token": 2,
                "gce_http_endpoint": 1,
                "gce_http_token": 1
              }
            ],
            "name": "slurm-2",
            "network_acceleration_type": "standard",
            "network_interface": [
              {
                "dns_record": [],
                "index": 0,
                "ip_address": "10.4.0.4",
                "ipv4": true,
                "ipv6": false,
                "ipv6_address": "",
                "ipv6_dns_record": [],
                "mac_address": "d0:0d:14:ac:3a:f4",
                "nat": true,
                "nat_dns_record": [],
                "nat_ip_address": "51.250.44.251",
                "nat_ip_version": "IPV4",
                "security_group_ids": [],
                "subnet_id": "b0c2ausmh2r26domkhn5"
              }
            ],
            "placement_policy": [
              {
                "host_affinity_rules": [],
                "placement_group_id": ""
              }
            ],
            "platform_id": "standard-v1",
            "resources": [
              {
                "core_fraction": 100,
                "cores": 4,
                "gpus": 0,
                "memory": 8
              }
            ],
            "scheduling_policy": [
              {
                "preemptible": false
              }
            ],
            "secondary_disk": [],
            "service_account_id": "",
            "status": "running",
            "timeouts": null,
            "zone": "ru-central1-c"
          },
          "sensitive_attributes": [],
          "private": "eyJlMmJmYjczMC1lY2FhLTExZTYtOGY4OC0zNDM2M2JjN2M0YzAiOnsiY3JlYXRlIjozMDAwMDAwMDAwMDAsImRlbGV0ZSI6MzAwMDAwMDAwMDAwLCJ1cGRhdGUiOjMwMDAwMDAwMDAwMH0sInNjaGVtYV92ZXJzaW9uIjoiMSJ9",
          "dependencies": [
            "data.yandex_compute_image.this",
            "yandex_vpc_network.lab-net",
            "yandex_vpc_subnet.lab-subnet"
          ]
        }
      ]
    },
    {
      "mode": "managed",
      "type": "yandex_lb_network_load_balancer",
      "name": "slurm-balancer",
      "provider": "provider[\"registry.terraform.io/yandex-cloud/yandex\"]",
      "instances": [
        {
          "schema_version": 0,
          "attributes": {
            "attached_target_group": [
              {
                "healthcheck": [
                  {
                    "healthy_threshold": 2,
                    "http_options": [
                      {
                        "path": "/",
                        "port": 80
                      }
                    ],
                    "interval": 2,
                    "name": "test",
                    "tcp_options": [],
                    "timeout": 1,
                    "unhealthy_threshold": 2
                  }
                ],
                "target_group_id": "enpg362qc15sdpf42hdq"
              }
            ],
            "created_at": "2023-07-06T07:48:05Z",
            "deletion_protection": false,
            "description": "",
            "folder_id": "b1gc2186r1ejko2jt33d",
            "id": "enpg0ohqeud1l8kd8929",
            "labels": {
              "env": "lab",
              "project": "slurm"
            },
            "listener": [
              {
                "external_address_spec": [
                  {
                    "address": "158.160.46.35",
                    "ip_version": "ipv4"
                  }
                ],
                "internal_address_spec": [],
                "name": "slurm-listener",
                "port": 80,
                "protocol": "tcp",
                "target_port": 80
              }
            ],
            "name": "slurm-network-balancer",
            "region_id": "ru-central1",
            "timeouts": null,
            "type": "external"
          },
          "sensitive_attributes": [],
          "private": "eyJlMmJmYjczMC1lY2FhLTExZTYtOGY4OC0zNDM2M2JjN2M0YzAiOnsiY3JlYXRlIjozMDAwMDAwMDAwMDAsImRlbGV0ZSI6MzAwMDAwMDAwMDAwLCJ1cGRhdGUiOjMwMDAwMDAwMDAwMH19",
          "dependencies": [
            "yandex_lb_target_group.slurm"
          ]
        }
      ]
    },
    {
      "mode": "managed",
      "type": "yandex_lb_target_group",
      "name": "slurm",
      "provider": "provider[\"registry.terraform.io/yandex-cloud/yandex\"]",
      "instances": [
        {
          "schema_version": 0,
          "attributes": {
            "created_at": "2023-07-06T07:48:03Z",
            "description": "",
            "folder_id": "b1gc2186r1ejko2jt33d",
            "id": "enpg362qc15sdpf42hdq",
            "labels": {
              "env": "lab",
              "project": "slurm"
            },
            "name": "slurm-group",
            "region_id": "ru-central1",
            "target": [
              {
                "address": "10.2.0.5",
                "subnet_id": "e9brdqbba6oeemnusblc"
              },
              {
                "address": "10.3.0.8",
                "subnet_id": "e2lsa31qe9fein2pcgp9"
              },
              {
                "address": "10.4.0.4",
                "subnet_id": "b0c2ausmh2r26domkhn5"
              }
            ],
            "timeouts": null
          },
          "sensitive_attributes": [],
          "private": "eyJlMmJmYjczMC1lY2FhLTExZTYtOGY4OC0zNDM2M2JjN2M0YzAiOnsiY3JlYXRlIjozMDAwMDAwMDAwMDAsImRlbGV0ZSI6MzAwMDAwMDAwMDAwLCJ1cGRhdGUiOjMwMDAwMDAwMDAwMH19",
          "dependencies": [
            "data.yandex_compute_image.this",
            "yandex_compute_instance.test",
            "yandex_vpc_network.lab-net",
            "yandex_vpc_subnet.lab-subnet"
          ]
        }
      ]
    },
    {
      "mode": "managed",
      "type": "yandex_vpc_network",
      "name": "lab-net",
      "provider": "provider[\"registry.terraform.io/yandex-cloud/yandex\"]",
      "instances": [
        {
          "schema_version": 0,
          "attributes": {
            "created_at": "2023-07-06T07:46:26Z",
            "default_security_group_id": "",
            "description": "",
            "folder_id": "b1gc2186r1ejko2jt33d",
            "id": "enpv2013bkm0liro9hht",
            "labels": {},
            "name": "slurm-lab-network",
            "subnet_ids": [
              "b0c2ausmh2r26domkhn5",
              "e2lsa31qe9fein2pcgp9",
              "e9brdqbba6oeemnusblc"
            ],
            "timeouts": null
          },
          "sensitive_attributes": [],
          "private": "eyJlMmJmYjczMC1lY2FhLTExZTYtOGY4OC0zNDM2M2JjN2M0YzAiOnsiY3JlYXRlIjo2MDAwMDAwMDAwMCwiZGVsZXRlIjo2MDAwMDAwMDAwMCwidXBkYXRlIjo2MDAwMDAwMDAwMH19"
        }
      ]
    },
    {
      "mode": "managed",
      "type": "yandex_vpc_subnet",
      "name": "lab-subnet",
      "provider": "provider[\"registry.terraform.io/yandex-cloud/yandex\"]",
      "instances": [
        {
          "index_key": "ru-central1-a",
          "schema_version": 0,
          "attributes": {
            "created_at": "2023-07-06T07:46:26Z",
            "description": "",
            "dhcp_options": [],
            "folder_id": "b1gc2186r1ejko2jt33d",
            "id": "e9brdqbba6oeemnusblc",
            "labels": {
              "env": "lab",
              "project": "slurm"
            },
            "name": "test-ru-central1-a",
            "network_id": "enpv2013bkm0liro9hht",
            "route_table_id": "",
            "timeouts": null,
            "v4_cidr_blocks": [
              "10.2.0.0/24"
            ],
            "v6_cidr_blocks": [],
            "zone": "ru-central1-a"
          },
          "sensitive_attributes": [],
          "private": "eyJlMmJmYjczMC1lY2FhLTExZTYtOGY4OC0zNDM2M2JjN2M0YzAiOnsiY3JlYXRlIjoxODAwMDAwMDAwMDAsImRlbGV0ZSI6MTgwMDAwMDAwMDAwLCJ1cGRhdGUiOjE4MDAwMDAwMDAwMH19",
          "dependencies": [
            "yandex_vpc_network.lab-net"
          ]
        },
        {
          "index_key": "ru-central1-b",
          "schema_version": 0,
          "attributes": {
            "created_at": "2023-07-06T07:46:28Z",
            "description": "",
            "dhcp_options": [],
            "folder_id": "b1gc2186r1ejko2jt33d",
            "id": "e2lsa31qe9fein2pcgp9",
            "labels": {
              "env": "lab",
              "project": "slurm"
            },
            "name": "test-ru-central1-b",
            "network_id": "enpv2013bkm0liro9hht",
            "route_table_id": "",
            "timeouts": null,
            "v4_cidr_blocks": [
              "10.3.0.0/24"
            ],
            "v6_cidr_blocks": [],
            "zone": "ru-central1-b"
          },
          "sensitive_attributes": [],
          "private": "eyJlMmJmYjczMC1lY2FhLTExZTYtOGY4OC0zNDM2M2JjN2M0YzAiOnsiY3JlYXRlIjoxODAwMDAwMDAwMDAsImRlbGV0ZSI6MTgwMDAwMDAwMDAwLCJ1cGRhdGUiOjE4MDAwMDAwMDAwMH19",
          "dependencies": [
            "yandex_vpc_network.lab-net"
          ]
        },
        {
          "index_key": "ru-central1-c",
          "schema_version": 0,
          "attributes": {
            "created_at": "2023-07-06T07:46:27Z",
            "description": "",
            "dhcp_options": [],
            "folder_id": "b1gc2186r1ejko2jt33d",
            "id": "b0c2ausmh2r26domkhn5",
            "labels": {
              "env": "lab",
              "project": "slurm"
            },
            "name": "test-ru-central1-c",
            "network_id": "enpv2013bkm0liro9hht",
            "route_table_id": "",
            "timeouts": null,
            "v4_cidr_blocks": [
              "10.4.0.0/24"
            ],
            "v6_cidr_blocks": [],
            "zone": "ru-central1-c"
          },
          "sensitive_attributes": [],
          "private": "eyJlMmJmYjczMC1lY2FhLTExZTYtOGY4OC0zNDM2M2JjN2M0YzAiOnsiY3JlYXRlIjoxODAwMDAwMDAwMDAsImRlbGV0ZSI6MTgwMDAwMDAwMDAwLCJ1cGRhdGUiOjE4MDAwMDAwMDAwMH19",
          "dependencies": [
            "yandex_vpc_network.lab-net"
          ]
        }
      ]
    }
  ],
  "check_results": null
}
