{
  "version": 4,
  "terraform_version": "1.5.0",
  "serial": 115,
  "lineage": "f48614d9-2319-85a3-664c-18944eed6832",
  "outputs": {
    "nlb_ip": {
      "value": [
        [
          "62.84.126.126"
        ]
      ],
      "type": [
        "list",
        [
          "list",
          "string"
        ]
      ]
    },
    "private_ip-1": {
      "value": "158.160.102.96",
      "type": "string"
    },
    "private_ip-2": {
      "value": "158.160.65.127",
      "type": "string"
    },
    "private_ip-3": {
      "value": "84.201.150.228",
      "type": "string"
    }
  },
  "resources": [
    {
      "mode": "managed",
      "type": "yandex_compute_instance",
      "name": "test",
      "provider": "provider[\"registry.terraform.io/yandex-cloud/yandex\"]",
      "instances": [
        {
          "schema_version": 1,
          "attributes": {
            "allow_recreate": null,
            "allow_stopping_for_update": true,
            "boot_disk": [
              {
                "auto_delete": true,
                "device_name": "fhmk86aehoot9h2mvcj1",
                "disk_id": "fhmk86aehoot9h2mvcj1",
                "initialize_params": [
                  {
                    "block_size": 4096,
                    "description": "",
                    "image_id": "fd82tb3u07rkdkfte3dn",
                    "name": "",
                    "size": 20,
                    "snapshot_id": "",
                    "type": "network-hdd"
                  }
                ],
                "mode": "READ_WRITE"
              }
            ],
            "created_at": "2023-06-27T05:52:48Z",
            "description": "",
            "filesystem": [],
            "folder_id": "b1gc2186r1ejko2jt33d",
            "fqdn": "fhmeagqh6ggnjrt4sr7j.auto.internal",
            "gpu_cluster_id": "",
            "hostname": "",
            "id": "fhmeagqh6ggnjrt4sr7j",
            "labels": {},
            "local_disk": [],
            "metadata": {
              "ssh-keys": "root:ssh-rsa AAAAB3NzaC1yc2EAAAADAQABAAABgQC6iehw6wjnP/U63U2PrlZ5WdtO7j5LJYeyumrEMBuDIBHgEToId/uYgmapxYRDAgQQC/0ekk0it6JFnm9geNqpWouhYYUw15NEdF1gUVpUJiHwkOmKmTWEWJvBTOCDJIl9gwfJq6SHiyozYBhxL/sd2lxuLYe1Y/a2VB8zLpcFUNTtiJ8aXP/8GtQjRqYzWE6+juPFmnJhGhSAB09t/lCmffeUFLW6ERS6khLIABlJIKsa+4YSgA/F6vgYFX6bKVBqgph7v8Qrdfc71OVw05nndG4SAF5RcPaUR0a3+2V95MH7eMcYG3LMHMZw5ers5JPE0ql7Cs7kvGeAHTzPKQEUki8QYCIrJxuLbbNvf/5v7aEBQCYNycA2cw8cgYxaOsNCaMwCvzQPP3wL8OzK5AiQNnBxJq9JBQOWVGttQV8U3H5M8KiQ2YHdoKN64hIV9A9MU97LpgzTKVGmeOb9bubPxDJWzmf2ZLRuMh6m/fF/gCwnYvYgcDC+F+kvyvxrj78= azamat@PC-Azamat\n",
              "startup-script": "#!/bin/bash\nsudo useradd -m -s /bin/bash amangeldiyev\nsudo passwd P@$sw0rd\nsudo usermod -aG sudo newuser\n"
            },
            "metadata_options": [
              {
                "aws_v1_http_endpoint": 1,
                "aws_v1_http_token": 2,
                "gce_http_endpoint": 1,
                "gce_http_token": 1
              }
            ],
            "name": "slurm-vm1",
            "network_acceleration_type": "standard",
            "network_interface": [
              {
                "dns_record": [],
                "index": 0,
                "ip_address": "10.2.0.7",
                "ipv4": true,
                "ipv6": false,
                "ipv6_address": "",
                "ipv6_dns_record": [],
                "mac_address": "d0:0d:e5:43:51:34",
                "nat": true,
                "nat_dns_record": [],
                "nat_ip_address": "158.160.102.96",
                "nat_ip_version": "IPV4",
                "security_group_ids": [],
                "subnet_id": "e9bbmte6o40r63afcgch"
              }
            ],
            "placement_policy": [
              {
                "host_affinity_rules": [],
                "placement_group_id": ""
              }
            ],
            "platform_id": "standard-v1",
            "resources": [
              {
                "core_fraction": 100,
                "cores": 4,
                "gpus": 0,
                "memory": 8
              }
            ],
            "scheduling_policy": [
              {
                "preemptible": false
              }
            ],
            "secondary_disk": [],
            "service_account_id": "",
            "status": "running",
            "timeouts": null,
            "zone": "ru-central1-a"
          },
          "sensitive_attributes": [],
          "private": "eyJlMmJmYjczMC1lY2FhLTExZTYtOGY4OC0zNDM2M2JjN2M0YzAiOnsiY3JlYXRlIjozMDAwMDAwMDAwMDAsImRlbGV0ZSI6MzAwMDAwMDAwMDAwLCJ1cGRhdGUiOjMwMDAwMDAwMDAwMH0sInNjaGVtYV92ZXJzaW9uIjoiMSJ9",
          "dependencies": [
            "yandex_vpc_network.lab-net",
            "yandex_vpc_subnet.lab-subnet-a"
          ]
        }
      ]
    },
    {
      "mode": "managed",
      "type": "yandex_compute_instance",
      "name": "test-2",
      "provider": "provider[\"registry.terraform.io/yandex-cloud/yandex\"]",
      "instances": [
        {
          "schema_version": 1,
          "attributes": {
            "allow_recreate": null,
            "allow_stopping_for_update": null,
            "boot_disk": [
              {
                "auto_delete": true,
                "device_name": "epd8t3spr006b918ao5n",
                "disk_id": "epd8t3spr006b918ao5n",
                "initialize_params": [
                  {
                    "block_size": 4096,
                    "description": "",
                    "image_id": "fd82tb3u07rkdkfte3dn",
                    "name": "",
                    "size": 20,
                    "snapshot_id": "",
                    "type": "network-hdd"
                  }
                ],
                "mode": "READ_WRITE"
              }
            ],
            "created_at": "2023-06-27T05:52:48Z",
            "description": "",
            "filesystem": [],
            "folder_id": "b1gc2186r1ejko2jt33d",
            "fqdn": "epdogq8d417f651fj3nm.auto.internal",
            "gpu_cluster_id": "",
            "hostname": "",
            "id": "epdogq8d417f651fj3nm",
            "labels": {},
            "local_disk": [],
            "metadata": {
              "ssh-keys": "root:ssh-rsa AAAAB3NzaC1yc2EAAAADAQABAAABgQC6iehw6wjnP/U63U2PrlZ5WdtO7j5LJYeyumrEMBuDIBHgEToId/uYgmapxYRDAgQQC/0ekk0it6JFnm9geNqpWouhYYUw15NEdF1gUVpUJiHwkOmKmTWEWJvBTOCDJIl9gwfJq6SHiyozYBhxL/sd2lxuLYe1Y/a2VB8zLpcFUNTtiJ8aXP/8GtQjRqYzWE6+juPFmnJhGhSAB09t/lCmffeUFLW6ERS6khLIABlJIKsa+4YSgA/F6vgYFX6bKVBqgph7v8Qrdfc71OVw05nndG4SAF5RcPaUR0a3+2V95MH7eMcYG3LMHMZw5ers5JPE0ql7Cs7kvGeAHTzPKQEUki8QYCIrJxuLbbNvf/5v7aEBQCYNycA2cw8cgYxaOsNCaMwCvzQPP3wL8OzK5AiQNnBxJq9JBQOWVGttQV8U3H5M8KiQ2YHdoKN64hIV9A9MU97LpgzTKVGmeOb9bubPxDJWzmf2ZLRuMh6m/fF/gCwnYvYgcDC+F+kvyvxrj78= azamat@PC-Azamat\n"
            },
            "metadata_options": [
              {
                "aws_v1_http_endpoint": 1,
                "aws_v1_http_token": 2,
                "gce_http_endpoint": 1,
                "gce_http_token": 1
              }
            ],
            "name": "slurm-vm2",
            "network_acceleration_type": "standard",
            "network_interface": [
              {
                "dns_record": [],
                "index": 0,
                "ip_address": "10.3.0.32",
                "ipv4": true,
                "ipv6": false,
                "ipv6_address": "",
                "ipv6_dns_record": [],
                "mac_address": "d0:0d:18:86:90:d2",
                "nat": true,
                "nat_dns_record": [],
                "nat_ip_address": "158.160.65.127",
                "nat_ip_version": "IPV4",
                "security_group_ids": [],
                "subnet_id": "e2l9d6iclct3ie8a51g8"
              }
            ],
            "placement_policy": [
              {
                "host_affinity_rules": [],
                "placement_group_id": ""
              }
            ],
            "platform_id": "standard-v1",
            "resources": [
              {
                "core_fraction": 100,
                "cores": 4,
                "gpus": 0,
                "memory": 8
              }
            ],
            "scheduling_policy": [
              {
                "preemptible": false
              }
            ],
            "secondary_disk": [],
            "service_account_id": "",
            "status": "running",
            "timeouts": null,
            "zone": "ru-central1-b"
          },
          "sensitive_attributes": [],
          "private": "eyJlMmJmYjczMC1lY2FhLTExZTYtOGY4OC0zNDM2M2JjN2M0YzAiOnsiY3JlYXRlIjozMDAwMDAwMDAwMDAsImRlbGV0ZSI6MzAwMDAwMDAwMDAwLCJ1cGRhdGUiOjMwMDAwMDAwMDAwMH0sInNjaGVtYV92ZXJzaW9uIjoiMSJ9",
          "dependencies": [
            "yandex_vpc_network.lab-net",
            "yandex_vpc_subnet.lab-subnet-b"
          ]
        }
      ]
    },
    {
      "mode": "managed",
      "type": "yandex_compute_instance",
      "name": "test-3",
      "provider": "provider[\"registry.terraform.io/yandex-cloud/yandex\"]",
      "instances": [
        {
          "schema_version": 1,
          "attributes": {
            "allow_recreate": null,
            "allow_stopping_for_update": null,
            "boot_disk": [
              {
                "auto_delete": true,
                "device_name": "ef3ocha0ep2fdss2q7vo",
                "disk_id": "ef3ocha0ep2fdss2q7vo",
                "initialize_params": [
                  {
                    "block_size": 4096,
                    "description": "",
                    "image_id": "fd82tb3u07rkdkfte3dn",
                    "name": "",
                    "size": 20,
                    "snapshot_id": "",
                    "type": "network-hdd"
                  }
                ],
                "mode": "READ_WRITE"
              }
            ],
            "created_at": "2023-06-27T05:52:48Z",
            "description": "",
            "filesystem": [],
            "folder_id": "b1gc2186r1ejko2jt33d",
            "fqdn": "ef325677nguv9smhdtg2.auto.internal",
            "gpu_cluster_id": "",
            "hostname": "",
            "id": "ef325677nguv9smhdtg2",
            "labels": {},
            "local_disk": [],
            "metadata": {
              "ssh-keys": "root:ssh-rsa AAAAB3NzaC1yc2EAAAADAQABAAABgQC6iehw6wjnP/U63U2PrlZ5WdtO7j5LJYeyumrEMBuDIBHgEToId/uYgmapxYRDAgQQC/0ekk0it6JFnm9geNqpWouhYYUw15NEdF1gUVpUJiHwkOmKmTWEWJvBTOCDJIl9gwfJq6SHiyozYBhxL/sd2lxuLYe1Y/a2VB8zLpcFUNTtiJ8aXP/8GtQjRqYzWE6+juPFmnJhGhSAB09t/lCmffeUFLW6ERS6khLIABlJIKsa+4YSgA/F6vgYFX6bKVBqgph7v8Qrdfc71OVw05nndG4SAF5RcPaUR0a3+2V95MH7eMcYG3LMHMZw5ers5JPE0ql7Cs7kvGeAHTzPKQEUki8QYCIrJxuLbbNvf/5v7aEBQCYNycA2cw8cgYxaOsNCaMwCvzQPP3wL8OzK5AiQNnBxJq9JBQOWVGttQV8U3H5M8KiQ2YHdoKN64hIV9A9MU97LpgzTKVGmeOb9bubPxDJWzmf2ZLRuMh6m/fF/gCwnYvYgcDC+F+kvyvxrj78= azamat@PC-Azamat\n"
            },
            "metadata_options": [
              {
                "aws_v1_http_endpoint": 1,
                "aws_v1_http_token": 2,
                "gce_http_endpoint": 1,
                "gce_http_token": 1
              }
            ],
            "name": "slurm-vm3",
            "network_acceleration_type": "standard",
            "network_interface": [
              {
                "dns_record": [],
                "index": 0,
                "ip_address": "10.4.0.23",
                "ipv4": true,
                "ipv6": false,
                "ipv6_address": "",
                "ipv6_dns_record": [],
                "mac_address": "d0:0d:22:98:e7:bc",
                "nat": true,
                "nat_dns_record": [],
                "nat_ip_address": "84.201.150.228",
                "nat_ip_version": "IPV4",
                "security_group_ids": [],
                "subnet_id": "b0c43c5mevkb4h73f38i"
              }
            ],
            "placement_policy": [
              {
                "host_affinity_rules": [],
                "placement_group_id": ""
              }
            ],
            "platform_id": "standard-v1",
            "resources": [
              {
                "core_fraction": 100,
                "cores": 4,
                "gpus": 0,
                "memory": 8
              }
            ],
            "scheduling_policy": [
              {
                "preemptible": false
              }
            ],
            "secondary_disk": [],
            "service_account_id": "",
            "status": "running",
            "timeouts": null,
            "zone": "ru-central1-c"
          },
          "sensitive_attributes": [],
          "private": "eyJlMmJmYjczMC1lY2FhLTExZTYtOGY4OC0zNDM2M2JjN2M0YzAiOnsiY3JlYXRlIjozMDAwMDAwMDAwMDAsImRlbGV0ZSI6MzAwMDAwMDAwMDAwLCJ1cGRhdGUiOjMwMDAwMDAwMDAwMH0sInNjaGVtYV92ZXJzaW9uIjoiMSJ9",
          "dependencies": [
            "yandex_vpc_network.lab-net",
            "yandex_vpc_subnet.lab-subnet-c"
          ]
        }
      ]
    },
    {
      "mode": "managed",
      "type": "yandex_lb_network_load_balancer",
      "name": "slurm-balancer",
      "provider": "provider[\"registry.terraform.io/yandex-cloud/yandex\"]",
      "instances": [
        {
          "schema_version": 0,
          "attributes": {
            "attached_target_group": [
              {
                "healthcheck": [
                  {
                    "healthy_threshold": 2,
                    "http_options": [
                      {
                        "path": "/",
                        "port": 80
                      }
                    ],
                    "interval": 2,
                    "name": "test",
                    "tcp_options": [],
                    "timeout": 1,
                    "unhealthy_threshold": 2
                  }
                ],
                "target_group_id": "enph2n9d8h318g6fr5to"
              }
            ],
            "created_at": "2023-06-27T06:04:23Z",
            "deletion_protection": false,
            "description": "",
            "folder_id": "b1gc2186r1ejko2jt33d",
            "id": "enpg1nds94ve32blguvk",
            "labels": {
              "env": "lab",
              "project": "slurm"
            },
            "listener": [
              {
                "external_address_spec": [
                  {
                    "address": "62.84.126.126",
                    "ip_version": "ipv4"
                  }
                ],
                "internal_address_spec": [],
                "name": "slurm-listener",
                "port": 8080,
                "protocol": "tcp",
                "target_port": 8080
              }
            ],
            "name": "slurm-network-balancer",
            "region_id": "ru-central1",
            "timeouts": null,
            "type": "external"
          },
          "sensitive_attributes": [],
          "private": "eyJlMmJmYjczMC1lY2FhLTExZTYtOGY4OC0zNDM2M2JjN2M0YzAiOnsiY3JlYXRlIjozMDAwMDAwMDAwMDAsImRlbGV0ZSI6MzAwMDAwMDAwMDAwLCJ1cGRhdGUiOjMwMDAwMDAwMDAwMH19",
          "dependencies": [
            "yandex_lb_target_group.slurm"
          ]
        }
      ]
    },
    {
      "mode": "managed",
      "type": "yandex_lb_target_group",
      "name": "slurm",
      "provider": "provider[\"registry.terraform.io/yandex-cloud/yandex\"]",
      "instances": [
        {
          "schema_version": 0,
          "attributes": {
            "created_at": "2023-06-27T05:59:45Z",
            "description": "",
            "folder_id": "b1gc2186r1ejko2jt33d",
            "id": "enph2n9d8h318g6fr5to",
            "labels": {
              "env": "lab",
              "project": "slurm"
            },
            "name": "slurm-group",
            "region_id": "ru-central1",
            "target": [
              {
                "address": "10.2.0.7",
                "subnet_id": "e9bbmte6o40r63afcgch"
              }
            ],
            "timeouts": null
          },
          "sensitive_attributes": [],
          "private": "eyJlMmJmYjczMC1lY2FhLTExZTYtOGY4OC0zNDM2M2JjN2M0YzAiOnsiY3JlYXRlIjozMDAwMDAwMDAwMDAsImRlbGV0ZSI6MzAwMDAwMDAwMDAwLCJ1cGRhdGUiOjMwMDAwMDAwMDAwMH19",
          "dependencies": [
            "yandex_compute_instance.test",
            "yandex_vpc_network.lab-net",
            "yandex_vpc_subnet.lab-subnet-a"
          ]
        }
      ]
    },
    {
      "mode": "managed",
      "type": "yandex_vpc_network",
      "name": "lab-net",
      "provider": "provider[\"registry.terraform.io/yandex-cloud/yandex\"]",
      "instances": [
        {
          "schema_version": 0,
          "attributes": {
            "created_at": "2023-06-27T05:52:45Z",
            "default_security_group_id": "",
            "description": "",
            "folder_id": "b1gc2186r1ejko2jt33d",
            "id": "enpahp8g5gj8av3qhrub",
            "labels": {},
            "name": "slurm-lab-network",
            "subnet_ids": [
              "b0c43c5mevkb4h73f38i",
              "e2l9d6iclct3ie8a51g8",
              "e9bbmte6o40r63afcgch"
            ],
            "timeouts": null
          },
          "sensitive_attributes": [],
          "private": "eyJlMmJmYjczMC1lY2FhLTExZTYtOGY4OC0zNDM2M2JjN2M0YzAiOnsiY3JlYXRlIjo2MDAwMDAwMDAwMCwiZGVsZXRlIjo2MDAwMDAwMDAwMCwidXBkYXRlIjo2MDAwMDAwMDAwMH19"
        }
      ]
    },
    {
      "mode": "managed",
      "type": "yandex_vpc_subnet",
      "name": "lab-subnet-a",
      "provider": "provider[\"registry.terraform.io/yandex-cloud/yandex\"]",
      "instances": [
        {
          "schema_version": 0,
          "attributes": {
            "created_at": "2023-06-27T05:52:47Z",
            "description": "",
            "dhcp_options": [],
            "folder_id": "b1gc2186r1ejko2jt33d",
            "id": "e9bbmte6o40r63afcgch",
            "labels": {
              "env": "lab",
              "project": "slurm"
            },
            "name": "",
            "network_id": "enpahp8g5gj8av3qhrub",
            "route_table_id": "",
            "timeouts": null,
            "v4_cidr_blocks": [
              "10.2.0.0/24"
            ],
            "v6_cidr_blocks": [],
            "zone": "ru-central1-a"
          },
          "sensitive_attributes": [],
          "private": "eyJlMmJmYjczMC1lY2FhLTExZTYtOGY4OC0zNDM2M2JjN2M0YzAiOnsiY3JlYXRlIjoxODAwMDAwMDAwMDAsImRlbGV0ZSI6MTgwMDAwMDAwMDAwLCJ1cGRhdGUiOjE4MDAwMDAwMDAwMH19",
          "dependencies": [
            "yandex_vpc_network.lab-net"
          ]
        }
      ]
    },
    {
      "mode": "managed",
      "type": "yandex_vpc_subnet",
      "name": "lab-subnet-b",
      "provider": "provider[\"registry.terraform.io/yandex-cloud/yandex\"]",
      "instances": [
        {
          "schema_version": 0,
          "attributes": {
            "created_at": "2023-06-27T05:52:46Z",
            "description": "",
            "dhcp_options": [],
            "folder_id": "b1gc2186r1ejko2jt33d",
            "id": "e2l9d6iclct3ie8a51g8",
            "labels": {
              "env": "lab",
              "project": "slurm"
            },
            "name": "",
            "network_id": "enpahp8g5gj8av3qhrub",
            "route_table_id": "",
            "timeouts": null,
            "v4_cidr_blocks": [
              "10.3.0.0/24"
            ],
            "v6_cidr_blocks": [],
            "zone": "ru-central1-b"
          },
          "sensitive_attributes": [],
          "private": "eyJlMmJmYjczMC1lY2FhLTExZTYtOGY4OC0zNDM2M2JjN2M0YzAiOnsiY3JlYXRlIjoxODAwMDAwMDAwMDAsImRlbGV0ZSI6MTgwMDAwMDAwMDAwLCJ1cGRhdGUiOjE4MDAwMDAwMDAwMH19",
          "dependencies": [
            "yandex_vpc_network.lab-net"
          ]
        }
      ]
    },
    {
      "mode": "managed",
      "type": "yandex_vpc_subnet",
      "name": "lab-subnet-c",
      "provider": "provider[\"registry.terraform.io/yandex-cloud/yandex\"]",
      "instances": [
        {
          "schema_version": 0,
          "attributes": {
            "created_at": "2023-06-27T05:52:47Z",
            "description": "",
            "dhcp_options": [],
            "folder_id": "b1gc2186r1ejko2jt33d",
            "id": "b0c43c5mevkb4h73f38i",
            "labels": {
              "env": "lab",
              "project": "slurm"
            },
            "name": "",
            "network_id": "enpahp8g5gj8av3qhrub",
            "route_table_id": "",
            "timeouts": null,
            "v4_cidr_blocks": [
              "10.4.0.0/24"
            ],
            "v6_cidr_blocks": [],
            "zone": "ru-central1-c"
          },
          "sensitive_attributes": [],
          "private": "eyJlMmJmYjczMC1lY2FhLTExZTYtOGY4OC0zNDM2M2JjN2M0YzAiOnsiY3JlYXRlIjoxODAwMDAwMDAwMDAsImRlbGV0ZSI6MTgwMDAwMDAwMDAwLCJ1cGRhdGUiOjE4MDAwMDAwMDAwMH19",
          "dependencies": [
            "yandex_vpc_network.lab-net"
          ]
        }
      ]
    }
  ],
  "check_results": null
}
