{
  "version": 4,
  "terraform_version": "1.5.0",
  "serial": 89,
  "lineage": "f48614d9-2319-85a3-664c-18944eed6832",
  "outputs": {
    "private_ip-1": {
      "value": "158.160.98.175",
      "type": "string"
    },
    "private_ip-2": {
      "value": "158.160.67.29",
      "type": "string"
    },
    "private_ip-3": {
      "value": "51.250.45.119",
      "type": "string"
    }
  },
  "resources": [
    {
      "mode": "managed",
      "type": "yandex_compute_instance",
      "name": "test",
      "provider": "provider[\"registry.terraform.io/yandex-cloud/yandex\"]",
      "instances": [
        {
          "schema_version": 1,
          "attributes": {
            "allow_recreate": null,
            "allow_stopping_for_update": true,
            "boot_disk": [
              {
                "auto_delete": true,
                "device_name": "fhm2hvrdofv4bmeqjp58",
                "disk_id": "fhm2hvrdofv4bmeqjp58",
                "initialize_params": [
                  {
                    "block_size": 4096,
                    "description": "",
                    "image_id": "fd82tb3u07rkdkfte3dn",
                    "name": "",
                    "size": 20,
                    "snapshot_id": "",
                    "type": "network-hdd"
                  }
                ],
                "mode": "READ_WRITE"
              }
            ],
            "created_at": "2023-06-22T17:00:28Z",
            "description": "",
            "filesystem": [],
            "folder_id": "b1gc2186r1ejko2jt33d",
            "fqdn": "fhmof7k0rc1guurb1q5e.auto.internal",
            "gpu_cluster_id": "",
            "hostname": "",
            "id": "fhmof7k0rc1guurb1q5e",
            "labels": {},
            "local_disk": [],
            "metadata": {
              "ssh-keys": "root:ssh-rsa AAAAB3NzaC1yc2EAAAADAQABAAABgQCUNV5+6oeaAUFcjn8v6vKFPHbvFtzCYnDKtj3Ktow7cRprTeSp/T2whDTrYtVlqezo3sCCpwFHdNjhQ41S3uMTgCIpYwUUoCNLfIKX4lgUQlLg0CAAYezka21X5hhyzwG+PgkFWDWkQ8dIm3V0U5SqRq9/n+/8OKE/WiHTcoX0eOJPl3JgeGpWVzOFZK7ujmvDIHbqqn5CrCyLstnFv7uP6w1qzfv6Tqqu6UjCGvTacuj30KdMbvlk76g5mGQXTBWpLXul0ytOnEROLzjmKyikNGhvhkP+wsgulg2H3sSJxj0bN0IL9qWxflaNYPG18FxenvlIStDrpB47K6UIGpxBpzVFm098DeVB/3IH9z0KJBrkL7axhB2D6QVc3oCvs9Rdqhi3imI8hK0v83AHoZslObm8zBtRkNOpFCr5i44N0Nl9SE2ZaRqeqejxM6oDQ+uZRBiu7FTJlG0ss207VI2HBCRxGYqbtxWfb18K+Y/OxtxBQDzO7VtypVmtVb2x+uM= root@DESKTOP-56JOC8M\n",
              "startup-script": "#!/bin/bash\nsudo useradd -m -s /bin/bash amangeldiyev\nsudo passwd P@$sw0rd\nsudo usermod -aG sudo newuser\n"
            },
            "metadata_options": [
              {
                "aws_v1_http_endpoint": 1,
                "aws_v1_http_token": 2,
                "gce_http_endpoint": 1,
                "gce_http_token": 1
              }
            ],
            "name": "slurm-vm1",
            "network_acceleration_type": "standard",
            "network_interface": [
              {
                "dns_record": [],
                "index": 0,
                "ip_address": "10.2.0.17",
                "ipv4": true,
                "ipv6": false,
                "ipv6_address": "",
                "ipv6_dns_record": [],
                "mac_address": "d0:0d:18:79:e8:0d",
                "nat": true,
                "nat_dns_record": [],
                "nat_ip_address": "158.160.98.175",
                "nat_ip_version": "IPV4",
                "security_group_ids": [],
                "subnet_id": "e9bneg9uhngr1uaral4m"
              }
            ],
            "placement_policy": [
              {
                "host_affinity_rules": [],
                "placement_group_id": ""
              }
            ],
            "platform_id": "standard-v1",
            "resources": [
              {
                "core_fraction": 100,
                "cores": 4,
                "gpus": 0,
                "memory": 8
              }
            ],
            "scheduling_policy": [
              {
                "preemptible": false
              }
            ],
            "secondary_disk": [],
            "service_account_id": "",
            "status": "running",
            "timeouts": null,
            "zone": "ru-central1-a"
          },
          "sensitive_attributes": [],
          "private": "eyJlMmJmYjczMC1lY2FhLTExZTYtOGY4OC0zNDM2M2JjN2M0YzAiOnsiY3JlYXRlIjozMDAwMDAwMDAwMDAsImRlbGV0ZSI6MzAwMDAwMDAwMDAwLCJ1cGRhdGUiOjMwMDAwMDAwMDAwMH0sInNjaGVtYV92ZXJzaW9uIjoiMSJ9",
          "dependencies": [
            "yandex_vpc_subnet.lab-subnet-a"
          ]
        }
      ]
    },
    {
      "mode": "managed",
      "type": "yandex_compute_instance",
      "name": "test-2",
      "provider": "provider[\"registry.terraform.io/yandex-cloud/yandex\"]",
      "instances": [
        {
          "schema_version": 1,
          "attributes": {
            "allow_recreate": null,
            "allow_stopping_for_update": null,
            "boot_disk": [
              {
                "auto_delete": true,
                "device_name": "epd17k32uqsnpn6g486n",
                "disk_id": "epd17k32uqsnpn6g486n",
                "initialize_params": [
                  {
                    "block_size": 4096,
                    "description": "",
                    "image_id": "fd82tb3u07rkdkfte3dn",
                    "name": "",
                    "size": 20,
                    "snapshot_id": "",
                    "type": "network-hdd"
                  }
                ],
                "mode": "READ_WRITE"
              }
            ],
            "created_at": "2023-06-22T17:00:28Z",
            "description": "",
            "filesystem": [],
            "folder_id": "b1gc2186r1ejko2jt33d",
            "fqdn": "epdflv0iuvaj70v4oajd.auto.internal",
            "gpu_cluster_id": "",
            "hostname": "",
            "id": "epdflv0iuvaj70v4oajd",
            "labels": {},
            "local_disk": [],
            "metadata": {
              "ssh-keys": "root:ssh-rsa AAAAB3NzaC1yc2EAAAADAQABAAABgQCUNV5+6oeaAUFcjn8v6vKFPHbvFtzCYnDKtj3Ktow7cRprTeSp/T2whDTrYtVlqezo3sCCpwFHdNjhQ41S3uMTgCIpYwUUoCNLfIKX4lgUQlLg0CAAYezka21X5hhyzwG+PgkFWDWkQ8dIm3V0U5SqRq9/n+/8OKE/WiHTcoX0eOJPl3JgeGpWVzOFZK7ujmvDIHbqqn5CrCyLstnFv7uP6w1qzfv6Tqqu6UjCGvTacuj30KdMbvlk76g5mGQXTBWpLXul0ytOnEROLzjmKyikNGhvhkP+wsgulg2H3sSJxj0bN0IL9qWxflaNYPG18FxenvlIStDrpB47K6UIGpxBpzVFm098DeVB/3IH9z0KJBrkL7axhB2D6QVc3oCvs9Rdqhi3imI8hK0v83AHoZslObm8zBtRkNOpFCr5i44N0Nl9SE2ZaRqeqejxM6oDQ+uZRBiu7FTJlG0ss207VI2HBCRxGYqbtxWfb18K+Y/OxtxBQDzO7VtypVmtVb2x+uM= root@DESKTOP-56JOC8M\n"
            },
            "metadata_options": [
              {
                "aws_v1_http_endpoint": 1,
                "aws_v1_http_token": 2,
                "gce_http_endpoint": 1,
                "gce_http_token": 1
              }
            ],
            "name": "slurm-vm2",
            "network_acceleration_type": "standard",
            "network_interface": [
              {
                "dns_record": [],
                "index": 0,
                "ip_address": "10.3.0.14",
                "ipv4": true,
                "ipv6": false,
                "ipv6_address": "",
                "ipv6_dns_record": [],
                "mac_address": "d0:0d:fa:fc:12:f7",
                "nat": true,
                "nat_dns_record": [],
                "nat_ip_address": "158.160.67.29",
                "nat_ip_version": "IPV4",
                "security_group_ids": [],
                "subnet_id": "e2lnkkuhb266bkhcugmv"
              }
            ],
            "placement_policy": [
              {
                "host_affinity_rules": [],
                "placement_group_id": ""
              }
            ],
            "platform_id": "standard-v1",
            "resources": [
              {
                "core_fraction": 100,
                "cores": 4,
                "gpus": 0,
                "memory": 8
              }
            ],
            "scheduling_policy": [
              {
                "preemptible": false
              }
            ],
            "secondary_disk": [],
            "service_account_id": "",
            "status": "running",
            "timeouts": null,
            "zone": "ru-central1-b"
          },
          "sensitive_attributes": [],
          "private": "eyJlMmJmYjczMC1lY2FhLTExZTYtOGY4OC0zNDM2M2JjN2M0YzAiOnsiY3JlYXRlIjozMDAwMDAwMDAwMDAsImRlbGV0ZSI6MzAwMDAwMDAwMDAwLCJ1cGRhdGUiOjMwMDAwMDAwMDAwMH0sInNjaGVtYV92ZXJzaW9uIjoiMSJ9",
          "dependencies": [
            "yandex_vpc_network.lab-net",
            "yandex_vpc_subnet.lab-subnet-b"
          ]
        }
      ]
    },
    {
      "mode": "managed",
      "type": "yandex_compute_instance",
      "name": "test-3",
      "provider": "provider[\"registry.terraform.io/yandex-cloud/yandex\"]",
      "instances": [
        {
          "schema_version": 1,
          "attributes": {
            "allow_recreate": null,
            "allow_stopping_for_update": null,
            "boot_disk": [
              {
                "auto_delete": true,
                "device_name": "ef3jb5pkq4ts0glucucs",
                "disk_id": "ef3jb5pkq4ts0glucucs",
                "initialize_params": [
                  {
                    "block_size": 4096,
                    "description": "",
                    "image_id": "fd82tb3u07rkdkfte3dn",
                    "name": "",
                    "size": 20,
                    "snapshot_id": "",
                    "type": "network-hdd"
                  }
                ],
                "mode": "READ_WRITE"
              }
            ],
            "created_at": "2023-06-22T17:00:29Z",
            "description": "",
            "filesystem": [],
            "folder_id": "b1gc2186r1ejko2jt33d",
            "fqdn": "ef3lusc5lbnhebqa2qi4.auto.internal",
            "gpu_cluster_id": "",
            "hostname": "",
            "id": "ef3lusc5lbnhebqa2qi4",
            "labels": {},
            "local_disk": [],
            "metadata": {
              "ssh-keys": "root:ssh-rsa AAAAB3NzaC1yc2EAAAADAQABAAABgQCUNV5+6oeaAUFcjn8v6vKFPHbvFtzCYnDKtj3Ktow7cRprTeSp/T2whDTrYtVlqezo3sCCpwFHdNjhQ41S3uMTgCIpYwUUoCNLfIKX4lgUQlLg0CAAYezka21X5hhyzwG+PgkFWDWkQ8dIm3V0U5SqRq9/n+/8OKE/WiHTcoX0eOJPl3JgeGpWVzOFZK7ujmvDIHbqqn5CrCyLstnFv7uP6w1qzfv6Tqqu6UjCGvTacuj30KdMbvlk76g5mGQXTBWpLXul0ytOnEROLzjmKyikNGhvhkP+wsgulg2H3sSJxj0bN0IL9qWxflaNYPG18FxenvlIStDrpB47K6UIGpxBpzVFm098DeVB/3IH9z0KJBrkL7axhB2D6QVc3oCvs9Rdqhi3imI8hK0v83AHoZslObm8zBtRkNOpFCr5i44N0Nl9SE2ZaRqeqejxM6oDQ+uZRBiu7FTJlG0ss207VI2HBCRxGYqbtxWfb18K+Y/OxtxBQDzO7VtypVmtVb2x+uM= root@DESKTOP-56JOC8M\n"
            },
            "metadata_options": [
              {
                "aws_v1_http_endpoint": 1,
                "aws_v1_http_token": 2,
                "gce_http_endpoint": 1,
                "gce_http_token": 1
              }
            ],
            "name": "slurm-vm3",
            "network_acceleration_type": "standard",
            "network_interface": [
              {
                "dns_record": [],
                "index": 0,
                "ip_address": "10.4.0.30",
                "ipv4": true,
                "ipv6": false,
                "ipv6_address": "",
                "ipv6_dns_record": [],
                "mac_address": "d0:0d:15:f7:18:5a",
                "nat": true,
                "nat_dns_record": [],
                "nat_ip_address": "51.250.45.119",
                "nat_ip_version": "IPV4",
                "security_group_ids": [],
                "subnet_id": "b0cf12sv9cnidseu3psd"
              }
            ],
            "placement_policy": [
              {
                "host_affinity_rules": [],
                "placement_group_id": ""
              }
            ],
            "platform_id": "standard-v1",
            "resources": [
              {
                "core_fraction": 100,
                "cores": 4,
                "gpus": 0,
                "memory": 8
              }
            ],
            "scheduling_policy": [
              {
                "preemptible": false
              }
            ],
            "secondary_disk": [],
            "service_account_id": "",
            "status": "running",
            "timeouts": null,
            "zone": "ru-central1-c"
          },
          "sensitive_attributes": [],
          "private": "eyJlMmJmYjczMC1lY2FhLTExZTYtOGY4OC0zNDM2M2JjN2M0YzAiOnsiY3JlYXRlIjozMDAwMDAwMDAwMDAsImRlbGV0ZSI6MzAwMDAwMDAwMDAwLCJ1cGRhdGUiOjMwMDAwMDAwMDAwMH0sInNjaGVtYV92ZXJzaW9uIjoiMSJ9",
          "dependencies": [
            "yandex_vpc_network.lab-net",
            "yandex_vpc_subnet.lab-subnet-c"
          ]
        }
      ]
    },
    {
      "mode": "managed",
      "type": "yandex_vpc_network",
      "name": "lab-net",
      "provider": "provider[\"registry.terraform.io/yandex-cloud/yandex\"]",
      "instances": [
        {
          "schema_version": 0,
          "attributes": {
            "created_at": "2023-06-22T17:00:26Z",
            "default_security_group_id": "",
            "description": "",
            "folder_id": "b1gc2186r1ejko2jt33d",
            "id": "enp9qmumb5i5902l730h",
            "labels": {},
            "name": "slurm-lab-network",
            "subnet_ids": [
              "b0cf12sv9cnidseu3psd",
              "e2lnkkuhb266bkhcugmv",
              "e9bneg9uhngr1uaral4m"
            ],
            "timeouts": null
          },
          "sensitive_attributes": [],
          "private": "eyJlMmJmYjczMC1lY2FhLTExZTYtOGY4OC0zNDM2M2JjN2M0YzAiOnsiY3JlYXRlIjo2MDAwMDAwMDAwMCwiZGVsZXRlIjo2MDAwMDAwMDAwMCwidXBkYXRlIjo2MDAwMDAwMDAwMH19"
        }
      ]
    },
    {
      "mode": "managed",
      "type": "yandex_vpc_subnet",
      "name": "lab-subnet-a",
      "provider": "provider[\"registry.terraform.io/yandex-cloud/yandex\"]",
      "instances": [
        {
          "schema_version": 0,
          "attributes": {
            "created_at": "2023-06-22T17:00:27Z",
            "description": "",
            "dhcp_options": [],
            "folder_id": "b1gc2186r1ejko2jt33d",
            "id": "e9bneg9uhngr1uaral4m",
            "labels": {
              "env": "lab",
              "project": "slurm"
            },
            "name": "",
            "network_id": "enp9qmumb5i5902l730h",
            "route_table_id": "",
            "timeouts": null,
            "v4_cidr_blocks": [
              "10.2.0.0/24"
            ],
            "v6_cidr_blocks": [],
            "zone": "ru-central1-a"
          },
          "sensitive_attributes": [],
          "private": "eyJlMmJmYjczMC1lY2FhLTExZTYtOGY4OC0zNDM2M2JjN2M0YzAiOnsiY3JlYXRlIjoxODAwMDAwMDAwMDAsImRlbGV0ZSI6MTgwMDAwMDAwMDAwLCJ1cGRhdGUiOjE4MDAwMDAwMDAwMH19",
          "dependencies": [
            "yandex_vpc_network.lab-net"
          ]
        }
      ]
    },
    {
      "mode": "managed",
      "type": "yandex_vpc_subnet",
      "name": "lab-subnet-b",
      "provider": "provider[\"registry.terraform.io/yandex-cloud/yandex\"]",
      "instances": [
        {
          "schema_version": 0,
          "attributes": {
            "created_at": "2023-06-22T17:00:27Z",
            "description": "",
            "dhcp_options": [],
            "folder_id": "b1gc2186r1ejko2jt33d",
            "id": "e2lnkkuhb266bkhcugmv",
            "labels": {
              "env": "lab",
              "project": "slurm"
            },
            "name": "",
            "network_id": "enp9qmumb5i5902l730h",
            "route_table_id": "",
            "timeouts": null,
            "v4_cidr_blocks": [
              "10.3.0.0/24"
            ],
            "v6_cidr_blocks": [],
            "zone": "ru-central1-b"
          },
          "sensitive_attributes": [],
          "private": "eyJlMmJmYjczMC1lY2FhLTExZTYtOGY4OC0zNDM2M2JjN2M0YzAiOnsiY3JlYXRlIjoxODAwMDAwMDAwMDAsImRlbGV0ZSI6MTgwMDAwMDAwMDAwLCJ1cGRhdGUiOjE4MDAwMDAwMDAwMH19",
          "dependencies": [
            "yandex_vpc_network.lab-net"
          ]
        }
      ]
    },
    {
      "mode": "managed",
      "type": "yandex_vpc_subnet",
      "name": "lab-subnet-c",
      "provider": "provider[\"registry.terraform.io/yandex-cloud/yandex\"]",
      "instances": [
        {
          "schema_version": 0,
          "attributes": {
            "created_at": "2023-06-22T17:00:28Z",
            "description": "",
            "dhcp_options": [],
            "folder_id": "b1gc2186r1ejko2jt33d",
            "id": "b0cf12sv9cnidseu3psd",
            "labels": {
              "env": "lab",
              "project": "slurm"
            },
            "name": "",
            "network_id": "enp9qmumb5i5902l730h",
            "route_table_id": "",
            "timeouts": null,
            "v4_cidr_blocks": [
              "10.4.0.0/24"
            ],
            "v6_cidr_blocks": [],
            "zone": "ru-central1-c"
          },
          "sensitive_attributes": [],
          "private": "eyJlMmJmYjczMC1lY2FhLTExZTYtOGY4OC0zNDM2M2JjN2M0YzAiOnsiY3JlYXRlIjoxODAwMDAwMDAwMDAsImRlbGV0ZSI6MTgwMDAwMDAwMDAwLCJ1cGRhdGUiOjE4MDAwMDAwMDAwMH19",
          "dependencies": [
            "yandex_vpc_network.lab-net"
          ]
        }
      ]
    }
  ],
  "check_results": null
}
