{
  "version": 4,
  "terraform_version": "1.5.0",
  "serial": 202,
  "lineage": "f48614d9-2319-85a3-664c-18944eed6832",
  "outputs": {
    "private_ip-1": {
      "value": [
        "158.160.102.62",
        "158.160.27.31",
        "51.250.33.130"
      ],
      "type": [
        "tuple",
        [
          "string",
          "string",
          "string"
        ]
      ]
    },
    "private_ssh_key": {
      "value": "-----BEGIN RSA PRIVATE KEY-----\nMIIEowIBAAKCAQEAsAWHID5HaAVoqD0R51LirEwvsM+QIL6urEaSvgrlagvHwd3C\nD+4MEYIbn1o+TKfRv1kq5NPih5aL70ESbmMRN8ReTl5TJuIG2dFLEBQWIMSD9aHv\niNyfADOoVV7e8IXxH3qAjcevHgr7NR3qU/9c4GCzcTf8Zl8JFlR11WtcC8XfTn/d\nMQ57JRBNEtKTBDlz8CbkL9VbK6P3di4vMIqj07zeLGODA6hedugmrwzoGlz8OvLC\nSR/KkdPF4q+ikyWfY/5Atcm1LnQYYvY3ndp/JnxMdvRH/gTaHzqkOk/qFHU1n1Lx\nd+XVxYRWgNjwUPU75WDKdcBSf3j54Q/RUobO+QIDAQABAoIBAQCshv6HEAQVZRfL\nrvAZeBhNIO+tsgRm0/+JRDMYqr1qT9mfn6hSzNRvZMOGUYG2yNbBYri0SSpEE79c\n5r8WC2wY6RQ2ZCXEes6UOJwGSmnV/EgLPon176i5HejkpHSH9AD/BadzUEHIhKLs\n0UGYyzdRhfbcBjASdxwFEwvb/7rcnZkEh3ky1C1/d7sradCoLfDtprg5NPDkkI42\n5+vt8FPt1intlbMN2gUQh3xpMdgd+WDlR5B4Q1T5pPNh3vhHvzJa3nQ7C23Syuvt\nuqpRWA964yxlODvNjTI1v6LyN5AYZ39v1PuavoDrnaGt7CHsi5zp5sFw76q7cXMQ\nFs388XYBAoGBAOEkww0IEcJvWToU8SUIEnjuOQFdBAnOklH3/WdAcpXqxAIAafrt\nJdEtbycHWNQXa4lIupsxE2UU7K0dFkkcR+DA8CJttr8Ug/eZ+tk14hp++SXpBD5p\nW+MCP81rULQvzGxYumIgtzFgIkbmbxQMT03wpj4gfZrmUZvA/aEP/Z6pAoGBAMgl\nTc67bwTMdVaJvrGFG910QtRNJVn/aJQqvubO/7yNqx2ciYKXCisMDIfm5sAEmFeU\nmEFdofO2J+jfir0eNAau2TJw8t5Cph47XaFX4ElqPVjMshoKdi1x8G09C4oww6ns\nDFPJBqWhiPfiaat0FUXp38Hx0Jx8XPvjraOUZW/RAoGAOqfLMS/zAIbl5h3inVU3\nCs51h4dmL+/javuCx02hDLG3ExZshfUWryJ5HN/rIoZfe8q44wmsFd+XsZosXivC\nBin95dpTjACaSP2Svtgs6d4+psPIWUI1sDS7zpaw1eDGD0wmcr43O+PhyjrqoXx7\nhMC3buQkFSEADeX/reBuoNECgYA1UyMQ4oVovOTCYr7I41MSRKiNkeRSvybo2x6z\nthES9pfRsuQ8Q+u0nmg0SUPPgynno7KRL9Y3bZ/ifrSjQInSAgHiW4+Jwi4qPdzr\nYNNkHAcuQpNtNr5Xy1Sodiw97FIlUrvSEuxPcuNgUBWhVbNZRj+Ul83h84x+nCGm\nRKJmEQKBgBndImr5h4q1T+J2AP+P5qjMFw3ItatLaFUtjUVfMAQal//Lc2KRZ5oR\nJ62QmGli0fZqop48DMU9qRxU0lA0ZJjpBtM+sovZGRGveqnFonPxGjW8CLnxRoLy\nUKWnRh8apQcifvLXwds8lrPNvUK6rTh1Li/DI9o8GmT4Wm/Ph1wb\n-----END RSA PRIVATE KEY-----\n",
      "type": "string",
      "sensitive": true
    }
  },
  "resources": [
    {
      "mode": "managed",
      "type": "tls_private_key",
      "name": "slurm-key",
      "provider": "provider[\"registry.terraform.io/hashicorp/tls\"]",
      "instances": [
        {
          "index_key": 0,
          "schema_version": 0,
          "attributes": {
            "algorithm": "RSA",
            "ecdsa_curve": "P224",
            "id": "15545a0171ce67bb1dc2cf96226a0fce82679ce8",
            "private_key_openssh": "-----BEGIN OPENSSH PRIVATE KEY-----\nb3BlbnNzaC1rZXktdjEAAAAABG5vbmUAAAAEbm9uZQAAAAAAAAABAAABFwAAAAdz\nc2gtcnNhAAAAAwEAAQAAAQEAsAWHID5HaAVoqD0R51LirEwvsM+QIL6urEaSvgrl\nagvHwd3CD+4MEYIbn1o+TKfRv1kq5NPih5aL70ESbmMRN8ReTl5TJuIG2dFLEBQW\nIMSD9aHviNyfADOoVV7e8IXxH3qAjcevHgr7NR3qU/9c4GCzcTf8Zl8JFlR11Wtc\nC8XfTn/dMQ57JRBNEtKTBDlz8CbkL9VbK6P3di4vMIqj07zeLGODA6hedugmrwzo\nGlz8OvLCSR/KkdPF4q+ikyWfY/5Atcm1LnQYYvY3ndp/JnxMdvRH/gTaHzqkOk/q\nFHU1n1Lxd+XVxYRWgNjwUPU75WDKdcBSf3j54Q/RUobO+QAAA7iO7Q9Bju0PQQAA\nAAdzc2gtcnNhAAABAQCwBYcgPkdoBWioPRHnUuKsTC+wz5Agvq6sRpK+CuVqC8fB\n3cIP7gwRghufWj5Mp9G/WSrk0+KHlovvQRJuYxE3xF5OXlMm4gbZ0UsQFBYgxIP1\noe+I3J8AM6hVXt7whfEfeoCNx68eCvs1HepT/1zgYLNxN/xmXwkWVHXVa1wLxd9O\nf90xDnslEE0S0pMEOXPwJuQv1Vsro/d2Li8wiqPTvN4sY4MDqF526CavDOgaXPw6\n8sJJH8qR08Xir6KTJZ9j/kC1ybUudBhi9jed2n8mfEx29Ef+BNofOqQ6T+oUdTWf\nUvF35dXFhFaA2PBQ9TvlYMp1wFJ/ePnhD9FShs75AAAAAwEAAQAAAQEArIb+hxAE\nFWUXy67wGXgYTSDvrbIEZtP/iUQzGKq9ak/Zn5+oUszUb2TDhlGBtsjWwWK4tEkq\nRBO/XOa/FgtsGOkUNmQlxHrOlDicBkpp1fxICz6J9e+ouR3o5KR0h/QA/wWnc1BB\nyISi7NFBmMs3UYX23AYwEnccBRML2/+63J2ZBId5MtQtf3e7K2nQqC3w7aa4OTTw\n5JCONufr7fBT7dYp7ZWzDdoFEId8aTHYHflg5UeQeENU+aTzYd74R78yWt50Owtt\n0srr7bqqUVgPeuMsZTg7zY0yNb+i8jeQGGd/b9T7mr6A652hrewh7Iuc6ebBcO+q\nu3FzEBbN/PF2AQAAAIAZ3SJq+YeKtU/idgD/j+aozBcNyLWrS2hVLY1FXzAEGpf/\ny3NikWeaESetkJhpYtH2aqKePAzFPakcVNJQNGSY6QbTPrKL2RkRr3qpxaJz8Ro1\nvAi58UaC8lClp0YfGqUHIn7y18HbPJazzb1Cuq04dS4vwyPaPBpk+Fpvz4dcGwAA\nAIEA4STDDQgRwm9ZOhTxJQgSeO45AV0ECc6SUff9Z0BylerEAgBp+u0l0S1vJwdY\n1BdriUi6mzETZRTsrR0WSRxH4MDwIm22vxSD95n62TXiGn75JekEPmlb4wI/zWtQ\ntC/MbFi6YiC3MWAiRuZvFAxPTfCmPiB9muZRm8D9oQ/9nqkAAACBAMglTc67bwTM\ndVaJvrGFG910QtRNJVn/aJQqvubO/7yNqx2ciYKXCisMDIfm5sAEmFeUmEFdofO2\nJ+jfir0eNAau2TJw8t5Cph47XaFX4ElqPVjMshoKdi1x8G09C4oww6nsDFPJBqWh\niPfiaat0FUXp38Hx0Jx8XPvjraOUZW/RAAAAAAEC\n-----END OPENSSH PRIVATE KEY-----\n",
            "private_key_pem": "-----BEGIN RSA PRIVATE KEY-----\nMIIEowIBAAKCAQEAsAWHID5HaAVoqD0R51LirEwvsM+QIL6urEaSvgrlagvHwd3C\nD+4MEYIbn1o+TKfRv1kq5NPih5aL70ESbmMRN8ReTl5TJuIG2dFLEBQWIMSD9aHv\niNyfADOoVV7e8IXxH3qAjcevHgr7NR3qU/9c4GCzcTf8Zl8JFlR11WtcC8XfTn/d\nMQ57JRBNEtKTBDlz8CbkL9VbK6P3di4vMIqj07zeLGODA6hedugmrwzoGlz8OvLC\nSR/KkdPF4q+ikyWfY/5Atcm1LnQYYvY3ndp/JnxMdvRH/gTaHzqkOk/qFHU1n1Lx\nd+XVxYRWgNjwUPU75WDKdcBSf3j54Q/RUobO+QIDAQABAoIBAQCshv6HEAQVZRfL\nrvAZeBhNIO+tsgRm0/+JRDMYqr1qT9mfn6hSzNRvZMOGUYG2yNbBYri0SSpEE79c\n5r8WC2wY6RQ2ZCXEes6UOJwGSmnV/EgLPon176i5HejkpHSH9AD/BadzUEHIhKLs\n0UGYyzdRhfbcBjASdxwFEwvb/7rcnZkEh3ky1C1/d7sradCoLfDtprg5NPDkkI42\n5+vt8FPt1intlbMN2gUQh3xpMdgd+WDlR5B4Q1T5pPNh3vhHvzJa3nQ7C23Syuvt\nuqpRWA964yxlODvNjTI1v6LyN5AYZ39v1PuavoDrnaGt7CHsi5zp5sFw76q7cXMQ\nFs388XYBAoGBAOEkww0IEcJvWToU8SUIEnjuOQFdBAnOklH3/WdAcpXqxAIAafrt\nJdEtbycHWNQXa4lIupsxE2UU7K0dFkkcR+DA8CJttr8Ug/eZ+tk14hp++SXpBD5p\nW+MCP81rULQvzGxYumIgtzFgIkbmbxQMT03wpj4gfZrmUZvA/aEP/Z6pAoGBAMgl\nTc67bwTMdVaJvrGFG910QtRNJVn/aJQqvubO/7yNqx2ciYKXCisMDIfm5sAEmFeU\nmEFdofO2J+jfir0eNAau2TJw8t5Cph47XaFX4ElqPVjMshoKdi1x8G09C4oww6ns\nDFPJBqWhiPfiaat0FUXp38Hx0Jx8XPvjraOUZW/RAoGAOqfLMS/zAIbl5h3inVU3\nCs51h4dmL+/javuCx02hDLG3ExZshfUWryJ5HN/rIoZfe8q44wmsFd+XsZosXivC\nBin95dpTjACaSP2Svtgs6d4+psPIWUI1sDS7zpaw1eDGD0wmcr43O+PhyjrqoXx7\nhMC3buQkFSEADeX/reBuoNECgYA1UyMQ4oVovOTCYr7I41MSRKiNkeRSvybo2x6z\nthES9pfRsuQ8Q+u0nmg0SUPPgynno7KRL9Y3bZ/ifrSjQInSAgHiW4+Jwi4qPdzr\nYNNkHAcuQpNtNr5Xy1Sodiw97FIlUrvSEuxPcuNgUBWhVbNZRj+Ul83h84x+nCGm\nRKJmEQKBgBndImr5h4q1T+J2AP+P5qjMFw3ItatLaFUtjUVfMAQal//Lc2KRZ5oR\nJ62QmGli0fZqop48DMU9qRxU0lA0ZJjpBtM+sovZGRGveqnFonPxGjW8CLnxRoLy\nUKWnRh8apQcifvLXwds8lrPNvUK6rTh1Li/DI9o8GmT4Wm/Ph1wb\n-----END RSA PRIVATE KEY-----\n",
            "public_key_fingerprint_md5": "48:40:b1:a7:be:1b:28:bb:d8:5b:e6:32:fe:ec:2b:97",
            "public_key_fingerprint_sha256": "SHA256:nFMMtsAytLZ4Plutjs00IE4KiYhRuFKmUEBwBvnVUFE",
            "public_key_openssh": "ssh-rsa AAAAB3NzaC1yc2EAAAADAQABAAABAQCwBYcgPkdoBWioPRHnUuKsTC+wz5Agvq6sRpK+CuVqC8fB3cIP7gwRghufWj5Mp9G/WSrk0+KHlovvQRJuYxE3xF5OXlMm4gbZ0UsQFBYgxIP1oe+I3J8AM6hVXt7whfEfeoCNx68eCvs1HepT/1zgYLNxN/xmXwkWVHXVa1wLxd9Of90xDnslEE0S0pMEOXPwJuQv1Vsro/d2Li8wiqPTvN4sY4MDqF526CavDOgaXPw68sJJH8qR08Xir6KTJZ9j/kC1ybUudBhi9jed2n8mfEx29Ef+BNofOqQ6T+oUdTWfUvF35dXFhFaA2PBQ9TvlYMp1wFJ/ePnhD9FShs75\n",
            "public_key_pem": "-----BEGIN PUBLIC KEY-----\nMIIBIjANBgkqhkiG9w0BAQEFAAOCAQ8AMIIBCgKCAQEAsAWHID5HaAVoqD0R51Li\nrEwvsM+QIL6urEaSvgrlagvHwd3CD+4MEYIbn1o+TKfRv1kq5NPih5aL70ESbmMR\nN8ReTl5TJuIG2dFLEBQWIMSD9aHviNyfADOoVV7e8IXxH3qAjcevHgr7NR3qU/9c\n4GCzcTf8Zl8JFlR11WtcC8XfTn/dMQ57JRBNEtKTBDlz8CbkL9VbK6P3di4vMIqj\n07zeLGODA6hedugmrwzoGlz8OvLCSR/KkdPF4q+ikyWfY/5Atcm1LnQYYvY3ndp/\nJnxMdvRH/gTaHzqkOk/qFHU1n1Lxd+XVxYRWgNjwUPU75WDKdcBSf3j54Q/RUobO\n+QIDAQAB\n-----END PUBLIC KEY-----\n",
            "rsa_bits": 2048
          },
          "sensitive_attributes": [],
          "private": "bnVsbA=="
        }
      ]
    },
    {
      "mode": "managed",
      "type": "yandex_compute_instance",
      "name": "test",
      "provider": "provider[\"registry.terraform.io/yandex-cloud/yandex\"]",
      "instances": [
        {
          "index_key": 0,
          "schema_version": 1,
          "attributes": {
            "allow_recreate": null,
            "allow_stopping_for_update": true,
            "boot_disk": [
              {
                "auto_delete": true,
                "device_name": "fhmn1h0folht90eig5vv",
                "disk_id": "fhmn1h0folht90eig5vv",
                "initialize_params": [
                  {
                    "block_size": 4096,
                    "description": "",
                    "image_id": "fd82tb3u07rkdkfte3dn",
                    "name": "",
                    "size": 20,
                    "snapshot_id": "",
                    "type": "network-hdd"
                  }
                ],
                "mode": "READ_WRITE"
              }
            ],
            "created_at": "2023-06-29T14:47:11Z",
            "description": "",
            "filesystem": [],
            "folder_id": "b1gc2186r1ejko2jt33d",
            "fqdn": "fhmu8lhf3a6e1vbp2phf.auto.internal",
            "gpu_cluster_id": "",
            "hostname": "",
            "id": "fhmu8lhf3a6e1vbp2phf",
            "labels": null,
            "local_disk": [],
            "metadata": {
              "ssh-keys": "ssh-rsa AAAAB3NzaC1yc2EAAAADAQABAAABAQCwBYcgPkdoBWioPRHnUuKsTC+wz5Agvq6sRpK+CuVqC8fB3cIP7gwRghufWj5Mp9G/WSrk0+KHlovvQRJuYxE3xF5OXlMm4gbZ0UsQFBYgxIP1oe+I3J8AM6hVXt7whfEfeoCNx68eCvs1HepT/1zgYLNxN/xmXwkWVHXVa1wLxd9Of90xDnslEE0S0pMEOXPwJuQv1Vsro/d2Li8wiqPTvN4sY4MDqF526CavDOgaXPw68sJJH8qR08Xir6KTJZ9j/kC1ybUudBhi9jed2n8mfEx29Ef+BNofOqQ6T+oUdTWfUvF35dXFhFaA2PBQ9TvlYMp1wFJ/ePnhD9FShs75\n",
              "startup-script": "#!/bin/bash\nsudo useradd -m -s /bin/bash amangeldiyev\nsudo passwd P@$sw0rd\nsudo usermod -aG sudo newuser\n"
            },
            "metadata_options": [
              {
                "aws_v1_http_endpoint": 1,
                "aws_v1_http_token": 2,
                "gce_http_endpoint": 1,
                "gce_http_token": 1
              }
            ],
            "name": "slurm-0",
            "network_acceleration_type": "standard",
            "network_interface": [
              {
                "dns_record": [],
                "index": 0,
                "ip_address": "10.2.0.30",
                "ipv4": true,
                "ipv6": false,
                "ipv6_address": "",
                "ipv6_dns_record": [],
                "mac_address": "d0:0d:1e:45:62:f1",
                "nat": true,
                "nat_dns_record": [],
                "nat_ip_address": "158.160.102.62",
                "nat_ip_version": "IPV4",
                "security_group_ids": [],
                "subnet_id": "e9bi9eiai8bkri19r3rs"
              }
            ],
            "placement_policy": [
              {
                "host_affinity_rules": [],
                "placement_group_id": ""
              }
            ],
            "platform_id": "standard-v1",
            "resources": [
              {
                "core_fraction": 100,
                "cores": 4,
                "gpus": 0,
                "memory": 8
              }
            ],
            "scheduling_policy": [
              {
                "preemptible": false
              }
            ],
            "secondary_disk": [],
            "service_account_id": "",
            "status": "running",
            "timeouts": null,
            "zone": "ru-central1-a"
          },
          "sensitive_attributes": [],
          "private": "eyJlMmJmYjczMC1lY2FhLTExZTYtOGY4OC0zNDM2M2JjN2M0YzAiOnsiY3JlYXRlIjozMDAwMDAwMDAwMDAsImRlbGV0ZSI6MzAwMDAwMDAwMDAwLCJ1cGRhdGUiOjMwMDAwMDAwMDAwMH0sInNjaGVtYV92ZXJzaW9uIjoiMSJ9",
          "dependencies": [
            "tls_private_key.slurm-key",
            "yandex_vpc_network.lab-net",
            "yandex_vpc_subnet.lab-subnet"
          ]
        },
        {
          "index_key": 1,
          "schema_version": 1,
          "attributes": {
            "allow_recreate": null,
            "allow_stopping_for_update": true,
            "boot_disk": [
              {
                "auto_delete": true,
                "device_name": "epdt83vsuce6t75eghh6",
                "disk_id": "epdt83vsuce6t75eghh6",
                "initialize_params": [
                  {
                    "block_size": 4096,
                    "description": "",
                    "image_id": "fd82tb3u07rkdkfte3dn",
                    "name": "",
                    "size": 20,
                    "snapshot_id": "",
                    "type": "network-hdd"
                  }
                ],
                "mode": "READ_WRITE"
              }
            ],
            "created_at": "2023-06-29T14:47:11Z",
            "description": "",
            "filesystem": [],
            "folder_id": "b1gc2186r1ejko2jt33d",
            "fqdn": "epd81mna225o6u88oq10.auto.internal",
            "gpu_cluster_id": "",
            "hostname": "",
            "id": "epd81mna225o6u88oq10",
            "labels": null,
            "local_disk": [],
            "metadata": {
              "ssh-keys": "ssh-rsa AAAAB3NzaC1yc2EAAAADAQABAAABAQCwBYcgPkdoBWioPRHnUuKsTC+wz5Agvq6sRpK+CuVqC8fB3cIP7gwRghufWj5Mp9G/WSrk0+KHlovvQRJuYxE3xF5OXlMm4gbZ0UsQFBYgxIP1oe+I3J8AM6hVXt7whfEfeoCNx68eCvs1HepT/1zgYLNxN/xmXwkWVHXVa1wLxd9Of90xDnslEE0S0pMEOXPwJuQv1Vsro/d2Li8wiqPTvN4sY4MDqF526CavDOgaXPw68sJJH8qR08Xir6KTJZ9j/kC1ybUudBhi9jed2n8mfEx29Ef+BNofOqQ6T+oUdTWfUvF35dXFhFaA2PBQ9TvlYMp1wFJ/ePnhD9FShs75\n",
              "startup-script": "#!/bin/bash\nsudo useradd -m -s /bin/bash amangeldiyev\nsudo passwd P@$sw0rd\nsudo usermod -aG sudo newuser\n"
            },
            "metadata_options": [
              {
                "aws_v1_http_endpoint": 1,
                "aws_v1_http_token": 2,
                "gce_http_endpoint": 1,
                "gce_http_token": 1
              }
            ],
            "name": "slurm-1",
            "network_acceleration_type": "standard",
            "network_interface": [
              {
                "dns_record": [],
                "index": 0,
                "ip_address": "10.3.0.11",
                "ipv4": true,
                "ipv6": false,
                "ipv6_address": "",
                "ipv6_dns_record": [],
                "mac_address": "d0:0d:80:da:ea:10",
                "nat": true,
                "nat_dns_record": [],
                "nat_ip_address": "158.160.27.31",
                "nat_ip_version": "IPV4",
                "security_group_ids": [],
                "subnet_id": "e2l5iccfdhdb4s0mc9pk"
              }
            ],
            "placement_policy": [
              {
                "host_affinity_rules": [],
                "placement_group_id": ""
              }
            ],
            "platform_id": "standard-v1",
            "resources": [
              {
                "core_fraction": 100,
                "cores": 4,
                "gpus": 0,
                "memory": 8
              }
            ],
            "scheduling_policy": [
              {
                "preemptible": false
              }
            ],
            "secondary_disk": [],
            "service_account_id": "",
            "status": "running",
            "timeouts": null,
            "zone": "ru-central1-b"
          },
          "sensitive_attributes": [],
          "private": "eyJlMmJmYjczMC1lY2FhLTExZTYtOGY4OC0zNDM2M2JjN2M0YzAiOnsiY3JlYXRlIjozMDAwMDAwMDAwMDAsImRlbGV0ZSI6MzAwMDAwMDAwMDAwLCJ1cGRhdGUiOjMwMDAwMDAwMDAwMH0sInNjaGVtYV92ZXJzaW9uIjoiMSJ9",
          "dependencies": [
            "tls_private_key.slurm-key",
            "yandex_vpc_network.lab-net",
            "yandex_vpc_subnet.lab-subnet"
          ]
        },
        {
          "index_key": 2,
          "schema_version": 1,
          "attributes": {
            "allow_recreate": null,
            "allow_stopping_for_update": true,
            "boot_disk": [
              {
                "auto_delete": true,
                "device_name": "ef3ksr9pn6ssfqbbu2ti",
                "disk_id": "ef3ksr9pn6ssfqbbu2ti",
                "initialize_params": [
                  {
                    "block_size": 4096,
                    "description": "",
                    "image_id": "fd82tb3u07rkdkfte3dn",
                    "name": "",
                    "size": 20,
                    "snapshot_id": "",
                    "type": "network-hdd"
                  }
                ],
                "mode": "READ_WRITE"
              }
            ],
            "created_at": "2023-06-29T14:47:11Z",
            "description": "",
            "filesystem": [],
            "folder_id": "b1gc2186r1ejko2jt33d",
            "fqdn": "ef3nf6hcp5f0cs6l08fk.auto.internal",
            "gpu_cluster_id": "",
            "hostname": "",
            "id": "ef3nf6hcp5f0cs6l08fk",
            "labels": null,
            "local_disk": [],
            "metadata": {
              "ssh-keys": "ssh-rsa AAAAB3NzaC1yc2EAAAADAQABAAABAQCwBYcgPkdoBWioPRHnUuKsTC+wz5Agvq6sRpK+CuVqC8fB3cIP7gwRghufWj5Mp9G/WSrk0+KHlovvQRJuYxE3xF5OXlMm4gbZ0UsQFBYgxIP1oe+I3J8AM6hVXt7whfEfeoCNx68eCvs1HepT/1zgYLNxN/xmXwkWVHXVa1wLxd9Of90xDnslEE0S0pMEOXPwJuQv1Vsro/d2Li8wiqPTvN4sY4MDqF526CavDOgaXPw68sJJH8qR08Xir6KTJZ9j/kC1ybUudBhi9jed2n8mfEx29Ef+BNofOqQ6T+oUdTWfUvF35dXFhFaA2PBQ9TvlYMp1wFJ/ePnhD9FShs75\n",
              "startup-script": "#!/bin/bash\nsudo useradd -m -s /bin/bash amangeldiyev\nsudo passwd P@$sw0rd\nsudo usermod -aG sudo newuser\n"
            },
            "metadata_options": [
              {
                "aws_v1_http_endpoint": 1,
                "aws_v1_http_token": 2,
                "gce_http_endpoint": 1,
                "gce_http_token": 1
              }
            ],
            "name": "slurm-2",
            "network_acceleration_type": "standard",
            "network_interface": [
              {
                "dns_record": [],
                "index": 0,
                "ip_address": "10.4.0.23",
                "ipv4": true,
                "ipv6": false,
                "ipv6_address": "",
                "ipv6_dns_record": [],
                "mac_address": "d0:0d:17:79:a2:cc",
                "nat": true,
                "nat_dns_record": [],
                "nat_ip_address": "51.250.33.130",
                "nat_ip_version": "IPV4",
                "security_group_ids": [],
                "subnet_id": "b0c0onpkehdg8ne2p23b"
              }
            ],
            "placement_policy": [
              {
                "host_affinity_rules": [],
                "placement_group_id": ""
              }
            ],
            "platform_id": "standard-v1",
            "resources": [
              {
                "core_fraction": 100,
                "cores": 4,
                "gpus": 0,
                "memory": 8
              }
            ],
            "scheduling_policy": [
              {
                "preemptible": false
              }
            ],
            "secondary_disk": [],
            "service_account_id": "",
            "status": "running",
            "timeouts": null,
            "zone": "ru-central1-c"
          },
          "sensitive_attributes": [],
          "private": "eyJlMmJmYjczMC1lY2FhLTExZTYtOGY4OC0zNDM2M2JjN2M0YzAiOnsiY3JlYXRlIjozMDAwMDAwMDAwMDAsImRlbGV0ZSI6MzAwMDAwMDAwMDAwLCJ1cGRhdGUiOjMwMDAwMDAwMDAwMH0sInNjaGVtYV92ZXJzaW9uIjoiMSJ9",
          "dependencies": [
            "tls_private_key.slurm-key",
            "yandex_vpc_network.lab-net",
            "yandex_vpc_subnet.lab-subnet"
          ]
        }
      ]
    },
    {
      "mode": "managed",
      "type": "yandex_lb_network_load_balancer",
      "name": "slurm-balancer",
      "provider": "provider[\"registry.terraform.io/yandex-cloud/yandex\"]",
      "instances": [
        {
          "schema_version": 0,
          "attributes": {
            "attached_target_group": [
              {
                "healthcheck": [
                  {
                    "healthy_threshold": 2,
                    "http_options": [
                      {
                        "path": "/",
                        "port": 80
                      }
                    ],
                    "interval": 2,
                    "name": "test",
                    "tcp_options": [],
                    "timeout": 1,
                    "unhealthy_threshold": 2
                  }
                ],
                "target_group_id": "enpo0nq91l7lkbp8461o"
              }
            ],
            "created_at": "2023-06-29T14:48:11Z",
            "deletion_protection": false,
            "description": "",
            "folder_id": "b1gc2186r1ejko2jt33d",
            "id": "enpsbmsrjnfjmkc8s6pt",
            "labels": {
              "env": "lab",
              "project": "slurm"
            },
            "listener": [
              {
                "external_address_spec": [
                  {
                    "address": "158.160.47.78",
                    "ip_version": "ipv4"
                  }
                ],
                "internal_address_spec": [],
                "name": "slurm-listener",
                "port": 8080,
                "protocol": "tcp",
                "target_port": 8080
              }
            ],
            "name": "slurm-network-balancer",
            "region_id": "ru-central1",
            "timeouts": null,
            "type": "external"
          },
          "sensitive_attributes": [],
          "private": "eyJlMmJmYjczMC1lY2FhLTExZTYtOGY4OC0zNDM2M2JjN2M0YzAiOnsiY3JlYXRlIjozMDAwMDAwMDAwMDAsImRlbGV0ZSI6MzAwMDAwMDAwMDAwLCJ1cGRhdGUiOjMwMDAwMDAwMDAwMH19",
          "dependencies": [
            "tls_private_key.slurm-key",
            "yandex_compute_instance.test",
            "yandex_lb_target_group.slurm",
            "yandex_vpc_network.lab-net",
            "yandex_vpc_subnet.lab-subnet"
          ]
        }
      ]
    },
    {
      "mode": "managed",
      "type": "yandex_lb_target_group",
      "name": "slurm",
      "provider": "provider[\"registry.terraform.io/yandex-cloud/yandex\"]",
      "instances": [
        {
          "schema_version": 0,
          "attributes": {
            "created_at": "2023-06-29T14:48:09Z",
            "description": "",
            "folder_id": "b1gc2186r1ejko2jt33d",
            "id": "enpo0nq91l7lkbp8461o",
            "labels": {
              "env": "lab",
              "project": "slurm"
            },
            "name": "slurm-group",
            "region_id": "ru-central1",
            "target": [
              {
                "address": "10.2.0.30",
                "subnet_id": "e9bi9eiai8bkri19r3rs"
              },
              {
                "address": "10.3.0.11",
                "subnet_id": "e2l5iccfdhdb4s0mc9pk"
              },
              {
                "address": "10.4.0.23",
                "subnet_id": "b0c0onpkehdg8ne2p23b"
              }
            ],
            "timeouts": null
          },
          "sensitive_attributes": [],
          "private": "eyJlMmJmYjczMC1lY2FhLTExZTYtOGY4OC0zNDM2M2JjN2M0YzAiOnsiY3JlYXRlIjozMDAwMDAwMDAwMDAsImRlbGV0ZSI6MzAwMDAwMDAwMDAwLCJ1cGRhdGUiOjMwMDAwMDAwMDAwMH19",
          "dependencies": [
            "tls_private_key.slurm-key",
            "yandex_compute_instance.test",
            "yandex_vpc_network.lab-net",
            "yandex_vpc_subnet.lab-subnet"
          ]
        }
      ]
    },
    {
      "mode": "managed",
      "type": "yandex_vpc_network",
      "name": "lab-net",
      "provider": "provider[\"registry.terraform.io/yandex-cloud/yandex\"]",
      "instances": [
        {
          "schema_version": 0,
          "attributes": {
            "created_at": "2023-06-29T14:47:07Z",
            "default_security_group_id": "",
            "description": "",
            "folder_id": "b1gc2186r1ejko2jt33d",
            "id": "enp1utqbkipjql398inp",
            "labels": {},
            "name": "slurm-lab-network",
            "subnet_ids": [],
            "timeouts": null
          },
          "sensitive_attributes": [],
          "private": "eyJlMmJmYjczMC1lY2FhLTExZTYtOGY4OC0zNDM2M2JjN2M0YzAiOnsiY3JlYXRlIjo2MDAwMDAwMDAwMCwiZGVsZXRlIjo2MDAwMDAwMDAwMCwidXBkYXRlIjo2MDAwMDAwMDAwMH19"
        }
      ]
    },
    {
      "mode": "managed",
      "type": "yandex_vpc_subnet",
      "name": "lab-subnet",
      "provider": "provider[\"registry.terraform.io/yandex-cloud/yandex\"]",
      "instances": [
        {
          "index_key": "ru-central1-a",
          "schema_version": 0,
          "attributes": {
            "created_at": "2023-06-29T14:47:08Z",
            "description": "",
            "dhcp_options": [],
            "folder_id": "b1gc2186r1ejko2jt33d",
            "id": "e9bi9eiai8bkri19r3rs",
            "labels": {
              "env": "lab",
              "project": "slurm"
            },
            "name": "test-ru-central1-a",
            "network_id": "enp1utqbkipjql398inp",
            "route_table_id": "",
            "timeouts": null,
            "v4_cidr_blocks": [
              "10.2.0.0/24"
            ],
            "v6_cidr_blocks": [],
            "zone": "ru-central1-a"
          },
          "sensitive_attributes": [],
          "private": "eyJlMmJmYjczMC1lY2FhLTExZTYtOGY4OC0zNDM2M2JjN2M0YzAiOnsiY3JlYXRlIjoxODAwMDAwMDAwMDAsImRlbGV0ZSI6MTgwMDAwMDAwMDAwLCJ1cGRhdGUiOjE4MDAwMDAwMDAwMH19",
          "dependencies": [
            "yandex_vpc_network.lab-net"
          ]
        },
        {
          "index_key": "ru-central1-b",
          "schema_version": 0,
          "attributes": {
            "created_at": "2023-06-29T14:47:09Z",
            "description": "",
            "dhcp_options": [],
            "folder_id": "b1gc2186r1ejko2jt33d",
            "id": "e2l5iccfdhdb4s0mc9pk",
            "labels": {
              "env": "lab",
              "project": "slurm"
            },
            "name": "test-ru-central1-b",
            "network_id": "enp1utqbkipjql398inp",
            "route_table_id": "",
            "timeouts": null,
            "v4_cidr_blocks": [
              "10.3.0.0/24"
            ],
            "v6_cidr_blocks": [],
            "zone": "ru-central1-b"
          },
          "sensitive_attributes": [],
          "private": "eyJlMmJmYjczMC1lY2FhLTExZTYtOGY4OC0zNDM2M2JjN2M0YzAiOnsiY3JlYXRlIjoxODAwMDAwMDAwMDAsImRlbGV0ZSI6MTgwMDAwMDAwMDAwLCJ1cGRhdGUiOjE4MDAwMDAwMDAwMH19",
          "dependencies": [
            "yandex_vpc_network.lab-net"
          ]
        },
        {
          "index_key": "ru-central1-c",
          "schema_version": 0,
          "attributes": {
            "created_at": "2023-06-29T14:47:08Z",
            "description": "",
            "dhcp_options": [],
            "folder_id": "b1gc2186r1ejko2jt33d",
            "id": "b0c0onpkehdg8ne2p23b",
            "labels": {
              "env": "lab",
              "project": "slurm"
            },
            "name": "test-ru-central1-c",
            "network_id": "enp1utqbkipjql398inp",
            "route_table_id": "",
            "timeouts": null,
            "v4_cidr_blocks": [
              "10.4.0.0/24"
            ],
            "v6_cidr_blocks": [],
            "zone": "ru-central1-c"
          },
          "sensitive_attributes": [],
          "private": "eyJlMmJmYjczMC1lY2FhLTExZTYtOGY4OC0zNDM2M2JjN2M0YzAiOnsiY3JlYXRlIjoxODAwMDAwMDAwMDAsImRlbGV0ZSI6MTgwMDAwMDAwMDAwLCJ1cGRhdGUiOjE4MDAwMDAwMDAwMH19",
          "dependencies": [
            "yandex_vpc_network.lab-net"
          ]
        }
      ]
    }
  ],
  "check_results": null
}
