{
  "version": 4,
  "terraform_version": "1.5.0",
  "serial": 8,
  "lineage": "f48614d9-2319-85a3-664c-18944eed6832",
  "outputs": {},
  "resources": [
    {
      "mode": "managed",
      "type": "yandex_compute_instance",
      "name": "test",
      "provider": "provider[\"registry.terraform.io/yandex-cloud/yandex\"]",
      "instances": [
        {
          "schema_version": 1,
          "attributes": {
            "allow_recreate": null,
            "allow_stopping_for_update": true,
            "boot_disk": [
              {
                "auto_delete": true,
                "device_name": "fhm9ab5cc4q8enlm9i5k",
                "disk_id": "fhm9ab5cc4q8enlm9i5k",
                "initialize_params": [
                  {
                    "block_size": 4096,
                    "description": "",
                    "image_id": "fd8dgtuscndkp3jmdb82",
                    "name": "",
                    "size": 10,
                    "snapshot_id": "",
                    "type": "network-hdd"
                  }
                ],
                "mode": "READ_WRITE"
              }
            ],
            "created_at": "2023-06-15T17:24:22Z",
            "description": "",
            "filesystem": [],
            "folder_id": "b1gc2186r1ejko2jt33d",
            "fqdn": "fhm1713qt6c43fq88p8s.auto.internal",
            "gpu_cluster_id": "",
            "hostname": "",
            "id": "fhm1713qt6c43fq88p8s",
            "labels": null,
            "local_disk": [],
            "metadata": {
              "ssh-keys": "ubuntu:ssh-rsa AAAAB3NzaC1yc2EAAAADAQABAAABgQCUNV5+6oeaAUFcjn8v6vKFPHbvFtzCYnDKtj3Ktow7cRprTeSp/T2whDTrYtVlqezo3sCCpwFHdNjhQ41S3uMTgCIpYwUUoCNLfIKX4lgUQlLg0CAAYezka21X5hhyzwG+PgkFWDWkQ8dIm3V0U5SqRq9/n+/8OKE/WiHTcoX0eOJPl3JgeGpWVzOFZK7ujmvDIHbqqn5CrCyLstnFv7uP6w1qzfv6Tqqu6UjCGvTacuj30KdMbvlk76g5mGQXTBWpLXul0ytOnEROLzjmKyikNGhvhkP+wsgulg2H3sSJxj0bN0IL9qWxflaNYPG18FxenvlIStDrpB47K6UIGpxBpzVFm098DeVB/3IH9z0KJBrkL7axhB2D6QVc3oCvs9Rdqhi3imI8hK0v83AHoZslObm8zBtRkNOpFCr5i44N0Nl9SE2ZaRqeqejxM6oDQ+uZRBiu7FTJlG0ss207VI2HBCRxGYqbtxWfb18K+Y/OxtxBQDzO7VtypVmtVb2x+uM= root@DESKTOP-56JOC8M\n"
            },
            "metadata_options": [
              {
                "aws_v1_http_endpoint": 1,
                "aws_v1_http_token": 2,
                "gce_http_endpoint": 1,
                "gce_http_token": 1
              }
            ],
            "name": "test",
            "network_acceleration_type": "standard",
            "network_interface": [
              {
                "dns_record": [],
                "index": 0,
                "ip_address": "10.2.0.20",
                "ipv4": true,
                "ipv6": false,
                "ipv6_address": "",
                "ipv6_dns_record": [],
                "mac_address": "d0:0d:13:84:7a:e9",
                "nat": false,
                "nat_dns_record": [],
                "nat_ip_address": "",
                "nat_ip_version": "",
                "security_group_ids": [],
                "subnet_id": "e9bf3vgfn87mbpho78pr"
              }
            ],
            "placement_policy": [
              {
                "host_affinity_rules": [],
                "placement_group_id": ""
              }
            ],
            "platform_id": "standard-v1",
            "resources": [
              {
                "core_fraction": 100,
                "cores": 4,
                "gpus": 0,
                "memory": 8
              }
            ],
            "scheduling_policy": [
              {
                "preemptible": false
              }
            ],
            "secondary_disk": [],
            "service_account_id": "",
            "status": "running",
            "timeouts": null,
            "zone": "ru-central1-a"
          },
          "sensitive_attributes": [],
          "private": "eyJlMmJmYjczMC1lY2FhLTExZTYtOGY4OC0zNDM2M2JjN2M0YzAiOnsiY3JlYXRlIjozMDAwMDAwMDAwMDAsImRlbGV0ZSI6MzAwMDAwMDAwMDAwLCJ1cGRhdGUiOjMwMDAwMDAwMDAwMH0sInNjaGVtYV92ZXJzaW9uIjoiMSJ9",
          "dependencies": [
            "yandex_vpc_network.lab-net",
            "yandex_vpc_subnet.lab-subnet-a"
          ]
        }
      ]
    },
    {
      "mode": "managed",
      "type": "yandex_compute_instance",
      "name": "test-2",
      "provider": "provider[\"registry.terraform.io/yandex-cloud/yandex\"]",
      "instances": [
        {
          "schema_version": 1,
          "attributes": {
            "allow_recreate": null,
            "allow_stopping_for_update": null,
            "boot_disk": [
              {
                "auto_delete": true,
                "device_name": "epds63f3b050p2icea0t",
                "disk_id": "epds63f3b050p2icea0t",
                "initialize_params": [
                  {
                    "block_size": 4096,
                    "description": "",
                    "image_id": "fd8dgtuscndkp3jmdb82",
                    "name": "",
                    "size": 10,
                    "snapshot_id": "",
                    "type": "network-hdd"
                  }
                ],
                "mode": "READ_WRITE"
              }
            ],
            "created_at": "2023-06-15T17:24:23Z",
            "description": "",
            "filesystem": [],
            "folder_id": "b1gc2186r1ejko2jt33d",
            "fqdn": "epdsbcrsbg5hqgk40n08.auto.internal",
            "gpu_cluster_id": "",
            "hostname": "",
            "id": "epdsbcrsbg5hqgk40n08",
            "labels": null,
            "local_disk": [],
            "metadata": {
              "ssh-keys": "ubuntu:ssh-rsa AAAAB3NzaC1yc2EAAAADAQABAAABgQCUNV5+6oeaAUFcjn8v6vKFPHbvFtzCYnDKtj3Ktow7cRprTeSp/T2whDTrYtVlqezo3sCCpwFHdNjhQ41S3uMTgCIpYwUUoCNLfIKX4lgUQlLg0CAAYezka21X5hhyzwG+PgkFWDWkQ8dIm3V0U5SqRq9/n+/8OKE/WiHTcoX0eOJPl3JgeGpWVzOFZK7ujmvDIHbqqn5CrCyLstnFv7uP6w1qzfv6Tqqu6UjCGvTacuj30KdMbvlk76g5mGQXTBWpLXul0ytOnEROLzjmKyikNGhvhkP+wsgulg2H3sSJxj0bN0IL9qWxflaNYPG18FxenvlIStDrpB47K6UIGpxBpzVFm098DeVB/3IH9z0KJBrkL7axhB2D6QVc3oCvs9Rdqhi3imI8hK0v83AHoZslObm8zBtRkNOpFCr5i44N0Nl9SE2ZaRqeqejxM6oDQ+uZRBiu7FTJlG0ss207VI2HBCRxGYqbtxWfb18K+Y/OxtxBQDzO7VtypVmtVb2x+uM= root@DESKTOP-56JOC8M\n"
            },
            "metadata_options": [
              {
                "aws_v1_http_endpoint": 1,
                "aws_v1_http_token": 2,
                "gce_http_endpoint": 1,
                "gce_http_token": 1
              }
            ],
            "name": "test-2",
            "network_acceleration_type": "standard",
            "network_interface": [
              {
                "dns_record": [],
                "index": 0,
                "ip_address": "10.3.0.18",
                "ipv4": true,
                "ipv6": false,
                "ipv6_address": "",
                "ipv6_dns_record": [],
                "mac_address": "d0:0d:1c:5b:37:c5",
                "nat": false,
                "nat_dns_record": [],
                "nat_ip_address": "",
                "nat_ip_version": "",
                "security_group_ids": [],
                "subnet_id": "e2lh7b1e89djjc6a0bj8"
              }
            ],
            "placement_policy": [
              {
                "host_affinity_rules": [],
                "placement_group_id": ""
              }
            ],
            "platform_id": "standard-v1",
            "resources": [
              {
                "core_fraction": 100,
                "cores": 2,
                "gpus": 0,
                "memory": 4
              }
            ],
            "scheduling_policy": [
              {
                "preemptible": false
              }
            ],
            "secondary_disk": [],
            "service_account_id": "",
            "status": "running",
            "timeouts": null,
            "zone": "ru-central1-b"
          },
          "sensitive_attributes": [],
          "private": "eyJlMmJmYjczMC1lY2FhLTExZTYtOGY4OC0zNDM2M2JjN2M0YzAiOnsiY3JlYXRlIjozMDAwMDAwMDAwMDAsImRlbGV0ZSI6MzAwMDAwMDAwMDAwLCJ1cGRhdGUiOjMwMDAwMDAwMDAwMH0sInNjaGVtYV92ZXJzaW9uIjoiMSJ9",
          "dependencies": [
            "yandex_vpc_network.lab-net",
            "yandex_vpc_subnet.lab-subnet-b"
          ]
        }
      ]
    },
    {
      "mode": "managed",
      "type": "yandex_compute_instance",
      "name": "test-3",
      "provider": "provider[\"registry.terraform.io/yandex-cloud/yandex\"]",
      "instances": [
        {
          "schema_version": 1,
          "attributes": {
            "allow_recreate": null,
            "allow_stopping_for_update": null,
            "boot_disk": [
              {
                "auto_delete": true,
                "device_name": "ef3i26ni1taitpd8jc6b",
                "disk_id": "ef3i26ni1taitpd8jc6b",
                "initialize_params": [
                  {
                    "block_size": 4096,
                    "description": "",
                    "image_id": "fd8dgtuscndkp3jmdb82",
                    "name": "",
                    "size": 10,
                    "snapshot_id": "",
                    "type": "network-hdd"
                  }
                ],
                "mode": "READ_WRITE"
              }
            ],
            "created_at": "2023-06-15T17:24:22Z",
            "description": "",
            "filesystem": [],
            "folder_id": "b1gc2186r1ejko2jt33d",
            "fqdn": "ef3jrnaulk43otut6u7u.auto.internal",
            "gpu_cluster_id": "",
            "hostname": "",
            "id": "ef3jrnaulk43otut6u7u",
            "labels": null,
            "local_disk": [],
            "metadata": {
              "ssh-keys": "ubuntu:ssh-rsa AAAAB3NzaC1yc2EAAAADAQABAAABgQCUNV5+6oeaAUFcjn8v6vKFPHbvFtzCYnDKtj3Ktow7cRprTeSp/T2whDTrYtVlqezo3sCCpwFHdNjhQ41S3uMTgCIpYwUUoCNLfIKX4lgUQlLg0CAAYezka21X5hhyzwG+PgkFWDWkQ8dIm3V0U5SqRq9/n+/8OKE/WiHTcoX0eOJPl3JgeGpWVzOFZK7ujmvDIHbqqn5CrCyLstnFv7uP6w1qzfv6Tqqu6UjCGvTacuj30KdMbvlk76g5mGQXTBWpLXul0ytOnEROLzjmKyikNGhvhkP+wsgulg2H3sSJxj0bN0IL9qWxflaNYPG18FxenvlIStDrpB47K6UIGpxBpzVFm098DeVB/3IH9z0KJBrkL7axhB2D6QVc3oCvs9Rdqhi3imI8hK0v83AHoZslObm8zBtRkNOpFCr5i44N0Nl9SE2ZaRqeqejxM6oDQ+uZRBiu7FTJlG0ss207VI2HBCRxGYqbtxWfb18K+Y/OxtxBQDzO7VtypVmtVb2x+uM= root@DESKTOP-56JOC8M\n"
            },
            "metadata_options": [
              {
                "aws_v1_http_endpoint": 1,
                "aws_v1_http_token": 2,
                "gce_http_endpoint": 1,
                "gce_http_token": 1
              }
            ],
            "name": "test-3",
            "network_acceleration_type": "standard",
            "network_interface": [
              {
                "dns_record": [],
                "index": 0,
                "ip_address": "10.4.0.13",
                "ipv4": true,
                "ipv6": false,
                "ipv6_address": "",
                "ipv6_dns_record": [],
                "mac_address": "d0:0d:13:dd:d5:ea",
                "nat": false,
                "nat_dns_record": [],
                "nat_ip_address": "",
                "nat_ip_version": "",
                "security_group_ids": [],
                "subnet_id": "b0c854sjq4b4qu55huth"
              }
            ],
            "placement_policy": [
              {
                "host_affinity_rules": [],
                "placement_group_id": ""
              }
            ],
            "platform_id": "standard-v1",
            "resources": [
              {
                "core_fraction": 100,
                "cores": 2,
                "gpus": 0,
                "memory": 4
              }
            ],
            "scheduling_policy": [
              {
                "preemptible": false
              }
            ],
            "secondary_disk": [],
            "service_account_id": "",
            "status": "running",
            "timeouts": null,
            "zone": "ru-central1-c"
          },
          "sensitive_attributes": [],
          "private": "eyJlMmJmYjczMC1lY2FhLTExZTYtOGY4OC0zNDM2M2JjN2M0YzAiOnsiY3JlYXRlIjozMDAwMDAwMDAwMDAsImRlbGV0ZSI6MzAwMDAwMDAwMDAwLCJ1cGRhdGUiOjMwMDAwMDAwMDAwMH0sInNjaGVtYV92ZXJzaW9uIjoiMSJ9",
          "dependencies": [
            "yandex_vpc_network.lab-net",
            "yandex_vpc_subnet.lab-subnet-c"
          ]
        }
      ]
    },
    {
      "mode": "managed",
      "type": "yandex_vpc_network",
      "name": "lab-net",
      "provider": "provider[\"registry.terraform.io/yandex-cloud/yandex\"]",
      "instances": [
        {
          "schema_version": 0,
          "attributes": {
            "created_at": "2023-06-15T17:24:20Z",
            "default_security_group_id": "",
            "description": "",
            "folder_id": "b1gc2186r1ejko2jt33d",
            "id": "enpa16nk3sqdtkiq8b86",
            "labels": {},
            "name": "lab-network",
            "subnet_ids": [],
            "timeouts": null
          },
          "sensitive_attributes": [],
          "private": "eyJlMmJmYjczMC1lY2FhLTExZTYtOGY4OC0zNDM2M2JjN2M0YzAiOnsiY3JlYXRlIjo2MDAwMDAwMDAwMCwiZGVsZXRlIjo2MDAwMDAwMDAwMCwidXBkYXRlIjo2MDAwMDAwMDAwMH19"
        }
      ]
    },
    {
      "mode": "managed",
      "type": "yandex_vpc_subnet",
      "name": "lab-subnet-a",
      "provider": "provider[\"registry.terraform.io/yandex-cloud/yandex\"]",
      "instances": [
        {
          "schema_version": 0,
          "attributes": {
            "created_at": "2023-06-15T17:24:21Z",
            "description": "",
            "dhcp_options": [],
            "folder_id": "b1gc2186r1ejko2jt33d",
            "id": "e9bf3vgfn87mbpho78pr",
            "labels": {
              "env": "lab",
              "project": "slurm"
            },
            "name": "",
            "network_id": "enpa16nk3sqdtkiq8b86",
            "route_table_id": "",
            "timeouts": null,
            "v4_cidr_blocks": [
              "10.2.0.0/24"
            ],
            "v6_cidr_blocks": [],
            "zone": "ru-central1-a"
          },
          "sensitive_attributes": [],
          "private": "eyJlMmJmYjczMC1lY2FhLTExZTYtOGY4OC0zNDM2M2JjN2M0YzAiOnsiY3JlYXRlIjoxODAwMDAwMDAwMDAsImRlbGV0ZSI6MTgwMDAwMDAwMDAwLCJ1cGRhdGUiOjE4MDAwMDAwMDAwMH19",
          "dependencies": [
            "yandex_vpc_network.lab-net"
          ]
        }
      ]
    },
    {
      "mode": "managed",
      "type": "yandex_vpc_subnet",
      "name": "lab-subnet-b",
      "provider": "provider[\"registry.terraform.io/yandex-cloud/yandex\"]",
      "instances": [
        {
          "schema_version": 0,
          "attributes": {
            "created_at": "2023-06-15T17:24:22Z",
            "description": "",
            "dhcp_options": [],
            "folder_id": "b1gc2186r1ejko2jt33d",
            "id": "e2lh7b1e89djjc6a0bj8",
            "labels": {
              "env": "lab",
              "project": "slurm"
            },
            "name": "",
            "network_id": "enpa16nk3sqdtkiq8b86",
            "route_table_id": "",
            "timeouts": null,
            "v4_cidr_blocks": [
              "10.3.0.0/24"
            ],
            "v6_cidr_blocks": [],
            "zone": "ru-central1-b"
          },
          "sensitive_attributes": [],
          "private": "eyJlMmJmYjczMC1lY2FhLTExZTYtOGY4OC0zNDM2M2JjN2M0YzAiOnsiY3JlYXRlIjoxODAwMDAwMDAwMDAsImRlbGV0ZSI6MTgwMDAwMDAwMDAwLCJ1cGRhdGUiOjE4MDAwMDAwMDAwMH19",
          "dependencies": [
            "yandex_vpc_network.lab-net"
          ]
        }
      ]
    },
    {
      "mode": "managed",
      "type": "yandex_vpc_subnet",
      "name": "lab-subnet-c",
      "provider": "provider[\"registry.terraform.io/yandex-cloud/yandex\"]",
      "instances": [
        {
          "schema_version": 0,
          "attributes": {
            "created_at": "2023-06-15T17:24:21Z",
            "description": "",
            "dhcp_options": [],
            "folder_id": "b1gc2186r1ejko2jt33d",
            "id": "b0c854sjq4b4qu55huth",
            "labels": {
              "env": "lab",
              "project": "slurm"
            },
            "name": "",
            "network_id": "enpa16nk3sqdtkiq8b86",
            "route_table_id": "",
            "timeouts": null,
            "v4_cidr_blocks": [
              "10.4.0.0/24"
            ],
            "v6_cidr_blocks": [],
            "zone": "ru-central1-c"
          },
          "sensitive_attributes": [],
          "private": "eyJlMmJmYjczMC1lY2FhLTExZTYtOGY4OC0zNDM2M2JjN2M0YzAiOnsiY3JlYXRlIjoxODAwMDAwMDAwMDAsImRlbGV0ZSI6MTgwMDAwMDAwMDAwLCJ1cGRhdGUiOjE4MDAwMDAwMDAwMH19",
          "dependencies": [
            "yandex_vpc_network.lab-net"
          ]
        }
      ]
    }
  ],
  "check_results": null
}
